%{
  "dns": {:hex, :dns, "2.2.0", "4721a79c2bccc25481930dffbfd06f40851321c3d679986af307111214bf124c", [:mix], [{:socket, "~> 0.3.13", [hex: :socket, repo: "hexpm", optional: false]}], "hexpm", "13ed1ef36ce896211ec6ce5e02709dbfb12aa61d6255bda8d531577a0a5a56e0"},
  "elixir_make": {:hex, :elixir_make, "0.6.2", "7dffacd77dec4c37b39af867cedaabb0b59f6a871f89722c25b28fcd4bd70530", [:mix], [], "hexpm", "03e49eadda22526a7e5279d53321d1cced6552f344ba4e03e619063de75348d9"},
  "gen_state_machine": {:hex, :gen_state_machine, "3.0.0", "1e57f86a494e5c6b14137ebef26a7eb342b3b0070c7135f2d6768ed3f6b6cdff", [:mix], [], "hexpm", "0a59652574bebceb7309f6b749d2a41b45fdeda8dbb4da0791e355dd19f0ed15"},
  "mdns_lite": {:hex, :mdns_lite, "0.6.6", "f87475c3bb9c1bd55c1e912bbf2401820648d01bc2d0b0c48374e0067143af4a", [:mix], [{:dns, "~> 2.1", [hex: :dns, repo: "hexpm", optional: false]}, {:vintage_net, "~> 0.7", [hex: :vintage_net, repo: "hexpm", optional: true]}], "hexpm", "c79e3259da3db9099213e0961efed5d72af3aa9c9563b27486da05dc99a0ac9a"},
  "muontrap": {:hex, :muontrap, "0.6.0", "0f73fcd7c1c7a98a93744b18ca66b718d75450d2d92cd3e535579ae72c76e7f2", [:make, :mix], [{:elixir_make, "~> 0.6", [hex: :elixir_make, repo: "hexpm", optional: false]}], "hexpm", "b5548a8dfb787b4eb7612e0650e9b460aa5d137fd101a0b67da68014631b198c"},
  "nerves": {:hex, :nerves, "1.7.4", "6dc9c9c79baf9af540e34638e2fd964700f68f8dcece7cad26048c3a89ef6788", [:make, :mix], [{:elixir_make, "~> 0.6", [hex: :elixir_make, repo: "hexpm", optional: false]}, {:jason, "~> 1.2", [hex: :jason, repo: "hexpm", optional: true]}], "hexpm", "ac99ab1aa27ace81fd6d49e311697e8027b5c34b00728523e0721a8e2f4414eb"},
  "nerves_leds": {:hex, :nerves_leds, "0.8.1", "8010e5c8d59efa2123458a5daf905734a25bd7bbe54ceeeed388076e1751c469", [:mix], [], "hexpm", "c4dfe79e0578d1909933ac6486a21fd5093e5386bc93e00e971b00fbe03e7e75"},
  "nerves_pack": {:hex, :nerves_pack, "0.4.1", "3f1b841aa041baa26c92f11c9f0fb523601db75b60e171e656197eb7e0dcc47b", [:mix], [{:mdns_lite, "~> 0.6", [hex: :mdns_lite, repo: "hexpm", optional: false]}, {:nerves_runtime, "~> 0.6", [hex: :nerves_runtime, repo: "hexpm", optional: false]}, {:nerves_ssh, "~> 0.2", [hex: :nerves_ssh, repo: "hexpm", optional: false]}, {:nerves_time, "~> 0.3", [hex: :nerves_time, repo: "hexpm", optional: false]}, {:ring_logger, "~> 0.8", [hex: :ring_logger, repo: "hexpm", optional: false]}, {:vintage_net, "~> 0.7.0 or ~> 0.8.0 or ~> 0.9.0", [hex: :vintage_net, repo: "hexpm", optional: false]}, {:vintage_net_direct, "~> 0.7", [hex: :vintage_net_direct, repo: "hexpm", optional: false]}, {:vintage_net_ethernet, "~> 0.7", [hex: :vintage_net_ethernet, repo: "hexpm", optional: false]}, {:vintage_net_wifi, "~> 0.7", [hex: :vintage_net_wifi, repo: "hexpm", optional: false]}], "hexpm", "491e589a8c1ccd06887fb16e2dfc4a446e37dcf57dc7ffbde1b5e6ffef82a11b"},
  "nerves_runtime": {:hex, :nerves_runtime, "0.11.3", "1b5b122e4db52a747c68b35d00cefd386b3299b69b8d9071aae5f8ddf1121be1", [:make, :mix], [{:elixir_make, "~> 0.6", [hex: :elixir_make, repo: "hexpm", optional: false]}, {:system_registry, "~> 0.8.0", [hex: :system_registry, repo: "hexpm", optional: false]}, {:uboot_env, "~> 0.1.1 or ~> 0.2.0 or ~> 0.3.0", [hex: :uboot_env, repo: "hexpm", optional: false]}], "hexpm", "ed255ead503029666d0fd9f736cbf3b62c0be380592e95de6ccbfdbf37fb7aee"},
  "nerves_ssh": {:hex, :nerves_ssh, "0.2.1", "50799098e337698ed03d5328a6c1cd81d8267d46f6565b4d968e0d87b01c7ed2", [:mix], [{:nerves_runtime, "~> 0.11", [hex: :nerves_runtime, repo: "hexpm", optional: false]}, {:ssh_subsystem_fwup, "~> 0.5", [hex: :ssh_subsystem_fwup, repo: "hexpm", optional: false]}], "hexpm", "a517cbc995247799b08c78dfa72c60fa1574162bf8572d7b880d14d857cf84d8"},
  "nerves_system_bbb": {:hex, :nerves_system_bbb, "2.9.0", "30623cff8755f38153709032855ed02daf17989effbb667a1310a3b9843c4d3a", [:mix], [{:nerves, "~> 1.5.4 or ~> 1.6.0 or ~> 1.7.4", [hex: :nerves, repo: "hexpm", optional: false]}, {:nerves_system_br, "1.14.4", [hex: :nerves_system_br, repo: "hexpm", optional: false]}, {:nerves_toolchain_armv7_nerves_linux_gnueabihf, "~> 1.4.0", [hex: :nerves_toolchain_armv7_nerves_linux_gnueabihf, repo: "hexpm", optional: false]}], "hexpm", "5623fca27797d8be49990fa07c9dcbd5609134a8fdee26cbbc1cfe395ceefc74"},
  "nerves_system_br": {:hex, :nerves_system_br, "1.14.4", "cfab33432035f4ad92202a53d9067a02034d02144f7b33419e2636ef8feb4c3a", [:mix], [], "hexpm", "c04df862d040b9233a4c45e9f58633c70b70a43baf9c68eb983e41819eb95911"},
  "nerves_system_osd32mp1": {:hex, :nerves_system_osd32mp1, "0.5.0", "3ef7d82821ed62bd655491f846c6783163eebcf61dacecb59cbc4aae852857b1", [:mix], [{:nerves, "~> 1.5.4 or ~> 1.6.0 or ~> 1.7.4", [hex: :nerves, repo: "hexpm", optional: false]}, {:nerves_system_br, "1.14.4", [hex: :nerves_system_br, repo: "hexpm", optional: false]}, {:nerves_toolchain_armv7_nerves_linux_gnueabihf, "~> 1.4.0", [hex: :nerves_toolchain_armv7_nerves_linux_gnueabihf, repo: "hexpm", optional: false]}], "hexpm", "97f9f768c9d256fa84341c14f96a29c5af6301bcb9a603f142ba31db23b6c5bc"},
  "nerves_system_rpi": {:hex, :nerves_system_rpi, "1.14.0", "a3b15002ce47390b7138c8f8580ed6f95c6d2dee513c31bc7110f231867fc80e", [:mix], [{:nerves, "~> 1.5.4 or ~> 1.6.0 or ~> 1.7.3", [hex: :nerves, repo: "hexpm", optional: false]}, {:nerves_system_br, "1.14.4", [hex: :nerves_system_br, repo: "hexpm", optional: false]}, {:nerves_toolchain_armv6_nerves_linux_gnueabihf, "~> 1.4.1", [hex: :nerves_toolchain_armv6_nerves_linux_gnueabihf, repo: "hexpm", optional: false]}], "hexpm", "cc29ea97707700147fe178b018bb5529271eb923fb4e6d9438ea2635c15b9d67"},
  "nerves_system_rpi0": {:hex, :nerves_system_rpi0, "1.14.0", "83f6c5479fd0d5ccda123e0f8c2f3fc01397a4674215216dcedba9eca4cfc9e1", [:mix], [{:nerves, "~> 1.5.4 or ~> 1.6.0 or ~> 1.7.3", [hex: :nerves, repo: "hexpm", optional: false]}, {:nerves_system_br, "1.14.4", [hex: :nerves_system_br, repo: "hexpm", optional: false]}, {:nerves_toolchain_armv6_nerves_linux_gnueabihf, "~> 1.4.1", [hex: :nerves_toolchain_armv6_nerves_linux_gnueabihf, repo: "hexpm", optional: false]}], "hexpm", "7ccdd53983e183ba975b369761a0a968a81517888d90ddff880aca6e11c61e87"},
  "nerves_system_rpi2": {:hex, :nerves_system_rpi2, "1.14.0", "9f2cfa0dcef215e8f83d2e3ad2974bf1b0292ca48a02e724562a2ce338aab633", [:mix], [{:nerves, "~> 1.5.4 or ~> 1.6.0 or ~> 1.7.4", [hex: :nerves, repo: "hexpm", optional: false]}, {:nerves_system_br, "1.14.4", [hex: :nerves_system_br, repo: "hexpm", optional: false]}, {:nerves_toolchain_armv7_nerves_linux_gnueabihf, "~> 1.4.0", [hex: :nerves_toolchain_armv7_nerves_linux_gnueabihf, repo: "hexpm", optional: false]}], "hexpm", "182182c582ad8268e3f6393affa96b91456d401070cfa285bffd3ccfbdf87f3b"},
  "nerves_system_rpi3": {:hex, :nerves_system_rpi3, "1.14.0", "c05921e846aca7fdbbee8f77a3b2c2bca339baf8652d53530a320405ea712f81", [:mix], [{:nerves, "~> 1.5.4 or ~> 1.6.0 or ~> 1.7.4", [hex: :nerves, repo: "hexpm", optional: false]}, {:nerves_system_br, "1.14.4", [hex: :nerves_system_br, repo: "hexpm", optional: false]}, {:nerves_toolchain_armv7_nerves_linux_gnueabihf, "~> 1.4.0", [hex: :nerves_toolchain_armv7_nerves_linux_gnueabihf, repo: "hexpm", optional: false]}], "hexpm", "c51cafa2169179c993f609cf5a2d865591f52491c745ef320ec1122ff362ead1"},
  "nerves_system_rpi3a": {:hex, :nerves_system_rpi3a, "1.14.0", "12e9f0b8d4d5bdb198f0b7dc0e34aca1f4e0583de28acce0ed2b4cbcdc267b3f", [:mix], [{:nerves, "~> 1.5.4 or ~> 1.6.0 or ~> 1.7.3", [hex: :nerves, repo: "hexpm", optional: false]}, {:nerves_system_br, "1.14.4", [hex: :nerves_system_br, repo: "hexpm", optional: false]}, {:nerves_toolchain_armv7_nerves_linux_gnueabihf, "~> 1.4.0", [hex: :nerves_toolchain_armv7_nerves_linux_gnueabihf, repo: "hexpm", optional: false]}], "hexpm", "dffa2ac96f4b8580d880f3667b66bf5b472ce22fc5bd2eeb3e3a48b65976a426"},
  "nerves_system_rpi4": {:hex, :nerves_system_rpi4, "1.14.0", "42dd30812d365bb65ac03395535f0bbfbe21c7358ad7331a02d9b3e3deb00b2a", [:mix], [{:nerves, "~> 1.5.4 or ~> 1.6.0 or ~> 1.7.3", [hex: :nerves, repo: "hexpm", optional: false]}, {:nerves_system_br, "1.14.4", [hex: :nerves_system_br, repo: "hexpm", optional: false]}, {:nerves_toolchain_aarch64_nerves_linux_gnu, "~> 1.4.0", [hex: :nerves_toolchain_aarch64_nerves_linux_gnu, repo: "hexpm", optional: false]}], "hexpm", "69dc1d92dbffe3e75848ab5fa2257e35c33ed5ccb4e3c914712fb71699e9b069"},
  "nerves_system_x86_64": {:hex, :nerves_system_x86_64, "1.14.0", "9ec402b1e56700fd1bd87fa48f44bc53b217fe4a1ec731b4b4e94d51d256c178", [:mix], [{:nerves, "~> 1.5.4 or ~> 1.6.0 or ~> 1.7.4", [hex: :nerves, repo: "hexpm", optional: false]}, {:nerves_system_br, "1.14.4", [hex: :nerves_system_br, repo: "hexpm", optional: false]}, {:nerves_toolchain_x86_64_nerves_linux_musl, "~> 1.4.0", [hex: :nerves_toolchain_x86_64_nerves_linux_musl, repo: "hexpm", optional: false]}], "hexpm", "cff5abb5556d31173b7ab57cefb154c2c9c3e7687cdc8fa11d02256a490bd316"},
  "nerves_time": {:hex, :nerves_time, "0.4.2", "38da1774cf18f4561d6e71cb468b7145961e4acc288142a4247c8248cb1e810d", [:make, :mix], [{:elixir_make, "~> 0.6", [hex: :elixir_make, repo: "hexpm", optional: false]}, {:muontrap, "~> 0.5", [hex: :muontrap, repo: "hexpm", optional: false]}], "hexpm", "0e5dab49383750790f041b606db2c1165d9a1d762bcc2c53928b294fbfc634ca"},
  "nerves_toolchain_aarch64_nerves_linux_gnu": {:hex, :nerves_toolchain_aarch64_nerves_linux_gnu, "1.4.1", "e55846218a4880acdc22bf15ef771710620f284fdc752d3bd62937481c44b78d", [:mix], [{:nerves, "~> 1.4", [hex: :nerves, repo: "hexpm", optional: false]}, {:nerves_toolchain_ctng, "~> 1.8.1", [hex: :nerves_toolchain_ctng, repo: "hexpm", optional: false]}], "hexpm", "8092f83007860d2ce99c06431389a0f973bac1f318e4976636ff55889e9a7890"},
  "nerves_toolchain_armv6_nerves_linux_gnueabihf": {:hex, :nerves_toolchain_armv6_nerves_linux_gnueabihf, "1.4.1", "bc50d7008080bfefe4e1840d77d941ed7a8ddb65cf335ee502f37ab30c88beab", [:mix], [{:nerves, "~> 1.0", [hex: :nerves, repo: "hexpm", optional: false]}, {:nerves_toolchain_ctng, "~> 1.8.1", [hex: :nerves_toolchain_ctng, repo: "hexpm", optional: false]}], "hexpm", "3a11a7a7d7d98571d06339ce286769fb201f6aad69f3377599c4efe051c5e7c2"},
  "nerves_toolchain_armv7_nerves_linux_gnueabihf": {:hex, :nerves_toolchain_armv7_nerves_linux_gnueabihf, "1.4.1", "bd3e3ae08727294c01456f0c6fa55ee11c67ed001bda71e817d3e5f960efd074", [:mix], [{:nerves, "~> 1.0", [hex: :nerves, repo: "hexpm", optional: false]}, {:nerves_toolchain_ctng, "~> 1.8.1", [hex: :nerves_toolchain_ctng, repo: "hexpm", optional: false]}], "hexpm", "fdf4cd7b30d7d4aa49ee997c9bfc5fc4a34951850d18be41d854bf3889a0c749"},
  "nerves_toolchain_ctng": {:hex, :nerves_toolchain_ctng, "1.8.2", "66163f4fb90aa40cabae5700e516fdf40708d260334c4674514413d7cb585dbb", [:mix], [{:nerves, "~> 1.0", [hex: :nerves, repo: "hexpm", optional: false]}], "hexpm", "9734237608269d2d649cc67ebb7bcb605bb122259a7cea17dadcf8204f467638"},
  "nerves_toolchain_x86_64_nerves_linux_musl": {:hex, :nerves_toolchain_x86_64_nerves_linux_musl, "1.4.1", "cf44e100e76c2793bbc409f6c6bde5fb850c22d39528b3bc5beb4389cf9316ab", [:mix], [{:nerves, "~> 1.0", [hex: :nerves, repo: "hexpm", optional: false]}, {:nerves_toolchain_ctng, "~> 1.8.1", [hex: :nerves_toolchain_ctng, repo: "hexpm", optional: false]}], "hexpm", "e434eac194787ffd97c2a9b43a3a3e7657cd90bbf5aa3224401f0f6b2ada6ef0"},
  "one_dhcpd": {:hex, :one_dhcpd, "0.2.5", "ecec86e567839bde69717abb24c1ae5c74fcdc71beccfce541a0c3149aa980a4", [:make, :mix], [{:elixir_make, "~> 0.6", [hex: :elixir_make, repo: "hexpm", optional: false]}], "hexpm", "4d59693a9998c7dfd6d9f06c556ff23c73c817832f812205a6f09d38250b6dfa"},
  "ring_logger": {:hex, :ring_logger, "0.8.1", "ac60613dd20dc9a22d90b7eb89878364540d15a930621d1ade54e68787519f5e", [:mix], [], "hexpm", "34f05823b3188e4f154e09a2d9f13ac6f790a53414ed27b8a29456768a2eef12"},
  "shoehorn": {:hex, :shoehorn, "0.7.0", "fc23870fb6b470f5c520fee692637b120a36e163842ab497bbec7e8a1aa6cfe3", [:mix], [], "hexpm", "eeb317ac677b228906039ccf532a582ad9f6d31d7958c98f5c853fe0459e0243"},
  "socket": {:hex, :socket, "0.3.13", "98a2ab20ce17f95fb512c5cadddba32b57273e0d2dba2d2e5f976c5969d0c632", [:mix], [], "hexpm", "f82ea9833ef49dde272e6568ab8aac657a636acb4cf44a7de8a935acb8957c2e"},
  "ssh_subsystem_fwup": {:hex, :ssh_subsystem_fwup, "0.5.1", "b64a41830d4157afb499c8cf04919d15565a94a89a9aea226975528c9919854c", [:mix], [], "hexpm", "60bd847e0d5e707de36a945462cda84175d3cfe654b05bf6c336dab5c886285f"},
  "system_registry": {:hex, :system_registry, "0.8.2", "df791dc276652fcfb53be4dab823e05f8269b96ac57c26f86a67838dbc0eefe7", [:mix], [], "hexpm", "f7acdede22c73ab0b3735eead7f2095efb2a7a6198366564205274db2ca2a8f8"},
  "toolshed": {:hex, :toolshed, "0.2.18", "5d7c6ef6d4f29fb41f044b4023c3a8c157df538b02ef97bc54181a4f2edea320", [:mix], [{:nerves_runtime, "~> 0.8", [hex: :nerves_runtime, repo: "hexpm", optional: true]}], "hexpm", "5c60fb9480b82b3ba845332bea849a32c69fb8a9917473a0a5dcf1b7357f2163"},
  "uboot_env": {:hex, :uboot_env, "0.3.0", "8afbcc8e5b65e5d0d5660ded2f5835a959d2326fa8683183f380cd6464e75174", [:mix], [], "hexpm", "d8fe5d2b4d52a14398ace02bd604ff7a0fa8960550bb7254f75dcbd438ddc6a1"},
  "vintage_net": {:hex, :vintage_net, "0.9.3", "6f023c73a4674eba3160d27f777847dbfb5c69abf87ee3b87ec0e0d410b73059", [:make, :mix], [{:elixir_make, "~> 0.6", [hex: :elixir_make, repo: "hexpm", optional: false]}, {:gen_state_machine, "~> 2.0.0 or ~> 2.1.0 or ~> 3.0.0", [hex: :gen_state_machine, repo: "hexpm", optional: false]}, {:muontrap, "~> 0.5.1 or ~> 0.6.0", [hex: :muontrap, repo: "hexpm", optional: false]}], "hexpm", "3e0094953aa0b36a6874b0dbb03cf02f45c275eca7bdf5386d17b702d869fda8"},
  "vintage_net_direct": {:hex, :vintage_net_direct, "0.9.0", "fbb61973dd0ea39029557a89be9dffca7801a0817dc4a181d129325a0fe6be93", [:mix], [{:one_dhcpd, "~> 0.2.3", [hex: :one_dhcpd, repo: "hexpm", optional: false]}, {:vintage_net, "~> 0.9.0", [hex: :vintage_net, repo: "hexpm", optional: false]}], "hexpm", "d00537f179f177b46ccde29f7461566c49c094fa02c19691b866afa643052b92"},
  "vintage_net_ethernet": {:hex, :vintage_net_ethernet, "0.9.0", "da8ac25599b47cf00eb9ff45440c614a722a29734fe0591f5bc7cfb0d8e8462c", [:mix], [{:vintage_net, "~> 0.9.0", [hex: :vintage_net, repo: "hexpm", optional: false]}], "hexpm", "e3a1f699197d374d6eb751c1ea94168e8f521db65c20edfd7a6d24844bc2c0b4"},
  "vintage_net_wifi": {:hex, :vintage_net_wifi, "0.9.2", "be57d302994615ae993105e25d37f04a4c6daeae9483487ccfb6e2d1943bd7a1", [:make, :mix], [{:elixir_make, "~> 0.6", [hex: :elixir_make, repo: "hexpm", optional: false]}, {:vintage_net, "~> 0.9.1", [hex: :vintage_net, repo: "hexpm", optional: false]}], "hexpm", "c672634ea3c8d757912d0923ea9055cf776dbf3d6978dc25f5723f5339acb101"},
}
