%{"bbmustache": {:hex, :bbmustache, "1.0.4", "7ba94f971c5afd7b6617918a4bb74705e36cab36eb84b19b6a1b7ee06427aa38", [:rebar], []},
  "cf": {:hex, :cf, "0.2.1", "69d0b1349fd4d7d4dc55b7f407d29d7a840bf9a1ef5af529f1ebe0ce153fc2ab", [:rebar3], []},
  "distillery": {:hex, :distillery, "1.0.0", "a866a72bf2a3a5f078f5a249017ed951acda88a760d200512f91f585d74db1ec", [:mix], []},
  "elixir_make": {:hex, :elixir_make, "0.3.0", "285147fa943806eee82f6680b7b446b5569bcf3ee8328fa0a7c200ffc44fbaba", [:mix], []},
  "erlware_commons": {:hex, :erlware_commons, "0.21.0", "a04433071ad7d112edefc75ac77719dd3e6753e697ac09428fc83d7564b80b15", [:rebar3], [{:cf, "0.2.1", [hex: :cf, optional: false]}]},
  "exrm": {:hex, :exrm, "1.0.8", "5aa8990cdfe300282828b02cefdc339e235f7916388ce99f9a1f926a9271a45d", [:mix], [{:relx, "~> 3.5", [hex: :relx, optional: false]}]},
  "getopt": {:hex, :getopt, "0.8.2", "b17556db683000ba50370b16c0619df1337e7af7ecbf7d64fbf8d1d6bce3109b", [:rebar], []},
  "nerves": {:hex, :nerves, "0.4.5", "1a82415b7b60fef675a50be85ba8c37b13713d45a47acdded64e6e28ea9309a5", [:mix], [{:distillery, "~> 1.0.0", [hex: :distillery, optional: false]}]},
  "nerves_io_neopixel": {:git, "https://github.com/GregMefford/nerves_io_neopixel.git", "26e99fa2dd81aa87b99abf95df67e6f0f1b307d4", []},
  "nerves_neopixel": {:hex, :nerves_neopixel, "0.3.0", "afd9c906896f0b39a2bea61cf01afe304d550bc74c789a5e872d64df5e1ae559", [:make, :mix], [{:elixir_make, "~> 0.3.0", [hex: :elixir_make, optional: false]}]},
  "nerves_system": {:hex, :nerves_system, "0.1.5", "3b523a49eb6c0f49239d1354b772d824be9d62be13651fe2878a9ba5ffd737b0", [:mix], [{:porcelain, "~> 2.0", [hex: :porcelain, optional: false]}]},
  "nerves_system_br": {:hex, :nerves_system_br, "0.8.2", "f9917e75b54fb3eadbd67c2123ac1406d0a7fdef24f1960e3577c759d0a6fbc7", [:mix], []},
  "nerves_system_rpi": {:hex, :nerves_system_rpi, "0.9.1", "177127cbffb46ba98cc201ba31cb850a0880678e19cc7d16193b1418ddde9f7c", [:mix], [{:nerves, "~> 0.4.0", [hex: :nerves, optional: false]}, {:nerves_system_br, "~> 0.8.1", [hex: :nerves_system_br, optional: false]}, {:nerves_toolchain_armv6_rpi_linux_gnueabi, "~> 0.8.0", [hex: :nerves_toolchain_armv6_rpi_linux_gnueabi, optional: false]}]},
  "nerves_system_rpi2": {:hex, :nerves_system_rpi2, "0.6.0", "801b7453117631d9d80a523b974b76a2731fc4efc5efe32e69a18f02f0e3e14c", [:mix], [{:nerves_toolchain_arm_unknown_linux_gnueabihf, "~> 0.6.0", [hex: :nerves_toolchain_arm_unknown_linux_gnueabihf, optional: false]}, {:nerves_system_br, "~> 0.6.0", [hex: :nerves_system_br, optional: false]}, {:nerves_system, "~> 0.1.4", [hex: :nerves_system, optional: false]}]},
  "nerves_system_rpi3": {:hex, :nerves_system_rpi3, "0.9.1", "4cccb5ec4f34c1dafea1ee613ffefd31db82da545ac37cefb197da5c804a235b", [:mix], [{:nerves, "~> 0.4.0", [hex: :nerves, optional: false]}, {:nerves_system_br, "~> 0.8.1", [hex: :nerves_system_br, optional: false]}, {:nerves_toolchain_arm_unknown_linux_gnueabihf, "~> 0.8.0", [hex: :nerves_toolchain_arm_unknown_linux_gnueabihf, optional: false]}]},
  "nerves_toolchain": {:hex, :nerves_toolchain, "0.6.3", "c592ea6a189504b1c130510a3c5c2aaf8b73c994628b43d0195544d718c04fb3", [:mix], []},
  "nerves_toolchain_arm_unknown_linux_gnueabihf": {:hex, :nerves_toolchain_arm_unknown_linux_gnueabihf, "0.8.0", "873f8d6f74413c14eda3462b397a88f043a6c3bd65f56ff57db4e2e1eaf48994", [:mix], [{:nerves, "~> 0.4.0", [hex: :nerves, optional: false]}, {:nerves_toolchain_ctng, "~> 0.8.0", [hex: :nerves_toolchain_ctng, optional: false]}]},
  "nerves_toolchain_armv6_rpi_linux_gnueabi": {:hex, :nerves_toolchain_armv6_rpi_linux_gnueabi, "0.8.0", "7e46564ce2b8eca7fed4d50a41a5bb7381d817e6d80d198c22e204758f49ff11", [:mix], [{:nerves, "~> 0.4.0", [hex: :nerves, optional: false]}, {:nerves_toolchain_ctng, "~> 0.8.0", [hex: :nerves_toolchain_ctng, optional: false]}]},
  "nerves_toolchain_ctng": {:hex, :nerves_toolchain_ctng, "0.8.0", "6dff7ed51e1711c5f4da3d559bc528a8265e3dd950dda95f4d6832aed9dbe320", [:mix], []},
  "porcelain": {:hex, :porcelain, "2.0.1", "9c3db2b47d8cf6879c0d9ac79db8657333974a88faff09e856569e00c1b5e119", [:mix], []},
  "providers": {:hex, :providers, "1.6.0", "db0e2f9043ae60c0155205fcd238d68516331d0e5146155e33d1e79dc452964a", [:rebar3], [{:getopt, "0.8.2", [hex: :getopt, optional: false]}]},
  "relx": {:hex, :relx, "3.20.0", "b515b8317d25b3a1508699294c3d1fa6dc0527851dffc87446661bce21a36710", [:rebar3], [{:providers, "1.6.0", [hex: :providers, optional: false]}, {:getopt, "0.8.2", [hex: :getopt, optional: false]}, {:erlware_commons, "0.21.0", [hex: :erlware_commons, optional: false]}, {:cf, "0.2.1", [hex: :cf, optional: false]}, {:bbmustache, "1.0.4", [hex: :bbmustache, optional: false]}]}}
