%{
  "castore": {:hex, :castore, "0.1.18", "deb5b9ab02400561b6f5708f3e7660fc35ca2d51bfc6a940d2f513f89c2975fc", [:mix], [], "hexpm", "61bbaf6452b782ef80b33cdb45701afbcf0a918a45ebe7e73f1130d661e66a06"},
  "elixir_make": {:hex, :elixir_make, "0.6.3", "bc07d53221216838d79e03a8019d0839786703129599e9619f4ab74c8c096eac", [:mix], [], "hexpm", "f5cbd651c5678bcaabdbb7857658ee106b12509cd976c2c2fca99688e1daf716"},
  "nerves": {:hex, :nerves, "1.8.0", "2735cda2037985411ede03c59937e9cb222f8990d5540e1a0e1ec77db96618cc", [:make, :mix], [{:castore, "~> 0.1", [hex: :castore, repo: "hexpm", optional: false]}, {:elixir_make, "~> 0.6", [hex: :elixir_make, repo: "hexpm", optional: false]}, {:jason, "~> 1.2", [hex: :jason, repo: "hexpm", optional: true]}], "hexpm", "878c82ec079cf75ea48229ce802d2c2edf24bee60c17c33e477b18f83f7a49e1"},
  "nerves_logging": {:hex, :nerves_logging, "0.2.0", "4099b860f41a0171ff49fbc1e86ee0ce4576c24c1cf318a0fd0bf227355e8c12", [:make, :mix], [{:elixir_make, "~> 0.6", [hex: :elixir_make, repo: "hexpm", optional: false]}], "hexpm", "07cfb9fe9d21b908da51b81a1ced858288c68519204aca7aa2c1fcd531d5e059"},
  "nerves_runtime": {:hex, :nerves_runtime, "0.13.1", "b5f87675d8e07a4e5f29c2fe2f7d026467a84f604962dc0f4fb381f3928438f7", [:mix], [{:nerves_logging, "~> 0.2.0", [hex: :nerves_logging, repo: "hexpm", optional: false]}, {:nerves_uevent, "~> 0.1.0", [hex: :nerves_uevent, repo: "hexpm", optional: false]}, {:uboot_env, "~> 1.0 or ~> 0.3.0", [hex: :uboot_env, repo: "hexpm", optional: false]}], "hexpm", "bd7f41fb43d29bbfa32c164ac3cead3da04244a84108c2bcc70bbd130a5839ae"},
  "nerves_system_bbb": {:hex, :nerves_system_bbb, "2.15.2", "75fd47abee72bafc2ba21c78eae5da83cb5c624f24080dee6b11e2450cbbf73c", [:mix], [{:nerves, "~> 1.6.0 or ~> 1.7.15 or ~> 1.8.0", [hex: :nerves, repo: "hexpm", optional: false]}, {:nerves_system_br, "1.20.4", [hex: :nerves_system_br, repo: "hexpm", optional: false]}, {:nerves_toolchain_armv7_nerves_linux_gnueabihf, "~> 1.6.0", [hex: :nerves_toolchain_armv7_nerves_linux_gnueabihf, repo: "hexpm", optional: false]}], "hexpm", "ea0f78a11d818cba610863dfac77eda4d0cbcf00727ba70326d390de7974f3b4"},
  "nerves_system_br": {:hex, :nerves_system_br, "1.20.4", "6a5e70ecd605946fc42a65d0fe674f1fff79afbdef4aa3ce4e80fc6d3d4d479d", [:mix], [], "hexpm", "6949dca287fdde6fd212cb9c02a209f62ce411d87b958f59c09fe077546b560b"},
  "nerves_system_grisp2": {:hex, :nerves_system_grisp2, "0.4.1", "fad2ceeac106302258e42280e9219a05dd3fc3d84fed7dbc39eb9f18c15391a9", [:mix], [{:nerves, "~> 1.6.0 or ~> 1.7.15 or ~> 1.8.0", [hex: :nerves, repo: "hexpm", optional: false]}, {:nerves_system_br, "1.20.4", [hex: :nerves_system_br, repo: "hexpm", optional: false]}, {:nerves_toolchain_armv7_nerves_linux_gnueabihf, "~> 1.6.0", [hex: :nerves_toolchain_armv7_nerves_linux_gnueabihf, repo: "hexpm", optional: false]}], "hexpm", "671f474cef8673a361df1eeab8ed389672da7239eb4450f9779a9e4a01328693"},
  "nerves_system_osd32mp1": {:hex, :nerves_system_osd32mp1, "0.11.1", "f2eaea8e2710a0048bd7be4d93cdb343ea77b1848c0db6d431b273b8efa51fab", [:mix], [{:nerves, "~> 1.6.0 or ~> 1.7.15 or ~> 1.8.0", [hex: :nerves, repo: "hexpm", optional: false]}, {:nerves_system_br, "1.20.4", [hex: :nerves_system_br, repo: "hexpm", optional: false]}, {:nerves_toolchain_armv7_nerves_linux_gnueabihf, "~> 1.6.0", [hex: :nerves_toolchain_armv7_nerves_linux_gnueabihf, repo: "hexpm", optional: false]}], "hexpm", "e5543528c5b3247e8bf33d1d9ba230485706c48f107b512f6d6b8ecda5da6fa8"},
  "nerves_system_rpi": {:hex, :nerves_system_rpi, "1.20.1", "dbb247fb8c26378634bb30c53f085dc923dd4d01ca8eb66399dd1bfa3172814e", [:mix], [{:nerves, "~> 1.6.0 or ~> 1.7.15 or ~> 1.8.0", [hex: :nerves, repo: "hexpm", optional: false]}, {:nerves_system_br, "1.20.4", [hex: :nerves_system_br, repo: "hexpm", optional: false]}, {:nerves_toolchain_armv6_nerves_linux_gnueabihf, "~> 1.6.0", [hex: :nerves_toolchain_armv6_nerves_linux_gnueabihf, repo: "hexpm", optional: false]}], "hexpm", "07c259a4ec8b4bb844383d521444a30365823989747a663132d9a98653886059"},
  "nerves_system_rpi0": {:hex, :nerves_system_rpi0, "1.20.1", "9dd78a293edcda8241f17bfc1d49a4ac9b08d7ea7b00c839f891232da2b1ef8c", [:mix], [{:nerves, "~> 1.6.0 or ~> 1.7.15 or ~> 1.8.0", [hex: :nerves, repo: "hexpm", optional: false]}, {:nerves_system_br, "1.20.4", [hex: :nerves_system_br, repo: "hexpm", optional: false]}, {:nerves_toolchain_armv6_nerves_linux_gnueabihf, "~> 1.6.0", [hex: :nerves_toolchain_armv6_nerves_linux_gnueabihf, repo: "hexpm", optional: false]}], "hexpm", "46362883ee94e0a8b08e901d66e35e79b208a100e6ca726901a59a1440b60b6d"},
  "nerves_system_rpi2": {:hex, :nerves_system_rpi2, "1.20.1", "69c01ebb0d04fcd7115f0bdaf0758426e83b91fddfc60d7ae47435a417f34491", [:mix], [{:nerves, "~> 1.5.4 or ~> 1.6.0 or ~> 1.7.15 or ~> 1.8.0", [hex: :nerves, repo: "hexpm", optional: false]}, {:nerves_system_br, "1.20.4", [hex: :nerves_system_br, repo: "hexpm", optional: false]}, {:nerves_toolchain_armv7_nerves_linux_gnueabihf, "~> 1.6.0", [hex: :nerves_toolchain_armv7_nerves_linux_gnueabihf, repo: "hexpm", optional: false]}], "hexpm", "ed9db9f90004c3f185be63cbd185906ad685b4b3be23e0e66421deb026949181"},
  "nerves_system_rpi3": {:hex, :nerves_system_rpi3, "1.20.1", "64c7ed4b15308c31065f26b0b725b164eaaf3ead95416e113e608507c64899f0", [:mix], [{:nerves, "~> 1.5.4 or ~> 1.6.0 or ~> 1.7.15 or ~> 1.8.0", [hex: :nerves, repo: "hexpm", optional: false]}, {:nerves_system_br, "1.20.4", [hex: :nerves_system_br, repo: "hexpm", optional: false]}, {:nerves_toolchain_armv7_nerves_linux_gnueabihf, "~> 1.6.0", [hex: :nerves_toolchain_armv7_nerves_linux_gnueabihf, repo: "hexpm", optional: false]}], "hexpm", "ce03f1e55b724f2839b41163ea653e41453ad19f5b42742537ce4e50fff4a14a"},
  "nerves_system_rpi3a": {:hex, :nerves_system_rpi3a, "1.20.1", "e013d3fbada5e3c25f7c548bb70d4f876dc83fa60993494d533c1e910586cd4b", [:mix], [{:nerves, "~> 1.5.4 or ~> 1.6.0 or ~> 1.7.15 or ~> 1.8.0", [hex: :nerves, repo: "hexpm", optional: false]}, {:nerves_system_br, "1.20.4", [hex: :nerves_system_br, repo: "hexpm", optional: false]}, {:nerves_toolchain_armv7_nerves_linux_gnueabihf, "~> 1.6.0", [hex: :nerves_toolchain_armv7_nerves_linux_gnueabihf, repo: "hexpm", optional: false]}], "hexpm", "d8c6cbecf68895e33adfe1c44c96fe1edfd138e93d09eb1ff25490aa8eca987b"},
  "nerves_system_rpi4": {:hex, :nerves_system_rpi4, "1.20.1", "aed0d49ffb8dd9c7059b1ba8571482d2e32d49c4ad623c5f4124ac3dec8940a3", [:mix], [{:nerves, "~> 1.5.4 or ~> 1.6.0 or ~> 1.7.15 or ~> 1.8.0", [hex: :nerves, repo: "hexpm", optional: false]}, {:nerves_system_br, "1.20.4", [hex: :nerves_system_br, repo: "hexpm", optional: false]}, {:nerves_toolchain_aarch64_nerves_linux_gnu, "~> 1.6.0", [hex: :nerves_toolchain_aarch64_nerves_linux_gnu, repo: "hexpm", optional: false]}], "hexpm", "a79e706852e2da34591f8768eee414b6dab027297ec578faf21a724f0b7339c4"},
  "nerves_system_x86_64": {:hex, :nerves_system_x86_64, "1.20.2", "70c0fa68b045845c54b169bc02cbd95be99a4390f36cd0e467862f3484585831", [:mix], [{:nerves, "~> 1.5.4 or ~> 1.6.0 or ~> 1.7.15 or ~> 1.8.0", [hex: :nerves, repo: "hexpm", optional: false]}, {:nerves_system_br, "1.20.4", [hex: :nerves_system_br, repo: "hexpm", optional: false]}, {:nerves_toolchain_x86_64_nerves_linux_musl, "~> 1.6.0", [hex: :nerves_toolchain_x86_64_nerves_linux_musl, repo: "hexpm", optional: false]}], "hexpm", "f2684690c4c906253b006b8720ecb1065ecdae3ee8c899c75e85804f1040fb26"},
  "nerves_toolchain_aarch64_nerves_linux_gnu": {:hex, :nerves_toolchain_aarch64_nerves_linux_gnu, "1.6.0", "70817bd3c1d30d8948265f67d371bd4f02be69def0fbfcdffdd5181508e4c6f5", [:mix], [{:nerves, "~> 1.4", [hex: :nerves, repo: "hexpm", optional: false]}, {:nerves_toolchain_ctng, "~> 1.9.0", [hex: :nerves_toolchain_ctng, repo: "hexpm", optional: false]}], "hexpm", "4a6fc659031148fb46f9eaf020515078963f01cfba0f8881a4eeb6cd036254a5"},
  "nerves_toolchain_armv6_nerves_linux_gnueabihf": {:hex, :nerves_toolchain_armv6_nerves_linux_gnueabihf, "1.6.0", "626364370f2016b8d9137187ab48fbeb611e0d1677a44b4e7af5a02b42d4dd05", [:mix], [{:nerves, "~> 1.0", [hex: :nerves, repo: "hexpm", optional: false]}, {:nerves_toolchain_ctng, "~> 1.9.0", [hex: :nerves_toolchain_ctng, repo: "hexpm", optional: false]}], "hexpm", "b8d27844ca4b1cb70c5989a150287f5a0fea33dee8e5ddff716ff7883efee0c4"},
  "nerves_toolchain_armv7_nerves_linux_gnueabihf": {:hex, :nerves_toolchain_armv7_nerves_linux_gnueabihf, "1.6.0", "ed30bc7cb1853ef306a185cf2b24f9e8fb296dbc2839bf303302b46288c2cbd3", [:mix], [{:nerves, "~> 1.0", [hex: :nerves, repo: "hexpm", optional: false]}, {:nerves_toolchain_ctng, "~> 1.9.0", [hex: :nerves_toolchain_ctng, repo: "hexpm", optional: false]}], "hexpm", "ed68e12550f9b5ed4eda1b291a3ef2368a99a3fd89690a207b8f9cd576861109"},
  "nerves_toolchain_ctng": {:hex, :nerves_toolchain_ctng, "1.9.0", "fe53615624763eeb5db6a5022a4fb5de8622405f314dba089b17fbf35d502529", [:mix], [{:nerves, "~> 1.0", [hex: :nerves, repo: "hexpm", optional: false]}], "hexpm", "80b0225108960a8433a81c0fbb5df1508b4015c222077361895e1b3a2f7c42d1"},
  "nerves_toolchain_x86_64_nerves_linux_musl": {:hex, :nerves_toolchain_x86_64_nerves_linux_musl, "1.6.0", "b4993f4dd639b70eb4b5fedf2165cfd4647053781aa45de97008a173e9f36cb3", [:mix], [{:nerves, "~> 1.0", [hex: :nerves, repo: "hexpm", optional: false]}, {:nerves_toolchain_ctng, "~> 1.9.0", [hex: :nerves_toolchain_ctng, repo: "hexpm", optional: false]}], "hexpm", "289711847c1b0ff5ab64e8be38840f60a6e527bb2c3213a5e2bb9a973a570532"},
  "nerves_uevent": {:hex, :nerves_uevent, "0.1.0", "651111a46be9a238560cbf7946989fc500e5f33d7035fd9ea7194d07a281bc19", [:make, :mix], [{:elixir_make, "~> 0.6", [hex: :elixir_make, repo: "hexpm", optional: false]}, {:property_table, "~> 0.2.0", [hex: :property_table, repo: "hexpm", optional: false]}], "hexpm", "cb0b1993c3ed3cefadbcdb534e910af0661f95c3445796ce8a7c8be3519a4e5f"},
  "property_table": {:hex, :property_table, "0.2.1", "88ab40972036d150eb8b09c4f1aea7834e5970225afbd787fa5533a80399ef8f", [:mix], [], "hexpm", "eb67da5228c649bdc19647a3bbff721d1d1df893e8d342be7255a6819813164b"},
  "shoehorn": {:hex, :shoehorn, "0.9.1", "8e12670024c2942e3c2fdd27cd5a034ee0337ee7c25c37b3ebc2ad482de67199", [:mix], [], "hexpm", "fccd040ac22de9b3cc111bbf78a363832c7210010a3fff4a550fbb2f10de0692"},
  "uboot_env": {:hex, :uboot_env, "1.0.0", "fdbe0afe65436f760cd372b16a58ccf7c76bbad1538f1766826e0ddbcaf80980", [:mix], [], "hexpm", "86754d5eae9643ca3094ee1d749b808f9d6f0d41b990e1191709b5a66c2b0757"},
}
