%{
  "castore": {:hex, :castore, "0.1.15", "dbb300827d5a3ec48f396ca0b77ad47058578927e9ebe792abd99fcbc3324326", [:mix], [], "hexpm", "c69379b907673c7e6eb229f09a0a09b60bb27cfb9625bcb82ea4c04ba82a8442"},
  "circular_buffer": {:hex, :circular_buffer, "0.4.0", "a51ea76bb03c4a38207934264bcc600018ead966728ca80da731458c5f940f8b", [:mix], [], "hexpm", "c604b19f2101982b63264e2ed90c6fb0fe502540b6af83ce95135ac9b6f2d847"},
  "elixir_make": {:hex, :elixir_make, "0.6.3", "bc07d53221216838d79e03a8019d0839786703129599e9619f4ab74c8c096eac", [:mix], [], "hexpm", "f5cbd651c5678bcaabdbb7857658ee106b12509cd976c2c2fca99688e1daf716"},
  "nerves": {:hex, :nerves, "1.7.15", "c9842de9148d1d37111b61d8e1d68373d944ebc4a361ac7e6cb838d95c56882b", [:make, :mix], [{:castore, "~> 0.1", [hex: :castore, repo: "hexpm", optional: false]}, {:elixir_make, "~> 0.6", [hex: :elixir_make, repo: "hexpm", optional: false]}, {:jason, "~> 1.2", [hex: :jason, repo: "hexpm", optional: true]}], "hexpm", "27539be4013fb63da07bf6e953b96b37da2a7e913e5283c1e6863d17cebe4a35"},
  "nerves_runtime": {:hex, :nerves_runtime, "0.11.8", "dbfb1fbe5507c25c359d95118f007723a6aaa546d98e3425a81b54a8ab2dc81f", [:make, :mix], [{:elixir_make, "~> 0.6", [hex: :elixir_make, repo: "hexpm", optional: false]}, {:system_registry, "~> 0.8.0", [hex: :system_registry, repo: "hexpm", optional: false]}, {:uboot_env, "~> 1.0 or ~> 0.3.0", [hex: :uboot_env, repo: "hexpm", optional: false]}], "hexpm", "575b3ff1e030bbc060ec851d3a3530e6ba174f5f40575a472b0ee9f57c281831"},
  "nerves_system_bbb": {:hex, :nerves_system_bbb, "2.13.2", "e9b3da52a5d1951f6c9a0cce1c2d0934ff07117c0e843e1626226c318ed73ce2", [:mix], [{:nerves, "~> 1.5.4 or ~> 1.6.0 or ~> 1.7.15", [hex: :nerves, repo: "hexpm", optional: false]}, {:nerves_system_br, "1.18.4", [hex: :nerves_system_br, repo: "hexpm", optional: false]}, {:nerves_toolchain_armv7_nerves_linux_gnueabihf, "~> 1.5.0", [hex: :nerves_toolchain_armv7_nerves_linux_gnueabihf, repo: "hexpm", optional: false]}], "hexpm", "42d9a163bb331efc2d42cdf9f69f9bd1f395831fe9e16c54b491f65e25120d39"},
  "nerves_system_br": {:hex, :nerves_system_br, "1.18.4", "97047c4ab9a75356145f6dda29b0843a9297e39c1cff6c4cc312fc5a4de88ca5", [:mix], [], "hexpm", "fb7c8ac3fca718faffaadc685a6faa3c22efedfea76bf2a86c5a49a45ca17d08"},
  "nerves_system_osd32mp1": {:hex, :nerves_system_osd32mp1, "0.9.2", "d52e7679764c6d6134c05d4cb9f40ac324c8d35ed551c7e9d4710de623a5b475", [:mix], [{:nerves, "~> 1.5.4 or ~> 1.6.0 or ~> 1.7.15", [hex: :nerves, repo: "hexpm", optional: false]}, {:nerves_system_br, "1.18.4", [hex: :nerves_system_br, repo: "hexpm", optional: false]}, {:nerves_toolchain_armv7_nerves_linux_gnueabihf, "~> 1.5.0", [hex: :nerves_toolchain_armv7_nerves_linux_gnueabihf, repo: "hexpm", optional: false]}], "hexpm", "bafdee2ff12d8694e7ead31afb503d7f47f37bb8b75f20812cbe77790286db6e"},
  "nerves_system_rpi": {:hex, :nerves_system_rpi, "1.18.2", "4ff66e3de51015e1c29178bad91fdf7b70fd577873bde0d09d894c812089fad4", [:mix], [{:nerves, "~> 1.5.4 or ~> 1.6.0 or ~> 1.7.15", [hex: :nerves, repo: "hexpm", optional: false]}, {:nerves_system_br, "1.18.4", [hex: :nerves_system_br, repo: "hexpm", optional: false]}, {:nerves_toolchain_armv6_nerves_linux_gnueabihf, "~> 1.5.0", [hex: :nerves_toolchain_armv6_nerves_linux_gnueabihf, repo: "hexpm", optional: false]}], "hexpm", "cbf491c0f51e021ccc9fb319e8a5d2d58b027c3e9184e806c26c5e092c4b8be6"},
  "nerves_system_rpi0": {:hex, :nerves_system_rpi0, "1.18.2", "45c619ec0735b54710e17fff6b0835fa87ed10cc988544b27f2675d330969eb1", [:mix], [{:nerves, "~> 1.5.4 or ~> 1.6.0 or ~> 1.7.15", [hex: :nerves, repo: "hexpm", optional: false]}, {:nerves_system_br, "1.18.4", [hex: :nerves_system_br, repo: "hexpm", optional: false]}, {:nerves_toolchain_armv6_nerves_linux_gnueabihf, "~> 1.5.0", [hex: :nerves_toolchain_armv6_nerves_linux_gnueabihf, repo: "hexpm", optional: false]}], "hexpm", "db29de888d4445e29c4b164269881f4c68431f6c0123bb72fdc43dfbc1984eb4"},
  "nerves_system_rpi2": {:hex, :nerves_system_rpi2, "1.18.2", "2fdb9db77c4017b17c6abd356caac5bda81c7935623e0602da4a4b6e7da0da3d", [:mix], [{:nerves, "~> 1.5.4 or ~> 1.6.0 or ~> 1.7.15", [hex: :nerves, repo: "hexpm", optional: false]}, {:nerves_system_br, "1.18.4", [hex: :nerves_system_br, repo: "hexpm", optional: false]}, {:nerves_toolchain_armv7_nerves_linux_gnueabihf, "~> 1.5.0", [hex: :nerves_toolchain_armv7_nerves_linux_gnueabihf, repo: "hexpm", optional: false]}], "hexpm", "fec72655cd9201ef053cb6d0e47215585ea8c54ba44fd6f1c58a4fe53ca87c4c"},
  "nerves_system_rpi3": {:hex, :nerves_system_rpi3, "1.18.2", "0cf12bb59417e35d4ded01aeca835c31c9d34d37f2f7320a142e0cfb6efe0292", [:mix], [{:nerves, "~> 1.5.4 or ~> 1.6.0 or ~> 1.7.15", [hex: :nerves, repo: "hexpm", optional: false]}, {:nerves_system_br, "1.18.4", [hex: :nerves_system_br, repo: "hexpm", optional: false]}, {:nerves_toolchain_armv7_nerves_linux_gnueabihf, "~> 1.5.0", [hex: :nerves_toolchain_armv7_nerves_linux_gnueabihf, repo: "hexpm", optional: false]}], "hexpm", "053fc03ee701937e1c439e2ef061b47c1d40c91e4efdfaf5a0e03732018000c1"},
  "nerves_system_rpi3a": {:hex, :nerves_system_rpi3a, "1.18.2", "abc03cd00302f963b7de59d225a1a64f3509d8cba33a5ab9c50586e7a8ca4743", [:mix], [{:nerves, "~> 1.5.4 or ~> 1.6.0 or ~> 1.7.15", [hex: :nerves, repo: "hexpm", optional: false]}, {:nerves_system_br, "1.18.4", [hex: :nerves_system_br, repo: "hexpm", optional: false]}, {:nerves_toolchain_armv7_nerves_linux_gnueabihf, "~> 1.5.0", [hex: :nerves_toolchain_armv7_nerves_linux_gnueabihf, repo: "hexpm", optional: false]}], "hexpm", "d2b5962bac1df929d647cfbe37df8b6f045b29d8b5adb8c843b6bbbec6c8e4d1"},
  "nerves_system_rpi4": {:hex, :nerves_system_rpi4, "1.18.2", "72fb0b5d4d4aeb2bd3eb196f78c40e7ed0b005b358b22480623daddcd5f7c980", [:mix], [{:nerves, "~> 1.5.4 or ~> 1.6.0 or ~> 1.7.15", [hex: :nerves, repo: "hexpm", optional: false]}, {:nerves_system_br, "1.18.4", [hex: :nerves_system_br, repo: "hexpm", optional: false]}, {:nerves_toolchain_aarch64_nerves_linux_gnu, "~> 1.5.0", [hex: :nerves_toolchain_aarch64_nerves_linux_gnu, repo: "hexpm", optional: false]}], "hexpm", "199d700e1841a852a52c9949c2c9b832ecb8e230759fa6155326e889e2b4ee04"},
  "nerves_system_x86_64": {:hex, :nerves_system_x86_64, "1.18.2", "0ceacb24beb2f5eeba87baaa8a1e3198d1757df1c7def7bc61bd8412f39062a6", [:mix], [{:nerves, "~> 1.5.4 or ~> 1.6.0 or ~> 1.7.15", [hex: :nerves, repo: "hexpm", optional: false]}, {:nerves_system_br, "1.18.4", [hex: :nerves_system_br, repo: "hexpm", optional: false]}, {:nerves_toolchain_x86_64_nerves_linux_musl, "~> 1.5.0", [hex: :nerves_toolchain_x86_64_nerves_linux_musl, repo: "hexpm", optional: false]}], "hexpm", "74f90dc48bef6839f43e93eaa11d8916f93b887596b20fdb2398e3eff0771107"},
  "nerves_toolchain_aarch64_nerves_linux_gnu": {:hex, :nerves_toolchain_aarch64_nerves_linux_gnu, "1.5.0", "9f8a736c061178ef0b47925092b2aef5a61826168c65f30d43400e5357e2ac8c", [:mix], [{:nerves, "~> 1.4", [hex: :nerves, repo: "hexpm", optional: false]}, {:nerves_toolchain_ctng, "~> 1.8.5", [hex: :nerves_toolchain_ctng, repo: "hexpm", optional: false]}], "hexpm", "0d411d56a4429e12273d664a02128dc5ce80dd80b3201f79aa671b0a5548382d"},
  "nerves_toolchain_armv6_nerves_linux_gnueabihf": {:hex, :nerves_toolchain_armv6_nerves_linux_gnueabihf, "1.5.0", "c970b5e53c4e58509fd22618c8694f8f276b7c6d4d125122687e47ec22f8641e", [:mix], [{:nerves, "~> 1.0", [hex: :nerves, repo: "hexpm", optional: false]}, {:nerves_toolchain_ctng, "~> 1.8.5", [hex: :nerves_toolchain_ctng, repo: "hexpm", optional: false]}], "hexpm", "53a23604d5a484f663290d84061ee4fd1127c1d54a10c2d04d8266924427e1f2"},
  "nerves_toolchain_armv7_nerves_linux_gnueabihf": {:hex, :nerves_toolchain_armv7_nerves_linux_gnueabihf, "1.5.0", "51be4f07c4922add6cd342ac1f13c3110a425c33af4d45533d246012b8fd0878", [:mix], [{:nerves, "~> 1.0", [hex: :nerves, repo: "hexpm", optional: false]}, {:nerves_toolchain_ctng, "~> 1.8.5", [hex: :nerves_toolchain_ctng, repo: "hexpm", optional: false]}], "hexpm", "3b569f34b71892adae706640638cb9677f687ec941647b8f871479da79468b1a"},
  "nerves_toolchain_ctng": {:hex, :nerves_toolchain_ctng, "1.8.5", "f2dfd6e3b5f85889561b9f00c71510eea87c3d05760d20780285deb3c29ca212", [:mix], [{:nerves, "~> 1.0", [hex: :nerves, repo: "hexpm", optional: false]}], "hexpm", "2f65b1866f034054f3d61ee672b6d02f4de1d0b40bef74f49527b98ab46a39fc"},
  "nerves_toolchain_x86_64_nerves_linux_musl": {:hex, :nerves_toolchain_x86_64_nerves_linux_musl, "1.5.0", "badd84f09373163b76a4d758ea5e0795caa367ecc5811dcd2f82030b8b74ed8e", [:mix], [{:nerves, "~> 1.0", [hex: :nerves, repo: "hexpm", optional: false]}, {:nerves_toolchain_ctng, "~> 1.8.5", [hex: :nerves_toolchain_ctng, repo: "hexpm", optional: false]}], "hexpm", "c6117f1c58324dab956cb2a8847a88c73c54d084ca4898684578bd768fc4cfc0"},
  "ring_logger": {:hex, :ring_logger, "0.8.3", "c5850d97cbf984a229780b59832a9ddec602f8cd28ef81bafa55cd9b29eeac6d", [:mix], [{:circular_buffer, "~> 0.4.0", [hex: :circular_buffer, repo: "hexpm", optional: false]}], "hexpm", "50bb6cc689707558f3c75426149069c5097d77a58e2de5e18ed8f0ae071710ed"},
  "shoehorn": {:hex, :shoehorn, "0.7.0", "fc23870fb6b470f5c520fee692637b120a36e163842ab497bbec7e8a1aa6cfe3", [:mix], [], "hexpm", "eeb317ac677b228906039ccf532a582ad9f6d31d7958c98f5c853fe0459e0243"},
  "system_registry": {:hex, :system_registry, "0.8.2", "df791dc276652fcfb53be4dab823e05f8269b96ac57c26f86a67838dbc0eefe7", [:mix], [], "hexpm", "f7acdede22c73ab0b3735eead7f2095efb2a7a6198366564205274db2ca2a8f8"},
  "uboot_env": {:hex, :uboot_env, "1.0.0", "fdbe0afe65436f760cd372b16a58ccf7c76bbad1538f1766826e0ddbcaf80980", [:mix], [], "hexpm", "86754d5eae9643ca3094ee1d749b808f9d6f0d41b990e1191709b5a66c2b0757"},
}
