%{"distillery": {:hex, :distillery, "1.0.0", "a866a72bf2a3a5f078f5a249017ed951acda88a760d200512f91f585d74db1ec", [:mix], []},
  "nerves": {:hex, :nerves, "0.4.5", "1a82415b7b60fef675a50be85ba8c37b13713d45a47acdded64e6e28ea9309a5", [:mix], [{:distillery, "~> 1.0.0", [hex: :distillery, optional: false]}]},
  "nerves_leds": {:hex, :nerves_leds, "0.7.0", "1d0f6587a9ac27c3ad3767a4dd84098e21e48fa3dc5526d5e11ddde48212e186", [], []},
  "nerves_system_br": {:hex, :nerves_system_br, "0.8.2", "f9917e75b54fb3eadbd67c2123ac1406d0a7fdef24f1960e3577c759d0a6fbc7", [:mix], []},
  "nerves_system_rpi3": {:hex, :nerves_system_rpi3, "0.9.1", "4cccb5ec4f34c1dafea1ee613ffefd31db82da545ac37cefb197da5c804a235b", [:mix], [{:nerves, "~> 0.4.0", [hex: :nerves, optional: false]}, {:nerves_system_br, "~> 0.8.1", [hex: :nerves_system_br, optional: false]}, {:nerves_toolchain_arm_unknown_linux_gnueabihf, "~> 0.8.0", [hex: :nerves_toolchain_arm_unknown_linux_gnueabihf, optional: false]}]},
  "nerves_toolchain_arm_unknown_linux_gnueabihf": {:hex, :nerves_toolchain_arm_unknown_linux_gnueabihf, "0.8.0", "873f8d6f74413c14eda3462b397a88f043a6c3bd65f56ff57db4e2e1eaf48994", [:mix], [{:nerves, "~> 0.4.0", [hex: :nerves, optional: false]}, {:nerves_toolchain_ctng, "~> 0.8.0", [hex: :nerves_toolchain_ctng, optional: false]}]},
  "nerves_toolchain_ctng": {:hex, :nerves_toolchain_ctng, "0.8.0", "6dff7ed51e1711c5f4da3d559bc528a8265e3dd950dda95f4d6832aed9dbe320", [:mix], []}}
