%{"bbmustache": {:hex, :bbmustache, "1.0.4", "7ba94f971c5afd7b6617918a4bb74705e36cab36eb84b19b6a1b7ee06427aa38", [:rebar], []},
  "cf": {:hex, :cf, "0.2.2", "7f2913fff90abcabd0f489896cfeb0b0674f6c8df6c10b17a83175448029896c", [:rebar3], []},
  "distillery": {:hex, :distillery, "1.0.0", "a866a72bf2a3a5f078f5a249017ed951acda88a760d200512f91f585d74db1ec", [:mix], []},
  "erlware_commons": {:hex, :erlware_commons, "0.22.0", "051bed79a34e66678c1cbeebc7b66360c827d081a0c5e2528878011e31ddcdca", [:rebar3], [{:cf, "0.2.2", [hex: :cf, optional: false]}]},
  "exrm": {:hex, :exrm, "1.0.8", "5aa8990cdfe300282828b02cefdc339e235f7916388ce99f9a1f926a9271a45d", [:mix], [{:relx, "~> 3.5", [hex: :relx, optional: false]}]},
  "getopt": {:hex, :getopt, "0.8.2", "b17556db683000ba50370b16c0619df1337e7af7ecbf7d64fbf8d1d6bce3109b", [:rebar], []},
  "nerves": {:hex, :nerves, "0.4.5", "1a82415b7b60fef675a50be85ba8c37b13713d45a47acdded64e6e28ea9309a5", [:mix], [{:distillery, "~> 1.0.0", [hex: :distillery, optional: false]}]},
  "nerves_leds": {:hex, :nerves_leds, "0.7.0", "1d0f6587a9ac27c3ad3767a4dd84098e21e48fa3dc5526d5e11ddde48212e186", [:mix], []},
  "nerves_system": {:hex, :nerves_system, "0.1.8", "6fe81c316671f13206dba1e8731e8c752bd3ffbfa6de4d8754989bd57a85b84e", [:mix], []},
  "nerves_system_br": {:hex, :nerves_system_br, "0.8.2", "f9917e75b54fb3eadbd67c2123ac1406d0a7fdef24f1960e3577c759d0a6fbc7", [:mix], []},
  "nerves_system_rpi": {:hex, :nerves_system_rpi, "0.9.1", "177127cbffb46ba98cc201ba31cb850a0880678e19cc7d16193b1418ddde9f7c", [:mix], [{:nerves, "~> 0.4.0", [hex: :nerves, optional: false]}, {:nerves_system_br, "~> 0.8.1", [hex: :nerves_system_br, optional: false]}, {:nerves_toolchain_armv6_rpi_linux_gnueabi, "~> 0.8.0", [hex: :nerves_toolchain_armv6_rpi_linux_gnueabi, optional: false]}]},
  "nerves_toolchain": {:hex, :nerves_toolchain, "0.7.1", "164f5fcf07f717d5e8f918965ea043c860b75065768c93a726f763498a7d8792", [:mix], []},
  "nerves_toolchain_armv6_rpi_linux_gnueabi": {:hex, :nerves_toolchain_armv6_rpi_linux_gnueabi, "0.8.0", "7e46564ce2b8eca7fed4d50a41a5bb7381d817e6d80d198c22e204758f49ff11", [:mix], [{:nerves, "~> 0.4.0", [hex: :nerves, optional: false]}, {:nerves_toolchain_ctng, "~> 0.8.0", [hex: :nerves_toolchain_ctng, optional: false]}]},
  "nerves_toolchain_ctng": {:hex, :nerves_toolchain_ctng, "0.8.0", "6dff7ed51e1711c5f4da3d559bc528a8265e3dd950dda95f4d6832aed9dbe320", [:mix], []},
  "providers": {:hex, :providers, "1.6.0", "db0e2f9043ae60c0155205fcd238d68516331d0e5146155e33d1e79dc452964a", [:rebar3], [{:getopt, "0.8.2", [hex: :getopt, optional: false]}]},
  "relx": {:hex, :relx, "3.22.2", "aee2ef6e9ac6d21d6661133b7a0be6e81424de9cdca0012fc008bc677297c469", [:rebar3], [{:bbmustache, "1.0.4", [hex: :bbmustache, optional: false]}, {:cf, "0.2.2", [hex: :cf, optional: false]}, {:erlware_commons, "0.22.0", [hex: :erlware_commons, optional: false]}, {:getopt, "0.8.2", [hex: :getopt, optional: false]}, {:providers, "1.6.0", [hex: :providers, optional: false]}]}}
