%{
  "beam_notify": {:hex, :beam_notify, "0.2.0", "89dcf268e9ebbc988e7f37d05124d7099942507f497e1c0c828ea977d1db5a8f", [:make, :mix], [{:elixir_make, "~> 0.6", [hex: :elixir_make, repo: "hexpm", optional: false]}], "hexpm", "e0fbdaaca53e8d8b3c516b979728de5e69db8e9ddbc2d5193512e76fc845c7cd"},
  "circuits_gpio": {:hex, :circuits_gpio, "0.4.7", "3e0ab9dce5235c4d9fae04564826826556b02913b413b4bf0d814cc1f6d0242f", [:make, :mix], [{:elixir_make, "~> 0.6", [hex: :elixir_make, repo: "hexpm", optional: false]}], "hexpm", "3300a584008d041ddc1d97122f339dc8a6e428a5e70ebb6379e929734374352c"},
  "circular_buffer": {:hex, :circular_buffer, "0.4.0", "a51ea76bb03c4a38207934264bcc600018ead966728ca80da731458c5f940f8b", [:mix], [], "hexpm", "c604b19f2101982b63264e2ed90c6fb0fe502540b6af83ce95135ac9b6f2d847"},
  "elixir_make": {:hex, :elixir_make, "0.6.2", "7dffacd77dec4c37b39af867cedaabb0b59f6a871f89722c25b28fcd4bd70530", [:mix], [], "hexpm", "03e49eadda22526a7e5279d53321d1cced6552f344ba4e03e619063de75348d9"},
  "gen_state_machine": {:hex, :gen_state_machine, "3.0.0", "1e57f86a494e5c6b14137ebef26a7eb342b3b0070c7135f2d6768ed3f6b6cdff", [:mix], [], "hexpm", "0a59652574bebceb7309f6b749d2a41b45fdeda8dbb4da0791e355dd19f0ed15"},
  "mdns_lite": {:hex, :mdns_lite, "0.7.0", "91da487424d5ba70e13eb44bba67469541cdfe423dfad65be54bca28d8b4217f", [:mix], [{:vintage_net, "~> 0.7", [hex: :vintage_net, repo: "hexpm", optional: false]}], "hexpm", "b93421ec3919b844793468547a160589a3aad1cdfd4692a1977bc85acd44ab0b"},
  "muontrap": {:hex, :muontrap, "0.6.0", "0f73fcd7c1c7a98a93744b18ca66b718d75450d2d92cd3e535579ae72c76e7f2", [:make, :mix], [{:elixir_make, "~> 0.6", [hex: :elixir_make, repo: "hexpm", optional: false]}], "hexpm", "b5548a8dfb787b4eb7612e0650e9b460aa5d137fd101a0b67da68014631b198c"},
  "nerves": {:hex, :nerves, "1.7.8", "91bd11c20600503cedce288a13eecf1c9b8653921fdd88715a2e4e09456b4c18", [:make, :mix], [{:elixir_make, "~> 0.6", [hex: :elixir_make, repo: "hexpm", optional: false]}, {:jason, "~> 1.2", [hex: :jason, repo: "hexpm", optional: true]}], "hexpm", "af9b6b1e19e4187a79aa925c03d576e7f1cf03cd6fbf09a7d9ded7d3422c591a"},
  "nerves_pack": {:hex, :nerves_pack, "0.4.2", "458c7c9f5f7f67e9568f6b0ce16200eef3b93a1686a61773d488294b827dc922", [:mix], [{:mdns_lite, "~> 0.6", [hex: :mdns_lite, repo: "hexpm", optional: false]}, {:nerves_runtime, "~> 0.6", [hex: :nerves_runtime, repo: "hexpm", optional: false]}, {:nerves_ssh, "~> 0.2", [hex: :nerves_ssh, repo: "hexpm", optional: false]}, {:nerves_time, "~> 0.3", [hex: :nerves_time, repo: "hexpm", optional: false]}, {:ring_logger, "~> 0.8", [hex: :ring_logger, repo: "hexpm", optional: false]}, {:vintage_net, "~> 0.7.0 or ~> 0.8.0 or ~> 0.9.0 or ~> 0.10.0", [hex: :vintage_net, repo: "hexpm", optional: false]}, {:vintage_net_direct, "~> 0.7", [hex: :vintage_net_direct, repo: "hexpm", optional: false]}, {:vintage_net_ethernet, "~> 0.7", [hex: :vintage_net_ethernet, repo: "hexpm", optional: false]}, {:vintage_net_wifi, "~> 0.7", [hex: :vintage_net_wifi, repo: "hexpm", optional: false]}], "hexpm", "7a8f51074ca4c230f4b5d436f949a9eaf053ec5cbbc1309ae8b1eea720151ccb"},
  "nerves_runtime": {:hex, :nerves_runtime, "0.11.4", "a0e369c84261e64e0ea338fde61a92e1ca10190e571789698684ea41459ac59f", [:make, :mix], [{:elixir_make, "~> 0.6", [hex: :elixir_make, repo: "hexpm", optional: false]}, {:system_registry, "~> 0.8.0", [hex: :system_registry, repo: "hexpm", optional: false]}, {:uboot_env, "~> 0.1.1 or ~> 0.2.0 or ~> 0.3.0", [hex: :uboot_env, repo: "hexpm", optional: false]}], "hexpm", "7a6014358f51c2822352fb333a017fce7e0365b82034beecdcd81460b4522be7"},
  "nerves_ssh": {:hex, :nerves_ssh, "0.2.2", "7154bbb75825f5176317b94dfdc65aa353aab8f49ef72b66c77342be5fa92f47", [:mix], [{:nerves_runtime, "~> 0.11", [hex: :nerves_runtime, repo: "hexpm", optional: false]}, {:ssh_subsystem_fwup, "~> 0.5", [hex: :ssh_subsystem_fwup, repo: "hexpm", optional: false]}], "hexpm", "8b073aabefb4ef050eb00922f67fe0e870d104a94e7ba7748d335451f4f90479"},
  "nerves_system_bbb": {:hex, :nerves_system_bbb, "2.11.1", "2c64c60f086c278bfa61e7ff11b6ae7d0c717bfe1680290d54d80573574e4119", [:mix], [{:nerves, "~> 1.5.4 or ~> 1.6.0 or ~> 1.7.4", [hex: :nerves, repo: "hexpm", optional: false]}, {:nerves_system_br, "1.16.1", [hex: :nerves_system_br, repo: "hexpm", optional: false]}, {:nerves_toolchain_armv7_nerves_linux_gnueabihf, "~> 1.4.3", [hex: :nerves_toolchain_armv7_nerves_linux_gnueabihf, repo: "hexpm", optional: false]}], "hexpm", "4909815b6e12acbc2bb8ceca56a1a1bc82401cfac3fc3399d03048a15f53d0af"},
  "nerves_system_br": {:hex, :nerves_system_br, "1.16.1", "2e86dd7511d6fc974bf425cb335eaa9cb59292ecd42e63805f58560cccb04375", [:mix], [], "hexpm", "ca7147d2cae703aea26c4d399dde9a6373b9eac925dcd091440d10345267457a"},
  "nerves_system_osd32mp1": {:hex, :nerves_system_osd32mp1, "0.7.1", "785042924345ab92c162adaf461f9bd5d5ff19ae340e8dc753e7b104bcb0f3bc", [:mix], [{:nerves, "~> 1.5.4 or ~> 1.6.0 or ~> 1.7.4", [hex: :nerves, repo: "hexpm", optional: false]}, {:nerves_system_br, "1.16.1", [hex: :nerves_system_br, repo: "hexpm", optional: false]}, {:nerves_toolchain_armv7_nerves_linux_gnueabihf, "~> 1.4.3", [hex: :nerves_toolchain_armv7_nerves_linux_gnueabihf, repo: "hexpm", optional: false]}], "hexpm", "318c491ca13174b37f6b9397f69dc17c686ffb93ab44db11de09fd02609fdf82"},
  "nerves_system_rpi": {:hex, :nerves_system_rpi, "1.16.1", "5937064b5f7a1c7a29666537664f8920ff77a417a8a20e0b73d9648de6c0d433", [:mix], [{:nerves, "~> 1.5.4 or ~> 1.6.0 or ~> 1.7.3", [hex: :nerves, repo: "hexpm", optional: false]}, {:nerves_system_br, "1.16.1", [hex: :nerves_system_br, repo: "hexpm", optional: false]}, {:nerves_toolchain_armv6_nerves_linux_gnueabihf, "~> 1.4.3", [hex: :nerves_toolchain_armv6_nerves_linux_gnueabihf, repo: "hexpm", optional: false]}], "hexpm", "4a82f0e62a9ea77cc53872db518572d464c17fd78b8ab7b6cebcd3c62f4bd322"},
  "nerves_system_rpi0": {:hex, :nerves_system_rpi0, "1.16.1", "072e6ed7f26a96902c3cc7d1654ec211ba6d885ad8acaeb000ea3a82adbd78a0", [:mix], [{:nerves, "~> 1.5.4 or ~> 1.6.0 or ~> 1.7.3", [hex: :nerves, repo: "hexpm", optional: false]}, {:nerves_system_br, "1.16.1", [hex: :nerves_system_br, repo: "hexpm", optional: false]}, {:nerves_toolchain_armv6_nerves_linux_gnueabihf, "~> 1.4.3", [hex: :nerves_toolchain_armv6_nerves_linux_gnueabihf, repo: "hexpm", optional: false]}], "hexpm", "7498752ec247b31a5858b9de1ec7a3eda8c365ecd74448b9ce9235b9f27431f7"},
  "nerves_system_rpi2": {:hex, :nerves_system_rpi2, "1.16.1", "971dd502628a15b41d8710f0aaaa044fad93b44c124e0f850f6bd604f0255d7d", [:mix], [{:nerves, "~> 1.5.4 or ~> 1.6.0 or ~> 1.7.4", [hex: :nerves, repo: "hexpm", optional: false]}, {:nerves_system_br, "1.16.1", [hex: :nerves_system_br, repo: "hexpm", optional: false]}, {:nerves_toolchain_armv7_nerves_linux_gnueabihf, "~> 1.4.3", [hex: :nerves_toolchain_armv7_nerves_linux_gnueabihf, repo: "hexpm", optional: false]}], "hexpm", "daee96b3f407986de584e2e83e94621e8e13c1b7d3bcffb535269977aa4f1360"},
  "nerves_system_rpi3": {:hex, :nerves_system_rpi3, "1.16.1", "fa6f3296a2c92a736f346a9775e700292ae0e0c09f553465c56b3791ea002e03", [:mix], [{:nerves, "~> 1.5.4 or ~> 1.6.0 or ~> 1.7.4", [hex: :nerves, repo: "hexpm", optional: false]}, {:nerves_system_br, "1.16.1", [hex: :nerves_system_br, repo: "hexpm", optional: false]}, {:nerves_toolchain_armv7_nerves_linux_gnueabihf, "~> 1.4.3", [hex: :nerves_toolchain_armv7_nerves_linux_gnueabihf, repo: "hexpm", optional: false]}], "hexpm", "152da2ee1c70ac9e282575428bf53372d406de72bf6a3e834661a524fdfa83c5"},
  "nerves_system_rpi3a": {:hex, :nerves_system_rpi3a, "1.16.1", "10394ff84db46a1bc461d125f1e1829740c978e286b6ebd0d9758a8e563e5312", [:mix], [{:nerves, "~> 1.5.4 or ~> 1.6.0 or ~> 1.7.3", [hex: :nerves, repo: "hexpm", optional: false]}, {:nerves_system_br, "1.16.1", [hex: :nerves_system_br, repo: "hexpm", optional: false]}, {:nerves_toolchain_armv7_nerves_linux_gnueabihf, "~> 1.4.3", [hex: :nerves_toolchain_armv7_nerves_linux_gnueabihf, repo: "hexpm", optional: false]}], "hexpm", "c40ecf08d4c0b6b3f07df8fc0254e69de101f7a07f9a6f3327d2634701b83aba"},
  "nerves_system_rpi4": {:hex, :nerves_system_rpi4, "1.16.1", "1ad1b6ffc92f1eb7fca3f0a4c2ec38960b51d5b4a745e63b532492d690c55254", [:mix], [{:nerves, "~> 1.5.4 or ~> 1.6.0 or ~> 1.7.3", [hex: :nerves, repo: "hexpm", optional: false]}, {:nerves_system_br, "1.16.1", [hex: :nerves_system_br, repo: "hexpm", optional: false]}, {:nerves_toolchain_aarch64_nerves_linux_gnu, "~> 1.4.3", [hex: :nerves_toolchain_aarch64_nerves_linux_gnu, repo: "hexpm", optional: false]}], "hexpm", "2ac3a42266a2cfe887b6162b5e7a3b31e2204a3fa07c3814601d4cdc76140dd9"},
  "nerves_system_x86_64": {:hex, :nerves_system_x86_64, "1.16.1", "bc6f113d4bab2f14e743ed90f4d9c4a12430a9d67c571efdef3fb5071baa6907", [:mix], [{:nerves, "~> 1.5.4 or ~> 1.6.0 or ~> 1.7.4", [hex: :nerves, repo: "hexpm", optional: false]}, {:nerves_system_br, "1.16.1", [hex: :nerves_system_br, repo: "hexpm", optional: false]}, {:nerves_toolchain_x86_64_nerves_linux_musl, "~> 1.4.3", [hex: :nerves_toolchain_x86_64_nerves_linux_musl, repo: "hexpm", optional: false]}], "hexpm", "82582c25a4d4273ef56d3067aa6ce23b428b57272518c2625cdec44a16ff1d83"},
  "nerves_time": {:hex, :nerves_time, "0.4.2", "38da1774cf18f4561d6e71cb468b7145961e4acc288142a4247c8248cb1e810d", [:make, :mix], [{:elixir_make, "~> 0.6", [hex: :elixir_make, repo: "hexpm", optional: false]}, {:muontrap, "~> 0.5", [hex: :muontrap, repo: "hexpm", optional: false]}], "hexpm", "0e5dab49383750790f041b606db2c1165d9a1d762bcc2c53928b294fbfc634ca"},
  "nerves_toolchain_aarch64_nerves_linux_gnu": {:hex, :nerves_toolchain_aarch64_nerves_linux_gnu, "1.4.3", "6aa784fd3779251a4438e9874ed646492c3a4289f10581d01c4d61acda7d0b2d", [:mix], [{:nerves, "~> 1.4", [hex: :nerves, repo: "hexpm", optional: false]}, {:nerves_toolchain_ctng, "~> 1.8.4", [hex: :nerves_toolchain_ctng, repo: "hexpm", optional: false]}], "hexpm", "75ab06af12118b423b4bba870a4f10d81f83678fd7fc57278927ce9d52516c5e"},
  "nerves_toolchain_armv6_nerves_linux_gnueabihf": {:hex, :nerves_toolchain_armv6_nerves_linux_gnueabihf, "1.4.3", "c75a3975388c3378deb72ed50178f34f8cc47b575b32546d22e522a577f6b8c0", [:mix], [{:nerves, "~> 1.0", [hex: :nerves, repo: "hexpm", optional: false]}, {:nerves_toolchain_ctng, "~> 1.8.4", [hex: :nerves_toolchain_ctng, repo: "hexpm", optional: false]}], "hexpm", "33e3a174ff51f81bca3181560d33c065694828e8c8c72aada0b92a46ba7cfbe5"},
  "nerves_toolchain_armv7_nerves_linux_gnueabihf": {:hex, :nerves_toolchain_armv7_nerves_linux_gnueabihf, "1.4.3", "ff5b8fed2a71daea7ac07a5a0a6ecec7a4985d2a617a89ab073591d441d9cda4", [:mix], [{:nerves, "~> 1.0", [hex: :nerves, repo: "hexpm", optional: false]}, {:nerves_toolchain_ctng, "~> 1.8.4", [hex: :nerves_toolchain_ctng, repo: "hexpm", optional: false]}], "hexpm", "ffefca61b7282a5a10032e61b6dab6758d24eee732c5d8c16fe6aada52dd099a"},
  "nerves_toolchain_ctng": {:hex, :nerves_toolchain_ctng, "1.8.4", "2f6b4153e3904502d117f9d957c12eaafd490e1d2bdf20a85328ada46a1350da", [:mix], [{:nerves, "~> 1.0", [hex: :nerves, repo: "hexpm", optional: false]}], "hexpm", "6194be9b1364fdc1db6b2a0e98fa8dcb94fe1af373dcf8149298d62ce9b1b369"},
  "nerves_toolchain_x86_64_nerves_linux_musl": {:hex, :nerves_toolchain_x86_64_nerves_linux_musl, "1.4.3", "2fb6fd7e618afb0bc2f3114bd316381229b288d7a2f392ea3538359717cd5263", [:mix], [{:nerves, "~> 1.0", [hex: :nerves, repo: "hexpm", optional: false]}, {:nerves_toolchain_ctng, "~> 1.8.4", [hex: :nerves_toolchain_ctng, repo: "hexpm", optional: false]}], "hexpm", "bdb044a2be8fe99d7b2606e478c64051b4a4cac6a4b69a617f0438a20e480a7c"},
  "one_dhcpd": {:hex, :one_dhcpd, "0.2.5", "ecec86e567839bde69717abb24c1ae5c74fcdc71beccfce541a0c3149aa980a4", [:make, :mix], [{:elixir_make, "~> 0.6", [hex: :elixir_make, repo: "hexpm", optional: false]}], "hexpm", "4d59693a9998c7dfd6d9f06c556ff23c73c817832f812205a6f09d38250b6dfa"},
  "ring_logger": {:hex, :ring_logger, "0.8.2", "78e0ffbf89b3f5b3c58f8660cb6b6fe2ca7ed5f56dc64e993119189d629c278c", [:mix], [{:circular_buffer, "~> 0.4.0", [hex: :circular_buffer, repo: "hexpm", optional: false]}], "hexpm", "864c8982bfcdc17b7501d00cc2bcede6727ebf95cbeba30e70c795d03f9138c1"},
  "shoehorn": {:hex, :shoehorn, "0.7.0", "fc23870fb6b470f5c520fee692637b120a36e163842ab497bbec7e8a1aa6cfe3", [:mix], [], "hexpm", "eeb317ac677b228906039ccf532a582ad9f6d31d7958c98f5c853fe0459e0243"},
  "ssh_subsystem_fwup": {:hex, :ssh_subsystem_fwup, "0.5.2", "02738a0094bcfd15b0616020f4ebf49412296452349fa3df6a0fc0ed89822851", [:mix], [], "hexpm", "a72aa8ca6ec18573f668281bea2c07afcb7c58c8357e2b11fdbedaf6d3fb13a3"},
  "system_registry": {:hex, :system_registry, "0.8.2", "df791dc276652fcfb53be4dab823e05f8269b96ac57c26f86a67838dbc0eefe7", [:mix], [], "hexpm", "f7acdede22c73ab0b3735eead7f2095efb2a7a6198366564205274db2ca2a8f8"},
  "toolshed": {:hex, :toolshed, "0.2.20", "9a9a37d1171deca9b4111205de59e4c6ba8697bd5c2ded0a160e515cbb93ff32", [:mix], [{:nerves_runtime, "~> 0.8", [hex: :nerves_runtime, repo: "hexpm", optional: true]}], "hexpm", "85934766aea2a3650db4dc0fac300f632d9b68c5a1e9101c818c1dbc3d8f724f"},
  "uboot_env": {:hex, :uboot_env, "0.3.0", "8afbcc8e5b65e5d0d5660ded2f5835a959d2326fa8683183f380cd6464e75174", [:mix], [], "hexpm", "d8fe5d2b4d52a14398ace02bd604ff7a0fa8960550bb7254f75dcbd438ddc6a1"},
  "vintage_net": {:hex, :vintage_net, "0.10.4", "e64aaf814e145b8142c0c863af7f95dc2bebb33c28d8e8719bcda17165bafe48", [:make, :mix], [{:beam_notify, "~> 0.2.0", [hex: :beam_notify, repo: "hexpm", optional: false]}, {:elixir_make, "~> 0.6", [hex: :elixir_make, repo: "hexpm", optional: false]}, {:gen_state_machine, "~> 2.0.0 or ~> 2.1.0 or ~> 3.0.0", [hex: :gen_state_machine, repo: "hexpm", optional: false]}, {:muontrap, "~> 0.5.1 or ~> 0.6.0", [hex: :muontrap, repo: "hexpm", optional: false]}], "hexpm", "9cd6840a1cbe817e1b905a222e8cf6d4fe29e6291ef0ad1b7983f88b02cb1e80"},
  "vintage_net_direct": {:hex, :vintage_net_direct, "0.10.1", "3daf4bc86595119f144b4956cbcef0916a2fd8b1238164040f82fe6fa6c1bcd9", [:mix], [{:one_dhcpd, "~> 0.2.3", [hex: :one_dhcpd, repo: "hexpm", optional: false]}, {:vintage_net, "~> 0.9.1 or ~> 0.10.0", [hex: :vintage_net, repo: "hexpm", optional: false]}], "hexpm", "bf0643a1f6533eddcac88ca94d16c52285d0252fe1675b140886c96f0e8ae39d"},
  "vintage_net_ethernet": {:hex, :vintage_net_ethernet, "0.10.2", "7af44e5db1a536238061358bb3111f65e6b80157100016b34012ce68d2b34031", [:mix], [{:vintage_net, "~> 0.10.0", [hex: :vintage_net, repo: "hexpm", optional: false]}], "hexpm", "f80d3f8a80cebcf2f2091f46fb8f3f0dee1aea7f4e94890c19cfc512e26e496f"},
  "vintage_net_wifi": {:hex, :vintage_net_wifi, "0.10.3", "f8730b8b0f13f31c75422ce2267d5d87493b61c3f5af3cc9617d5ca535d1f29f", [:make, :mix], [{:elixir_make, "~> 0.6", [hex: :elixir_make, repo: "hexpm", optional: false]}, {:vintage_net, "~> 0.10.0", [hex: :vintage_net, repo: "hexpm", optional: false]}], "hexpm", "e11a95cb86c8f11e3b9d2ed8130ac4d58fd2c1cbe436f36924be6bf00571085f"},
}
