%{
  "castore": {:hex, :castore, "0.1.6", "2da0dccb3eacb67841d11790598ff03cd5caee861e01fad61dce1376b5da28e6", [:mix], [], "hexpm", "f874c510b720d31dd6334e9ae5c859a06a3c9e67dfe1a195c512e57588556d3f"},
  "dns": {:hex, :dns, "2.1.2", "81c46d39f7934f0e73368355126e4266762cf227ba61d5889635d83b2d64a493", [:mix], [{:socket, "~> 0.3.13", [hex: :socket, repo: "hexpm", optional: false]}], "hexpm", "6818589d8e59c03a2c73001e5cd7a957f99c30a796021aa32445ea14d0f3356b"},
  "earmark": {:hex, :earmark, "1.4.5", "62ffd3bd7722fb7a7b1ecd2419ea0b458c356e7168c1f5d65caf09b4fbdd13c8", [:mix], [], "hexpm", "b7d0e6263d83dc27141a523467799a685965bf8b13b6743413f19a7079843f4f"},
  "elixir_make": {:hex, :elixir_make, "0.6.0", "38349f3e29aff4864352084fc736fa7fa0f2995a819a737554f7ebd28b85aaab", [:mix], [], "hexpm", "d522695b93b7f0b4c0fcb2dfe73a6b905b1c301226a5a55cb42e5b14d509e050"},
  "ex_doc": {:hex, :ex_doc, "0.21.1", "5ac36660846967cd869255f4426467a11672fec3d8db602c429425ce5b613b90", [:mix], [{:earmark, "~> 1.3", [hex: :earmark, repo: "hexpm", optional: false]}, {:makeup_elixir, "~> 0.14", [hex: :makeup_elixir, repo: "hexpm", optional: false]}], "hexpm", "93d2fee94d2f88abf507628378371ea5fab08ed03fa59a6daa3d4469d9159ddd"},
  "gen_state_machine": {:hex, :gen_state_machine, "2.1.0", "a38b0e53fad812d29ec149f0d354da5d1bc0d7222c3711f3a0bd5aa608b42992", [:mix], [], "hexpm", "ae367038808db25cee2f2c4b8d0531522ea587c4995eb6f96ee73410a60fa06b"},
  "jason": {:hex, :jason, "1.2.1", "12b22825e22f468c02eb3e4b9985f3d0cb8dc40b9bd704730efa11abd2708c44", [:mix], [{:decimal, "~> 1.0", [hex: :decimal, repo: "hexpm", optional: true]}], "hexpm", "b659b8571deedf60f79c5a608e15414085fa141344e2716fbd6988a084b5f993"},
  "makeup": {:hex, :makeup, "1.0.3", "e339e2f766d12e7260e6672dd4047405963c5ec99661abdc432e6ec67d29ef95", [:mix], [{:nimble_parsec, "~> 0.5", [hex: :nimble_parsec, repo: "hexpm", optional: false]}], "hexpm", "2e9b4996d11832947731f7608fed7ad2f9443011b3b479ae288011265cdd3dad"},
  "makeup_elixir": {:hex, :makeup_elixir, "0.14.1", "4f0e96847c63c17841d42c08107405a005a2680eb9c7ccadfd757bd31dabccfb", [:mix], [{:makeup, "~> 1.0", [hex: :makeup, repo: "hexpm", optional: false]}], "hexpm", "f2438b1a80eaec9ede832b5c41cd4f373b38fd7aa33e3b22d9db79e640cbde11"},
  "mdns_lite": {:hex, :mdns_lite, "0.6.3", "6d5202ed6e985b2195e8f6cac0c81b7df738c9eab89c694ccaf3ca85af5689f0", [:mix], [{:dns, "~> 2.1", [hex: :dns, repo: "hexpm", optional: false]}, {:vintage_net, "~> 0.7", [hex: :vintage_net, repo: "hexpm", optional: true]}], "hexpm", "8552fae85a81ab4d808993eb573775e68e11508e5420b0a5c5d799526cf51d24"},
  "mint": {:hex, :mint, "1.1.0", "1fd0189edd9e3ffdbd7fcd8bc3835902b987a63ec6c4fd1aa8c2a56e2165f252", [:mix], [{:castore, "~> 0.1.0", [hex: :castore, repo: "hexpm", optional: true]}], "hexpm", "5bfd316c3789340b682d5679a8116bcf2112e332447bdc20c1d62909ee45f48d"},
  "mojito": {:hex, :mojito, "0.6.4", "994ad071d5f88e5d414f8f095fc01ced26a1852139a6127eab97ba8c64e31894", [:mix], [{:castore, "~> 0.1", [hex: :castore, repo: "hexpm", optional: false]}, {:mint, "~> 1.0", [hex: :mint, repo: "hexpm", optional: false]}, {:poolboy, "~> 1.5", [hex: :poolboy, repo: "hexpm", optional: false]}], "hexpm", "0d05f49e3fcd9b6a3ea62e50bf19bcf4fed55946187775a33bb5a0f4021a1b1e"},
  "muontrap": {:hex, :muontrap, "0.6.0", "0f73fcd7c1c7a98a93744b18ca66b718d75450d2d92cd3e535579ae72c76e7f2", [:make, :mix], [{:elixir_make, "~> 0.6", [hex: :elixir_make, repo: "hexpm", optional: false]}], "hexpm", "b5548a8dfb787b4eb7612e0650e9b460aa5d137fd101a0b67da68014631b198c"},
  "nerves": {:hex, :nerves, "1.6.3", "ac0155508a6eb0e3c8e92a6c7c0524dbe38dcc289e89cf0ef129df673a89f2ea", [:mix], [{:distillery, "~> 2.1", [hex: :distillery, repo: "hexpm", optional: true]}, {:jason, "~> 1.2", [hex: :jason, repo: "hexpm", optional: true]}], "hexpm", "ce150c9aaf2ccffb2cf2fbfe1da462f363ceb322ee515c0a23394235346f71fc"},
  "nerves_firmware_ssh": {:hex, :nerves_firmware_ssh, "0.4.5", "fcf9471bfc65165c4a06bd5065ef397acb073168c0d7afdbf561b6554ae368dd", [:mix], [{:nerves_runtime, "~> 0.6", [hex: :nerves_runtime, repo: "hexpm", optional: false]}], "hexpm", "d463fd9c3c6a658a60735f0bb9824af9362c548224a3c7c46ced7b1b0e966c3f"},
  "nerves_pack": {:hex, :nerves_pack, "0.3.1", "ad725eaa061c7419dd9dbbb0b4e975ac7b0ed59368c98158bf7a90764726d868", [:mix], [{:mdns_lite, "~> 0.6", [hex: :mdns_lite, repo: "hexpm", optional: false]}, {:nerves_firmware_ssh, "~> 0.4", [hex: :nerves_firmware_ssh, repo: "hexpm", optional: false]}, {:nerves_runtime, "~> 0.6", [hex: :nerves_runtime, repo: "hexpm", optional: false]}, {:nerves_time, "~> 0.3", [hex: :nerves_time, repo: "hexpm", optional: false]}, {:ring_logger, "~> 0.8", [hex: :ring_logger, repo: "hexpm", optional: false]}, {:vintage_net, "~> 0.7.0 or ~> 0.8.0", [hex: :vintage_net, repo: "hexpm", optional: false]}, {:vintage_net_direct, "~> 0.7", [hex: :vintage_net_direct, repo: "hexpm", optional: false]}, {:vintage_net_ethernet, "~> 0.7", [hex: :vintage_net_ethernet, repo: "hexpm", optional: false]}, {:vintage_net_wifi, "~> 0.7", [hex: :vintage_net_wifi, repo: "hexpm", optional: false]}], "hexpm", "5f343308fd101e6e4ff1ac79be220d6aa9efb6b560131f6fd30b0e6d2f57ead9"},
  "nerves_runtime": {:hex, :nerves_runtime, "0.11.2", "7606c559d6eb33736af813394d8b4e67e3ede155808c6dc4b2ac0aea2c1b66fb", [:make, :mix], [{:elixir_make, "~> 0.6", [hex: :elixir_make, repo: "hexpm", optional: false]}, {:system_registry, "~> 0.8.0", [hex: :system_registry, repo: "hexpm", optional: false]}, {:uboot_env, "~> 0.1.1 or ~> 0.2.0", [hex: :uboot_env, repo: "hexpm", optional: false]}], "hexpm", "094446be5a1d51d3ec0c26e9f5905ab42731397e8715404a5e5e095b4f3125b6"},
  "nerves_system_bbb": {:hex, :nerves_system_bbb, "2.7.1", "bdcc6af3429db9caec6017a66b93e3fc2e4fcfab46f9bd283895cf90c49ccd54", [:mix], [{:nerves, "~> 1.5.4 or ~> 1.6.0", [hex: :nerves, repo: "hexpm", optional: false]}, {:nerves_system_br, "1.12.0", [hex: :nerves_system_br, repo: "hexpm", optional: false]}, {:nerves_toolchain_arm_unknown_linux_gnueabihf, "~> 1.3.0", [hex: :nerves_toolchain_arm_unknown_linux_gnueabihf, repo: "hexpm", optional: false]}], "hexpm", "56bd689e3189a92a1fb19d944a58b64175a94934cd0e810b1929d0ccdf9f22fe"},
  "nerves_system_br": {:hex, :nerves_system_br, "1.12.0", "e86a6fc34c28b667ff2b7b614c23b7c3bc00c253165e6cb41d76bd4e3d1bbc36", [:mix], [], "hexpm", "572ff3e540677b1addb70b8fd2a6652a372a7eb1a961722c7954dffa065f267c"},
  "nerves_system_linter": {:hex, :nerves_system_linter, "0.3.0", "84e0f63c8ac196b16b77608bbe7df66dcf352845c4e4fb394bffd2b572025413", [:mix], [], "hexpm", "bffbdfb116bc72cde6e408c34c0670b199846e9a8f0953cc1c9f1eea693821a1"},
  "nerves_system_rpi": {:hex, :nerves_system_rpi, "1.12.1", "99dc459af568d34ddeec78fc7cd6345ce4758e45f828241c5674004bc09aba9b", [:mix], [{:nerves, "~> 1.5.4 or ~> 1.6.0", [hex: :nerves, repo: "hexpm", optional: false]}, {:nerves_system_br, "1.12.0", [hex: :nerves_system_br, repo: "hexpm", optional: false]}, {:nerves_toolchain_armv6_rpi_linux_gnueabi, "~> 1.3.0", [hex: :nerves_toolchain_armv6_rpi_linux_gnueabi, repo: "hexpm", optional: false]}], "hexpm", "0f9f334a0cc093551ba168419826bb446e273a507abba02f2333eb77156eb790"},
  "nerves_system_rpi0": {:hex, :nerves_system_rpi0, "1.12.1", "1bf62ea87812a42ba068b905658184c76e2c9805a3577a3a1fec6116dde9aaca", [:mix], [{:nerves, "~> 1.5.4 or ~> 1.6.0", [hex: :nerves, repo: "hexpm", optional: false]}, {:nerves_system_br, "1.12.0", [hex: :nerves_system_br, repo: "hexpm", optional: false]}, {:nerves_toolchain_armv6_rpi_linux_gnueabi, "~> 1.3.0", [hex: :nerves_toolchain_armv6_rpi_linux_gnueabi, repo: "hexpm", optional: false]}], "hexpm", "feaf64bf1bd809fa97d74714d99fe8666cad8a7eaa2e76894ad55f298d5d57a9"},
  "nerves_system_rpi2": {:hex, :nerves_system_rpi2, "1.12.1", "a5281b7309825d276591be742006550dc27f1321707e603c665bdb2fe8ac137d", [:mix], [{:nerves, "~> 1.5.4 or ~> 1.6.0", [hex: :nerves, repo: "hexpm", optional: false]}, {:nerves_system_br, "1.12.0", [hex: :nerves_system_br, repo: "hexpm", optional: false]}, {:nerves_toolchain_arm_unknown_linux_gnueabihf, "~> 1.3.0", [hex: :nerves_toolchain_arm_unknown_linux_gnueabihf, repo: "hexpm", optional: false]}], "hexpm", "8d739b3d9e3801f3605aa500cd622db97bfc9d7165ca72f22d44b31154c60633"},
  "nerves_system_rpi3": {:hex, :nerves_system_rpi3, "1.12.1", "cfa27eb08578071a163bd8c530fd64d6a6a60160ab6dc32f9588ad58da9a4b43", [:mix], [{:nerves, "~> 1.5.4 or ~> 1.6.0", [hex: :nerves, repo: "hexpm", optional: false]}, {:nerves_system_br, "1.12.0", [hex: :nerves_system_br, repo: "hexpm", optional: false]}, {:nerves_toolchain_arm_unknown_linux_gnueabihf, "~> 1.3.0", [hex: :nerves_toolchain_arm_unknown_linux_gnueabihf, repo: "hexpm", optional: false]}], "hexpm", "8795d976a2069a5cb0d5f80262bb99f078fc68767fe0b22254ee50f7b0dcdb30"},
  "nerves_system_rpi3a": {:hex, :nerves_system_rpi3a, "1.12.1", "0dc1567cb3c674f4c3b3ae9be1eefb0b6202275d5578d4ff1b5316a6185b0f77", [:mix], [{:nerves, "~> 1.5.4 or ~> 1.6.0", [hex: :nerves, repo: "hexpm", optional: false]}, {:nerves_system_br, "1.12.0", [hex: :nerves_system_br, repo: "hexpm", optional: false]}, {:nerves_toolchain_arm_unknown_linux_gnueabihf, "~> 1.3.0", [hex: :nerves_toolchain_arm_unknown_linux_gnueabihf, repo: "hexpm", optional: false]}], "hexpm", "c5854f055b2a60e87efdb140c12c0e2feb090ec52a49756919e300a97b098801"},
  "nerves_system_rpi4": {:hex, :nerves_system_rpi4, "1.12.1", "9266f88db0a5407afe1eccf92220b7a1a368d8b82cf6a01085315cdca4505589", [:mix], [{:nerves, "~> 1.5.4 or ~> 1.6.0", [hex: :nerves, repo: "hexpm", optional: false]}, {:nerves_system_br, "1.12.0", [hex: :nerves_system_br, repo: "hexpm", optional: false]}, {:nerves_toolchain_arm_unknown_linux_gnueabihf, "~> 1.3.0", [hex: :nerves_toolchain_arm_unknown_linux_gnueabihf, repo: "hexpm", optional: false]}], "hexpm", "142b194bd371cb8d35bef94d40b7fb60bc5a2e1d139cf2b823cfc9ad25ac3b52"},
  "nerves_system_x86_64": {:hex, :nerves_system_x86_64, "1.12.1", "c1eb5025d049c4bde24e7a7e8fdcdc9f05da4821e2b55ce6b8ec584453f44830", [:mix], [{:nerves, "~> 1.5.4 or ~> 1.6.0", [hex: :nerves, repo: "hexpm", optional: false]}, {:nerves_system_br, "1.12.0", [hex: :nerves_system_br, repo: "hexpm", optional: false]}, {:nerves_toolchain_x86_64_unknown_linux_musl, "~> 1.3.0", [hex: :nerves_toolchain_x86_64_unknown_linux_musl, repo: "hexpm", optional: false]}], "hexpm", "479808c04d50ab8ee07896b6634b759420103fad16ff1d1b07512fd4471d4cd4"},
  "nerves_time": {:hex, :nerves_time, "0.4.1", "b9fa73af7592f9fa7bad32f2c8ae655f9209dbc67f534c4f0532ec354a95dd7a", [:make, :mix], [{:elixir_make, "~> 0.6", [hex: :elixir_make, repo: "hexpm", optional: false]}, {:muontrap, "~> 0.5", [hex: :muontrap, repo: "hexpm", optional: false]}], "hexpm", "1683db2cb7b3f2d04e9a259b2a3bbd3a9ae534ddff5ee81ae71f3c8a59b25224"},
  "nerves_toolchain_arm_unknown_linux_gnueabihf": {:hex, :nerves_toolchain_arm_unknown_linux_gnueabihf, "1.3.2", "c1adf1c067f46810a678946506f379b8d1694b154fcbc77b1de5fda97494fbfc", [:mix], [{:nerves, "~> 1.0", [hex: :nerves, repo: "hexpm", optional: false]}, {:nerves_toolchain_ctng, "~> 1.7.2", [hex: :nerves_toolchain_ctng, repo: "hexpm", optional: false]}], "hexpm", "0200515efb0ddd6a2318234c7084f7cdb8691fbb83c47def527558b4921f3a3a"},
  "nerves_toolchain_armv6_rpi_linux_gnueabi": {:hex, :nerves_toolchain_armv6_rpi_linux_gnueabi, "1.3.2", "beb0f97d6f432406af6c4fdcee02d2ab750298845834f869a0b98239362783ae", [:mix], [{:nerves, "~> 1.0", [hex: :nerves, repo: "hexpm", optional: false]}, {:nerves_toolchain_ctng, "~> 1.7.2", [hex: :nerves_toolchain_ctng, repo: "hexpm", optional: false]}], "hexpm", "ef93b7d678241be2d4520dceecf6a2116bb87640576211dad3b618ce79b85e39"},
  "nerves_toolchain_ctng": {:hex, :nerves_toolchain_ctng, "1.7.2", "0683dff3b81483879a57e14d8e020314a4d1ecc6ee91952c1d7d9f1f528924a4", [:mix], [{:nerves, "~> 1.0", [hex: :nerves, repo: "hexpm", optional: false]}], "hexpm", "5d44f279705119defac7f28a70edb0273f92b38bc8ae668db4f271cd91f6eaee"},
  "nerves_toolchain_x86_64_unknown_linux_musl": {:hex, :nerves_toolchain_x86_64_unknown_linux_musl, "1.3.2", "cc16ab1dda16d11a8942ba00b91214ce19915a0e1b76888bd432335847add9cf", [:mix], [{:nerves, "~> 1.0", [hex: :nerves, repo: "hexpm", optional: false]}, {:nerves_toolchain_ctng, "~> 1.7.2", [hex: :nerves_toolchain_ctng, repo: "hexpm", optional: false]}], "hexpm", "9117021e9942e35e87604629120c90278f238841dcd627bf085b694647dec396"},
  "nimble_parsec": {:hex, :nimble_parsec, "0.6.0", "32111b3bf39137144abd7ba1cce0914533b2d16ef35e8abc5ec8be6122944263", [:mix], [], "hexpm", "27eac315a94909d4dc68bc07a4a83e06c8379237c5ea528a9acff4ca1c873c52"},
  "one_dhcpd": {:hex, :one_dhcpd, "0.2.4", "2664f2e1ac72cbae0474a88d1a3d55019ccc3ee582ded382589511627a8ed516", [:make, :mix], [{:elixir_make, "~> 0.6", [hex: :elixir_make, repo: "hexpm", optional: false]}], "hexpm", "38f08c228d066153dbe352b150910345e395eacd2db3c19085d54c0baeeebacb"},
  "poolboy": {:hex, :poolboy, "1.5.2", "392b007a1693a64540cead79830443abf5762f5d30cf50bc95cb2c1aaafa006b", [:rebar3], [], "hexpm", "dad79704ce5440f3d5a3681c8590b9dc25d1a561e8f5a9c995281012860901e3"},
  "ring_logger": {:hex, :ring_logger, "0.8.0", "b1baddc269099b2afe2ea3a87b8e2b71e57331c0000038ae55090068aac679db", [:mix], [], "hexpm", "9b2f482e4346c13c11ef555f898202d0ddbfda6e2354e5c6e0559d2b4e0cf781"},
  "shoehorn": {:hex, :shoehorn, "0.6.0", "f9a1b7d6212cf18ba91c4f71c26076059df33cea4db2eb3c098bfa6673349412", [:mix], [{:distillery, "~> 2.1", [hex: :distillery, repo: "hexpm", optional: true]}], "hexpm", "e54a1f58a121caf8f0f3a355686b2661258b1bc0d4fffef8923bd7b11c2f9d79"},
  "socket": {:hex, :socket, "0.3.13", "98a2ab20ce17f95fb512c5cadddba32b57273e0d2dba2d2e5f976c5969d0c632", [:mix], [], "hexpm", "f82ea9833ef49dde272e6568ab8aac657a636acb4cf44a7de8a935acb8957c2e"},
  "system_registry": {:hex, :system_registry, "0.8.2", "df791dc276652fcfb53be4dab823e05f8269b96ac57c26f86a67838dbc0eefe7", [:mix], [], "hexpm", "f7acdede22c73ab0b3735eead7f2095efb2a7a6198366564205274db2ca2a8f8"},
  "toolshed": {:hex, :toolshed, "0.2.13", "620704e3f310baa0e37d9242fbb784bc76b46286239ff5bf8dce698abc8fbcb7", [:mix], [{:nerves_runtime, "~> 0.8", [hex: :nerves_runtime, repo: "hexpm", optional: true]}], "hexpm", "b29bbc190fd5f0f544b5669c97df51ff16aba6e857250c631890b4a10b545727"},
  "uboot_env": {:hex, :uboot_env, "0.2.0", "003a8e7688b59a072fc0a849963622f45bb9efedce9af6ae3a52ba7c6a06149a", [:mix], [], "hexpm", "891d30fbd4795c242418f2430460f52e2c050bbf3e31c64f22ab87b6f10287ee"},
  "vintage_net": {:hex, :vintage_net, "0.8.0", "6d8788c3a6cfddb8b98bacd30d1c58edf29ddb61130667496828129577dca790", [:make, :mix], [{:busybox, "~> 0.1.5", [hex: :busybox, repo: "hexpm", optional: true]}, {:elixir_make, "~> 0.6", [hex: :elixir_make, repo: "hexpm", optional: false]}, {:gen_state_machine, "~> 2.0.0 or ~> 2.1.0", [hex: :gen_state_machine, repo: "hexpm", optional: false]}, {:muontrap, "~> 0.5.1 or ~> 0.6.0", [hex: :muontrap, repo: "hexpm", optional: false]}], "hexpm", "492cdec21b8ee9c2a3bb0dfd6fa12d1f2aadb19875c1bf3f780dc5b899dde9eb"},
  "vintage_net_direct": {:hex, :vintage_net_direct, "0.8.0", "526393cd287b81c8d007f2c6643ee624a9f7e91a0cb1de53cd33468dca85ca34", [:mix], [{:one_dhcpd, "~> 0.2.3", [hex: :one_dhcpd, repo: "hexpm", optional: false]}, {:vintage_net, "~> 0.8.0", [hex: :vintage_net, repo: "hexpm", optional: false]}], "hexpm", "e511d11cae52c95348fbf7aaa9abec633ffd206264d1c368d5453115e34fd1d3"},
  "vintage_net_ethernet": {:hex, :vintage_net_ethernet, "0.8.0", "87e94b399c9f67943a2f4b5344671f561b07e9e0f60064eb5a49d67bfa81ec07", [:mix], [{:vintage_net, "~> 0.8.0", [hex: :vintage_net, repo: "hexpm", optional: false]}], "hexpm", "6a34d99e8f81d84a89ff6a3f1dbceb1139785ac9c7a841622fd010b5826e5c21"},
  "vintage_net_wifi": {:hex, :vintage_net_wifi, "0.8.0", "18529363705a9679b089f854bb24f0f4229e4581f0c06d2f533917b88b8b06fe", [:make, :mix], [{:elixir_make, "~> 0.6", [hex: :elixir_make, repo: "hexpm", optional: false]}, {:vintage_net, "~> 0.8.0", [hex: :vintage_net, repo: "hexpm", optional: false]}], "hexpm", "559418da05c8aebd34e06f009c4b1b1b7568ae4422636576f91e2bbdf15feba8"},
  "zigler": {:hex, :zigler, "0.3.1", "4f587a20d46e0d1c7f7e49108e454096a9e7ed5a3089e489baf6f481c9857929", [:mix], [{:ex_doc, "== 0.21.1", [hex: :ex_doc, repo: "hexpm", optional: false]}, {:jason, "~> 1.1", [hex: :jason, repo: "hexpm", optional: false]}, {:mojito, "~> 0.6.0", [hex: :mojito, repo: "hexpm", optional: false]}, {:nimble_parsec, "~> 0.5", [hex: :nimble_parsec, repo: "hexpm", optional: false]}], "hexpm", "5e58d4f840b4a7b2cdfa8af1a7e367877c2433855165aa292675b9bbadd380b8"},
}
