%{"distillery": {:hex, :distillery, "1.1.2", "4cf32ecc70ca7eecca9e52e111edf320bd78011050825863cd8bc7ffee686c5d", [:mix], []},
  "elixir_ale": {:hex, :elixir_ale, "0.5.7", "f6b978dd30dc3ecf2b5feaef862d30873c6a6fdca41fc7f6bb743d6783b3fe4b", [:make, :mix], [{:elixir_make, "~> 0.4", [hex: :elixir_make, optional: false]}]},
  "elixir_make": {:hex, :elixir_make, "0.4.0", "992f38fabe705bb45821a728f20914c554b276838433349d4f2341f7a687cddf", [:mix], []},
  "firmata": {:git, "https://github.com/kfatehi/firmata.git", "3c9487d26675ac7459ad51ac480c13499fc5918b", []},
  "nerves": {:hex, :nerves, "0.4.7", "c8d08348e6f717cf140da26dc374bcf2f6f7c2bec646073aeab049e08b588173", [:mix], [{:distillery, "~> 1.0", [hex: :distillery, optional: false]}]},
  "nerves_system_br": {:hex, :nerves_system_br, "0.9.4", "5096a9dfec49d4663ccb94c4a4fe45885303fbf31108f7e9400369bdec94b5e7", [:mix], []},
  "nerves_system_linkit": {:hex, :nerves_system_linkit, "0.10.1", "de588a5186d79099eeb59071efc9a1d9e7c7b54502d633e1724134bffceeea73", [:mix], [{:nerves, "~> 0.4.0", [hex: :nerves, optional: false]}, {:nerves_system_br, "~> 0.9.4", [hex: :nerves_system_br, optional: false]}, {:nerves_toolchain_mipsel_unknown_linux_musl, "~> 0.9.0", [hex: :nerves_toolchain_mipsel_unknown_linux_musl, optional: false]}]},
  "nerves_toolchain_ctng": {:hex, :nerves_toolchain_ctng, "0.8.0", "6dff7ed51e1711c5f4da3d559bc528a8265e3dd950dda95f4d6832aed9dbe320", [:mix], []},
  "nerves_toolchain_mipsel_unknown_linux_musl": {:hex, :nerves_toolchain_mipsel_unknown_linux_musl, "0.9.0", "d63ee827697588be6edb673f2ff7ce2ef135e3ea9d6a4c339b8d2dfbb952584a", [:mix], [{:nerves, "~> 0.4.0", [hex: :nerves, optional: false]}, {:nerves_toolchain_ctng, "~> 0.8.0", [hex: :nerves_toolchain_ctng, optional: false]}]},
  "nerves_uart": {:hex, :nerves_uart, "0.1.1", "32e6186b1a1b1d744631126df0b6c4049ddde5b04bc0303de29ab86a2edf60a2", [:make, :mix], [{:elixir_make, "~> 0.3", [hex: :elixir_make, optional: false]}]}}
