%{
  "beam_notify": {:hex, :beam_notify, "0.2.1", "64f94f5b486b4cc96ef10a633188560cdd6ae2fccaf6fd746851cdc12b85d5f1", [:make, :mix], [{:elixir_make, "~> 0.6", [hex: :elixir_make, repo: "hexpm", optional: false]}], "hexpm", "d1b3a8d280867c43c2c53e61556ca5ad87e0907ad25797d2c753bac5d8b3dc44"},
  "circular_buffer": {:hex, :circular_buffer, "0.4.0", "a51ea76bb03c4a38207934264bcc600018ead966728ca80da731458c5f940f8b", [:mix], [], "hexpm", "c604b19f2101982b63264e2ed90c6fb0fe502540b6af83ce95135ac9b6f2d847"},
  "cowboy": {:hex, :cowboy, "2.9.0", "865dd8b6607e14cf03282e10e934023a1bd8be6f6bacf921a7e2a96d800cd452", [:make, :rebar3], [{:cowlib, "2.11.0", [hex: :cowlib, repo: "hexpm", optional: false]}, {:ranch, "1.8.0", [hex: :ranch, repo: "hexpm", optional: false]}], "hexpm", "2c729f934b4e1aa149aff882f57c6372c15399a20d54f65c8d67bef583021bde"},
  "cowboy_telemetry": {:hex, :cowboy_telemetry, "0.3.1", "ebd1a1d7aff97f27c66654e78ece187abdc646992714164380d8a041eda16754", [:rebar3], [{:cowboy, "~> 2.7", [hex: :cowboy, repo: "hexpm", optional: false]}, {:telemetry, "~> 0.4", [hex: :telemetry, repo: "hexpm", optional: false]}], "hexpm", "3a6efd3366130eab84ca372cbd4a7d3c3a97bdfcfb4911233b035d117063f0af"},
  "cowlib": {:hex, :cowlib, "2.11.0", "0b9ff9c346629256c42ebe1eeb769a83c6cb771a6ee5960bd110ab0b9b872063", [:make, :rebar3], [], "hexpm", "2b3e9da0b21c4565751a6d4901c20d1b4cc25cbb7fd50d91d2ab6dd287bc86a9"},
  "elixir_make": {:hex, :elixir_make, "0.6.2", "7dffacd77dec4c37b39af867cedaabb0b59f6a871f89722c25b28fcd4bd70530", [:mix], [], "hexpm", "03e49eadda22526a7e5279d53321d1cced6552f344ba4e03e619063de75348d9"},
  "file_system": {:hex, :file_system, "0.2.10", "fb082005a9cd1711c05b5248710f8826b02d7d1784e7c3451f9c1231d4fc162d", [:mix], [], "hexpm", "41195edbfb562a593726eda3b3e8b103a309b733ad25f3d642ba49696bf715dc"},
  "gen_state_machine": {:hex, :gen_state_machine, "3.0.0", "1e57f86a494e5c6b14137ebef26a7eb342b3b0070c7135f2d6768ed3f6b6cdff", [:mix], [], "hexpm", "0a59652574bebceb7309f6b749d2a41b45fdeda8dbb4da0791e355dd19f0ed15"},
  "gettext": {:hex, :gettext, "0.18.2", "7df3ea191bb56c0309c00a783334b288d08a879f53a7014341284635850a6e55", [:mix], [], "hexpm", "f9f537b13d4fdd30f3039d33cb80144c3aa1f8d9698e47d7bcbcc8df93b1f5c5"},
  "jason": {:hex, :jason, "1.2.2", "ba43e3f2709fd1aa1dce90aaabfd039d000469c05c56f0b8e31978e03fa39052", [:mix], [{:decimal, "~> 1.0 or ~> 2.0", [hex: :decimal, repo: "hexpm", optional: true]}], "hexpm", "18a228f5f0058ee183f29f9eae0805c6e59d61c3b006760668d8d18ff0d12179"},
  "mdns_lite": {:hex, :mdns_lite, "0.8.2", "8ad6e8e287861d758f1ace9349c76512e4e23c1425b68b6204e1c24c1146a9d3", [:mix], [{:vintage_net, "~> 0.7", [hex: :vintage_net, repo: "hexpm", optional: false]}], "hexpm", "ff2f8d61c898ec6c602806acbc9ed238d75a9a81837546a94f96f57bdfb96ad2"},
  "mime": {:hex, :mime, "2.0.1", "0de4c81303fe07806ebc2494d5321ce8fb4df106e34dd5f9d787b637ebadc256", [:mix], [], "hexpm", "7a86b920d2aedce5fb6280ac8261ac1a739ae6c1a1ad38f5eadf910063008942"},
  "muontrap": {:hex, :muontrap, "0.6.1", "fa11dc9152470c4d0ce5a5fcb6524d8c1edc9bf6d63b3f6a89096f1e751ae271", [:make, :mix], [{:elixir_make, "~> 0.6", [hex: :elixir_make, repo: "hexpm", optional: false]}], "hexpm", "86d1ef2fa0a30435a1d595e96f631ad4a24a931d8d855688e012fadd7147bd1d"},
  "nerves": {:hex, :nerves, "1.7.11", "67820b7055b541ce20f7bce40672a06268673ba8c47576a76e703d537a136a74", [:make, :mix], [{:elixir_make, "~> 0.6", [hex: :elixir_make, repo: "hexpm", optional: false]}, {:jason, "~> 1.2", [hex: :jason, repo: "hexpm", optional: true]}], "hexpm", "79535d00928c81a93ea5311497b00f0ca7bc0a8aa405134d16597a02b2616e89"},
  "nerves_motd": {:hex, :nerves_motd, "0.1.1", "c7db68e93aa76fd0c332dfcfe890daeea3c07c8d154bd0f8c94e96dbfba9c49c", [:mix], [{:nerves_runtime, "~> 0.8", [hex: :nerves_runtime, repo: "hexpm", optional: false]}], "hexpm", "d634f71e5d4b550bada183c7dad45708685261317dd5e48870b32c014d59048e"},
  "nerves_pack": {:hex, :nerves_pack, "0.5.0", "c48a600940d302cc4595668f54439aa27745554756045ddab2a2a46178350fd7", [:mix], [{:mdns_lite, "~> 0.6", [hex: :mdns_lite, repo: "hexpm", optional: false]}, {:nerves_motd, "~> 0.1", [hex: :nerves_motd, repo: "hexpm", optional: false]}, {:nerves_runtime, "~> 0.6", [hex: :nerves_runtime, repo: "hexpm", optional: false]}, {:nerves_ssh, "~> 0.2", [hex: :nerves_ssh, repo: "hexpm", optional: false]}, {:nerves_time, "~> 0.3", [hex: :nerves_time, repo: "hexpm", optional: false]}, {:ring_logger, "~> 0.8", [hex: :ring_logger, repo: "hexpm", optional: false]}, {:vintage_net, "~> 0.7", [hex: :vintage_net, repo: "hexpm", optional: false]}, {:vintage_net_direct, "~> 0.7", [hex: :vintage_net_direct, repo: "hexpm", optional: false]}, {:vintage_net_ethernet, "~> 0.7", [hex: :vintage_net_ethernet, repo: "hexpm", optional: false]}, {:vintage_net_wifi, "~> 0.7", [hex: :vintage_net_wifi, repo: "hexpm", optional: false]}], "hexpm", "279116b3b66c8fed710732bceaa60e91b9e7b83747ba087a1f57d3cc3c038cdb"},
  "nerves_runtime": {:hex, :nerves_runtime, "0.11.7", "eb4af57fbae6705d8edf7764173d860aa136d8df1b123f235b0754859e43c1c1", [:make, :mix], [{:elixir_make, "~> 0.6", [hex: :elixir_make, repo: "hexpm", optional: false]}, {:system_registry, "~> 0.8.0", [hex: :system_registry, repo: "hexpm", optional: false]}, {:uboot_env, "~> 0.1.1 or ~> 0.2.0 or ~> 0.3.0", [hex: :uboot_env, repo: "hexpm", optional: false]}], "hexpm", "68a6f93f4c73b05c0a7dccb6cb6e7624aad3fcbd4a6dfbe27233a1fef572ab65"},
  "nerves_ssh": {:hex, :nerves_ssh, "0.2.2", "7154bbb75825f5176317b94dfdc65aa353aab8f49ef72b66c77342be5fa92f47", [:mix], [{:nerves_runtime, "~> 0.11", [hex: :nerves_runtime, repo: "hexpm", optional: false]}, {:ssh_subsystem_fwup, "~> 0.5", [hex: :ssh_subsystem_fwup, repo: "hexpm", optional: false]}], "hexpm", "8b073aabefb4ef050eb00922f67fe0e870d104a94e7ba7748d335451f4f90479"},
  "nerves_system_bbb": {:hex, :nerves_system_bbb, "2.12.0", "4da5eb340997ffa36a5bf75a04a21174f1293201935f8ff54102ff37214263d3", [:mix], [{:nerves, "~> 1.5.4 or ~> 1.6.0 or ~> 1.7.4", [hex: :nerves, repo: "hexpm", optional: false]}, {:nerves_system_br, "1.17.0", [hex: :nerves_system_br, repo: "hexpm", optional: false]}, {:nerves_toolchain_armv7_nerves_linux_gnueabihf, "~> 1.4.3", [hex: :nerves_toolchain_armv7_nerves_linux_gnueabihf, repo: "hexpm", optional: false]}], "hexpm", "0e4f4704b4cdead865686139b00f38c9eecb2e7779760b25c6b0cb1436793a91"},
  "nerves_system_br": {:hex, :nerves_system_br, "1.17.0", "abcb13325661a257dc9ec6fca472379ddc44c8d50da1bb026406735ca9703580", [:mix], [], "hexpm", "4515aeb1ac9c7f5a0fc4dedc65acc686f3e386fb79a2b5d9c199e6a6aef62f9c"},
  "nerves_system_osd32mp1": {:hex, :nerves_system_osd32mp1, "0.8.0", "eb9bb76fbc8f1ac113548c38beec7c8609e0ab7e84f42cde2dbaf229e6d563ca", [:mix], [{:nerves, "~> 1.5.4 or ~> 1.6.0 or ~> 1.7.4", [hex: :nerves, repo: "hexpm", optional: false]}, {:nerves_system_br, "1.17.0", [hex: :nerves_system_br, repo: "hexpm", optional: false]}, {:nerves_toolchain_armv7_nerves_linux_gnueabihf, "~> 1.4.3", [hex: :nerves_toolchain_armv7_nerves_linux_gnueabihf, repo: "hexpm", optional: false]}], "hexpm", "aa1de609e801515e07612844d8203e614ff30bd9a5dbcfa3af8b9b9cb18f9637"},
  "nerves_system_rpi": {:hex, :nerves_system_rpi, "1.17.0", "4025316e80ea727a0704863e4546e5f61d2765d406e950482be0569723345b60", [:mix], [{:nerves, "~> 1.5.4 or ~> 1.6.0 or ~> 1.7.3", [hex: :nerves, repo: "hexpm", optional: false]}, {:nerves_system_br, "1.17.0", [hex: :nerves_system_br, repo: "hexpm", optional: false]}, {:nerves_toolchain_armv6_nerves_linux_gnueabihf, "~> 1.4.3", [hex: :nerves_toolchain_armv6_nerves_linux_gnueabihf, repo: "hexpm", optional: false]}], "hexpm", "b18ec9f73da3d92794f64e6b04af208b1581dfba30d92c04c630b8646a48ea3a"},
  "nerves_system_rpi0": {:hex, :nerves_system_rpi0, "1.17.0", "f01bc27bfcdf1a1ac35c148ce766ef1cc52de3f69adbd1878e823bfcd96f4a9e", [:mix], [{:nerves, "~> 1.5.4 or ~> 1.6.0 or ~> 1.7.3", [hex: :nerves, repo: "hexpm", optional: false]}, {:nerves_system_br, "1.17.0", [hex: :nerves_system_br, repo: "hexpm", optional: false]}, {:nerves_toolchain_armv6_nerves_linux_gnueabihf, "~> 1.4.3", [hex: :nerves_toolchain_armv6_nerves_linux_gnueabihf, repo: "hexpm", optional: false]}], "hexpm", "941e6e02393233c665c0240eb194972947c99a0692110c9eed66825ec5bb0383"},
  "nerves_system_rpi2": {:hex, :nerves_system_rpi2, "1.17.0", "9ebc3b0a678aaa950617667503af379a7aa8a46d250fec144646a18176e856eb", [:mix], [{:nerves, "~> 1.5.4 or ~> 1.6.0 or ~> 1.7.4", [hex: :nerves, repo: "hexpm", optional: false]}, {:nerves_system_br, "1.17.0", [hex: :nerves_system_br, repo: "hexpm", optional: false]}, {:nerves_toolchain_armv7_nerves_linux_gnueabihf, "~> 1.4.3", [hex: :nerves_toolchain_armv7_nerves_linux_gnueabihf, repo: "hexpm", optional: false]}], "hexpm", "3b762353f0aa395f95dbc45a5ce4d53590575c1e8a9de76c2c5ee90d792c58c7"},
  "nerves_system_rpi3": {:hex, :nerves_system_rpi3, "1.17.0", "59dd003152ece6f4bf972fcb5008141c0531d1351c33ead78834041ec7e4ad34", [:mix], [{:nerves, "~> 1.5.4 or ~> 1.6.0 or ~> 1.7.4", [hex: :nerves, repo: "hexpm", optional: false]}, {:nerves_system_br, "1.17.0", [hex: :nerves_system_br, repo: "hexpm", optional: false]}, {:nerves_toolchain_armv7_nerves_linux_gnueabihf, "~> 1.4.3", [hex: :nerves_toolchain_armv7_nerves_linux_gnueabihf, repo: "hexpm", optional: false]}], "hexpm", "71ce83ca67e84d387b2b5e5131558a94271ea6652a1144b0b6619cb258f7da05"},
  "nerves_system_rpi3a": {:hex, :nerves_system_rpi3a, "1.17.0", "c2d5e9d30ff7a0297b2b158766d7e8d361749755e1b510862873545980eb6e95", [:mix], [{:nerves, "~> 1.5.4 or ~> 1.6.0 or ~> 1.7.3", [hex: :nerves, repo: "hexpm", optional: false]}, {:nerves_system_br, "1.17.0", [hex: :nerves_system_br, repo: "hexpm", optional: false]}, {:nerves_toolchain_armv7_nerves_linux_gnueabihf, "~> 1.4.3", [hex: :nerves_toolchain_armv7_nerves_linux_gnueabihf, repo: "hexpm", optional: false]}], "hexpm", "623ded813d2453140dcaff84ba9fffa707caab9d344c7faff4883a77b84c10dc"},
  "nerves_system_rpi4": {:hex, :nerves_system_rpi4, "1.17.0", "bdc9b1e7f6e723a7381c29fd92aa7a72643b462a471335e455e2393b66a4ef3c", [:mix], [{:nerves, "~> 1.5.4 or ~> 1.6.0 or ~> 1.7.3", [hex: :nerves, repo: "hexpm", optional: false]}, {:nerves_system_br, "1.17.0", [hex: :nerves_system_br, repo: "hexpm", optional: false]}, {:nerves_toolchain_aarch64_nerves_linux_gnu, "~> 1.4.3", [hex: :nerves_toolchain_aarch64_nerves_linux_gnu, repo: "hexpm", optional: false]}], "hexpm", "eef28d2dce9b0e9a9873a93d714a4013ff6c29104418152e578bb19f174cdb4f"},
  "nerves_system_x86_64": {:hex, :nerves_system_x86_64, "1.17.0", "ce94553daf0cef122f50e28cf4aa95c071a902949201514e2a2535ca8b389ce4", [:mix], [{:nerves, "~> 1.5.4 or ~> 1.6.0 or ~> 1.7.4", [hex: :nerves, repo: "hexpm", optional: false]}, {:nerves_system_br, "1.17.0", [hex: :nerves_system_br, repo: "hexpm", optional: false]}, {:nerves_toolchain_x86_64_nerves_linux_musl, "~> 1.4.3", [hex: :nerves_toolchain_x86_64_nerves_linux_musl, repo: "hexpm", optional: false]}], "hexpm", "a181946cfb1c765c1c79705317143b21a61be5d613472db4b0532bd845675a85"},
  "nerves_time": {:hex, :nerves_time, "0.4.3", "c936ddf7f1f9eb890c8dfcf116f5ac665780351704066282bed15fe6d2cf9b1b", [:make, :mix], [{:elixir_make, "~> 0.6", [hex: :elixir_make, repo: "hexpm", optional: false]}, {:muontrap, "~> 0.5", [hex: :muontrap, repo: "hexpm", optional: false]}], "hexpm", "a8a7d6e129e90ce35296d0e3522580335da8a0413790ad27c33bcea0cb63c4e5"},
  "nerves_toolchain_aarch64_nerves_linux_gnu": {:hex, :nerves_toolchain_aarch64_nerves_linux_gnu, "1.4.3", "6aa784fd3779251a4438e9874ed646492c3a4289f10581d01c4d61acda7d0b2d", [:mix], [{:nerves, "~> 1.4", [hex: :nerves, repo: "hexpm", optional: false]}, {:nerves_toolchain_ctng, "~> 1.8.4", [hex: :nerves_toolchain_ctng, repo: "hexpm", optional: false]}], "hexpm", "75ab06af12118b423b4bba870a4f10d81f83678fd7fc57278927ce9d52516c5e"},
  "nerves_toolchain_armv6_nerves_linux_gnueabihf": {:hex, :nerves_toolchain_armv6_nerves_linux_gnueabihf, "1.4.3", "c75a3975388c3378deb72ed50178f34f8cc47b575b32546d22e522a577f6b8c0", [:mix], [{:nerves, "~> 1.0", [hex: :nerves, repo: "hexpm", optional: false]}, {:nerves_toolchain_ctng, "~> 1.8.4", [hex: :nerves_toolchain_ctng, repo: "hexpm", optional: false]}], "hexpm", "33e3a174ff51f81bca3181560d33c065694828e8c8c72aada0b92a46ba7cfbe5"},
  "nerves_toolchain_armv7_nerves_linux_gnueabihf": {:hex, :nerves_toolchain_armv7_nerves_linux_gnueabihf, "1.4.3", "ff5b8fed2a71daea7ac07a5a0a6ecec7a4985d2a617a89ab073591d441d9cda4", [:mix], [{:nerves, "~> 1.0", [hex: :nerves, repo: "hexpm", optional: false]}, {:nerves_toolchain_ctng, "~> 1.8.4", [hex: :nerves_toolchain_ctng, repo: "hexpm", optional: false]}], "hexpm", "ffefca61b7282a5a10032e61b6dab6758d24eee732c5d8c16fe6aada52dd099a"},
  "nerves_toolchain_ctng": {:hex, :nerves_toolchain_ctng, "1.8.4", "2f6b4153e3904502d117f9d957c12eaafd490e1d2bdf20a85328ada46a1350da", [:mix], [{:nerves, "~> 1.0", [hex: :nerves, repo: "hexpm", optional: false]}], "hexpm", "6194be9b1364fdc1db6b2a0e98fa8dcb94fe1af373dcf8149298d62ce9b1b369"},
  "nerves_toolchain_x86_64_nerves_linux_musl": {:hex, :nerves_toolchain_x86_64_nerves_linux_musl, "1.4.3", "2fb6fd7e618afb0bc2f3114bd316381229b288d7a2f392ea3538359717cd5263", [:mix], [{:nerves, "~> 1.0", [hex: :nerves, repo: "hexpm", optional: false]}, {:nerves_toolchain_ctng, "~> 1.8.4", [hex: :nerves_toolchain_ctng, repo: "hexpm", optional: false]}], "hexpm", "bdb044a2be8fe99d7b2606e478c64051b4a4cac6a4b69a617f0438a20e480a7c"},
  "one_dhcpd": {:hex, :one_dhcpd, "0.2.5", "ecec86e567839bde69717abb24c1ae5c74fcdc71beccfce541a0c3149aa980a4", [:make, :mix], [{:elixir_make, "~> 0.6", [hex: :elixir_make, repo: "hexpm", optional: false]}], "hexpm", "4d59693a9998c7dfd6d9f06c556ff23c73c817832f812205a6f09d38250b6dfa"},
  "phoenix": {:hex, :phoenix, "1.5.13", "d4e0805ec0973bed80d67302631130fb47d75b1a0b7335a0b23c4432b6ce55ee", [:mix], [{:jason, "~> 1.0", [hex: :jason, repo: "hexpm", optional: true]}, {:phoenix_html, "~> 2.13 or ~> 3.0", [hex: :phoenix_html, repo: "hexpm", optional: true]}, {:phoenix_pubsub, "~> 2.0", [hex: :phoenix_pubsub, repo: "hexpm", optional: false]}, {:plug, "~> 1.10", [hex: :plug, repo: "hexpm", optional: false]}, {:plug_cowboy, "~> 1.0 or ~> 2.2", [hex: :plug_cowboy, repo: "hexpm", optional: true]}, {:plug_crypto, "~> 1.1.2 or ~> 1.2", [hex: :plug_crypto, repo: "hexpm", optional: false]}, {:telemetry, "~> 0.4 or ~> 1.0", [hex: :telemetry, repo: "hexpm", optional: false]}], "hexpm", "1a7c4f1900e6e60bb60ae6680e48418e3f7c360d58bcb9f812487b6d0d281a0f"},
  "phoenix_html": {:hex, :phoenix_html, "2.14.3", "51f720d0d543e4e157ff06b65de38e13303d5778a7919bcc696599e5934271b8", [:mix], [{:plug, "~> 1.5", [hex: :plug, repo: "hexpm", optional: false]}], "hexpm", "efd697a7fff35a13eeeb6b43db884705cba353a1a41d127d118fda5f90c8e80f"},
  "phoenix_live_dashboard": {:hex, :phoenix_live_dashboard, "0.4.0", "87990e68b60213d7487e65814046f9a2bed4a67886c943270125913499b3e5c3", [:mix], [{:ecto_psql_extras, "~> 0.4.1 or ~> 0.5", [hex: :ecto_psql_extras, repo: "hexpm", optional: true]}, {:phoenix_html, "~> 2.14.1 or ~> 2.15", [hex: :phoenix_html, repo: "hexpm", optional: false]}, {:phoenix_live_view, "~> 0.15.0", [hex: :phoenix_live_view, repo: "hexpm", optional: false]}, {:telemetry_metrics, "~> 0.4.0 or ~> 0.5.0 or ~> 0.6.0", [hex: :telemetry_metrics, repo: "hexpm", optional: false]}], "hexpm", "8d52149e58188e9e4497cc0d8900ab94d9b66f96998ec38c47c7a4f8f4f50e57"},
  "phoenix_live_reload": {:hex, :phoenix_live_reload, "1.3.3", "3a53772a6118d5679bf50fc1670505a290e32a1d195df9e069d8c53ab040c054", [:mix], [{:file_system, "~> 0.2.1 or ~> 0.3", [hex: :file_system, repo: "hexpm", optional: false]}, {:phoenix, "~> 1.4", [hex: :phoenix, repo: "hexpm", optional: false]}], "hexpm", "766796676e5f558dbae5d1bdb066849673e956005e3730dfd5affd7a6da4abac"},
  "phoenix_live_view": {:hex, :phoenix_live_view, "0.15.7", "09720b8e5151b3ca8ef739cd7626d4feb987c69ba0b509c9bbdb861d5a365881", [:mix], [{:jason, "~> 1.0", [hex: :jason, repo: "hexpm", optional: true]}, {:phoenix, "~> 1.5.7", [hex: :phoenix, repo: "hexpm", optional: false]}, {:phoenix_html, "~> 2.14", [hex: :phoenix_html, repo: "hexpm", optional: false]}, {:telemetry, "~> 0.4.2 or ~> 0.5", [hex: :telemetry, repo: "hexpm", optional: false]}], "hexpm", "3a756cf662420272d0f1b3b908cce5222163b5a95aa9bab404f9d29aff53276e"},
  "phoenix_pubsub": {:hex, :phoenix_pubsub, "2.0.0", "a1ae76717bb168cdeb10ec9d92d1480fec99e3080f011402c0a2d68d47395ffb", [:mix], [], "hexpm", "c52d948c4f261577b9c6fa804be91884b381a7f8f18450c5045975435350f771"},
  "plug": {:hex, :plug, "1.12.1", "645678c800601d8d9f27ad1aebba1fdb9ce5b2623ddb961a074da0b96c35187d", [:mix], [{:mime, "~> 1.0 or ~> 2.0", [hex: :mime, repo: "hexpm", optional: false]}, {:plug_crypto, "~> 1.1.1 or ~> 1.2", [hex: :plug_crypto, repo: "hexpm", optional: false]}, {:telemetry, "~> 0.4.3 or ~> 1.0", [hex: :telemetry, repo: "hexpm", optional: false]}], "hexpm", "d57e799a777bc20494b784966dc5fbda91eb4a09f571f76545b72a634ce0d30b"},
  "plug_cowboy": {:hex, :plug_cowboy, "2.5.2", "62894ccd601cf9597e2c23911ff12798a8a18d237e9739f58a6b04e4988899fe", [:mix], [{:cowboy, "~> 2.7", [hex: :cowboy, repo: "hexpm", optional: false]}, {:cowboy_telemetry, "~> 0.3", [hex: :cowboy_telemetry, repo: "hexpm", optional: false]}, {:plug, "~> 1.7", [hex: :plug, repo: "hexpm", optional: false]}], "hexpm", "ea6e87f774c8608d60c8d34022a7d073bd7680a0a013f049fc62bf35efea1044"},
  "plug_crypto": {:hex, :plug_crypto, "1.2.2", "05654514ac717ff3a1843204b424477d9e60c143406aa94daf2274fdd280794d", [:mix], [], "hexpm", "87631c7ad914a5a445f0a3809f99b079113ae4ed4b867348dd9eec288cecb6db"},
  "ranch": {:hex, :ranch, "1.8.0", "8c7a100a139fd57f17327b6413e4167ac559fbc04ca7448e9be9057311597a1d", [:make, :rebar3], [], "hexpm", "49fbcfd3682fab1f5d109351b61257676da1a2fdbe295904176d5e521a2ddfe5"},
  "ring_logger": {:hex, :ring_logger, "0.8.2", "78e0ffbf89b3f5b3c58f8660cb6b6fe2ca7ed5f56dc64e993119189d629c278c", [:mix], [{:circular_buffer, "~> 0.4.0", [hex: :circular_buffer, repo: "hexpm", optional: false]}], "hexpm", "864c8982bfcdc17b7501d00cc2bcede6727ebf95cbeba30e70c795d03f9138c1"},
  "shoehorn": {:hex, :shoehorn, "0.7.0", "fc23870fb6b470f5c520fee692637b120a36e163842ab497bbec7e8a1aa6cfe3", [:mix], [], "hexpm", "eeb317ac677b228906039ccf532a582ad9f6d31d7958c98f5c853fe0459e0243"},
  "ssh_subsystem_fwup": {:hex, :ssh_subsystem_fwup, "0.6.0", "821b9cdf52b8dcc286183bce7641e62589373642a10180cd4cadd8e322bc4e8e", [:mix], [], "hexpm", "e5bcc923af4ae49368177437d20383730d096281beb18e9e9a36806aff1ca750"},
  "system_registry": {:hex, :system_registry, "0.8.2", "df791dc276652fcfb53be4dab823e05f8269b96ac57c26f86a67838dbc0eefe7", [:mix], [], "hexpm", "f7acdede22c73ab0b3735eead7f2095efb2a7a6198366564205274db2ca2a8f8"},
  "telemetry": {:hex, :telemetry, "0.4.3", "a06428a514bdbc63293cd9a6263aad00ddeb66f608163bdec7c8995784080818", [:rebar3], [], "hexpm", "eb72b8365ffda5bed68a620d1da88525e326cb82a75ee61354fc24b844768041"},
  "telemetry_metrics": {:hex, :telemetry_metrics, "0.6.1", "315d9163a1d4660aedc3fee73f33f1d355dcc76c5c3ab3d59e76e3edf80eef1f", [:mix], [{:telemetry, "~> 0.4 or ~> 1.0", [hex: :telemetry, repo: "hexpm", optional: false]}], "hexpm", "7be9e0871c41732c233be71e4be11b96e56177bf15dde64a8ac9ce72ac9834c6"},
  "telemetry_poller": {:hex, :telemetry_poller, "0.5.1", "21071cc2e536810bac5628b935521ff3e28f0303e770951158c73eaaa01e962a", [:rebar3], [{:telemetry, "~> 0.4", [hex: :telemetry, repo: "hexpm", optional: false]}], "hexpm", "4cab72069210bc6e7a080cec9afffad1b33370149ed5d379b81c7c5f0c663fd4"},
  "toolshed": {:hex, :toolshed, "0.2.24", "9df521cd565fd921dbfcd9668f4a1378efeb33a834743a287f4a7f9c9f01baa0", [:mix], [{:nerves_runtime, "~> 0.8", [hex: :nerves_runtime, repo: "hexpm", optional: true]}], "hexpm", "c80de2c3a2ddeada0f709938607a1d3a136242168ea6638a12cf09445c8cf2f6"},
  "uboot_env": {:hex, :uboot_env, "0.3.0", "8afbcc8e5b65e5d0d5660ded2f5835a959d2326fa8683183f380cd6464e75174", [:mix], [], "hexpm", "d8fe5d2b4d52a14398ace02bd604ff7a0fa8960550bb7254f75dcbd438ddc6a1"},
  "vintage_net": {:hex, :vintage_net, "0.10.5", "0441e5c76338ca071c97503390fcfc484c2f352b7573453e8da1255e65345c96", [:make, :mix], [{:beam_notify, "~> 0.2.0", [hex: :beam_notify, repo: "hexpm", optional: false]}, {:elixir_make, "~> 0.6", [hex: :elixir_make, repo: "hexpm", optional: false]}, {:gen_state_machine, "~> 2.0.0 or ~> 2.1.0 or ~> 3.0.0", [hex: :gen_state_machine, repo: "hexpm", optional: false]}, {:muontrap, "~> 0.5.1 or ~> 0.6.0", [hex: :muontrap, repo: "hexpm", optional: false]}], "hexpm", "69b599dff8e018d562a7dbdb1c192b663aad6ae7ced5690b3c0a1337f9f1f65c"},
  "vintage_net_direct": {:hex, :vintage_net_direct, "0.10.1", "3daf4bc86595119f144b4956cbcef0916a2fd8b1238164040f82fe6fa6c1bcd9", [:mix], [{:one_dhcpd, "~> 0.2.3", [hex: :one_dhcpd, repo: "hexpm", optional: false]}, {:vintage_net, "~> 0.9.1 or ~> 0.10.0", [hex: :vintage_net, repo: "hexpm", optional: false]}], "hexpm", "bf0643a1f6533eddcac88ca94d16c52285d0252fe1675b140886c96f0e8ae39d"},
  "vintage_net_ethernet": {:hex, :vintage_net_ethernet, "0.10.2", "7af44e5db1a536238061358bb3111f65e6b80157100016b34012ce68d2b34031", [:mix], [{:vintage_net, "~> 0.10.0", [hex: :vintage_net, repo: "hexpm", optional: false]}], "hexpm", "f80d3f8a80cebcf2f2091f46fb8f3f0dee1aea7f4e94890c19cfc512e26e496f"},
  "vintage_net_wifi": {:hex, :vintage_net_wifi, "0.10.6", "f5509f7c455ee5f4bc52174ada4d8eaf6e6e597f9d5ba51f17ffed613c0e0a8a", [:make, :mix], [{:elixir_make, "~> 0.6", [hex: :elixir_make, repo: "hexpm", optional: false]}, {:vintage_net, "~> 0.10.0 or ~> 0.11.0", [hex: :vintage_net, repo: "hexpm", optional: false]}], "hexpm", "2d94acb727ba5982e1c17b50cb08594d644f8da7bd8f9a56c68d2de972319080"},
}
