%{
  "beam_notify": {:hex, :beam_notify, "1.0.0", "5b8dceed76f8ac4acadf4d2915ac85b98c42bb17d7dd58253c7593d2a0deedbd", [:make, :mix], [{:elixir_make, "~> 0.6", [hex: :elixir_make, repo: "hexpm", optional: false]}], "hexpm", "a80331f6c3596918affa408d91ed634106b7ae71b3fc589432363aca68378362"},
  "castore": {:hex, :castore, "0.1.13", "ccf3ab251ffaebc4319f41d788ce59a6ab3f42b6c27e598ad838ffecee0b04f9", [:mix], [], "hexpm", "a14a7eecfec7e20385493dbb92b0d12c5d77ecfd6307de10102d58c94e8c49c0"},
  "circular_buffer": {:hex, :circular_buffer, "0.4.0", "a51ea76bb03c4a38207934264bcc600018ead966728ca80da731458c5f940f8b", [:mix], [], "hexpm", "c604b19f2101982b63264e2ed90c6fb0fe502540b6af83ce95135ac9b6f2d847"},
  "cowboy": {:hex, :cowboy, "2.9.0", "865dd8b6607e14cf03282e10e934023a1bd8be6f6bacf921a7e2a96d800cd452", [:make, :rebar3], [{:cowlib, "2.11.0", [hex: :cowlib, repo: "hexpm", optional: false]}, {:ranch, "1.8.0", [hex: :ranch, repo: "hexpm", optional: false]}], "hexpm", "2c729f934b4e1aa149aff882f57c6372c15399a20d54f65c8d67bef583021bde"},
  "cowboy_telemetry": {:hex, :cowboy_telemetry, "0.4.0", "f239f68b588efa7707abce16a84d0d2acf3a0f50571f8bb7f56a15865aae820c", [:rebar3], [{:cowboy, "~> 2.7", [hex: :cowboy, repo: "hexpm", optional: false]}, {:telemetry, "~> 1.0", [hex: :telemetry, repo: "hexpm", optional: false]}], "hexpm", "7d98bac1ee4565d31b62d59f8823dfd8356a169e7fcbb83831b8a5397404c9de"},
  "cowlib": {:hex, :cowlib, "2.11.0", "0b9ff9c346629256c42ebe1eeb769a83c6cb771a6ee5960bd110ab0b9b872063", [:make, :rebar3], [], "hexpm", "2b3e9da0b21c4565751a6d4901c20d1b4cc25cbb7fd50d91d2ab6dd287bc86a9"},
  "elixir_make": {:hex, :elixir_make, "0.6.3", "bc07d53221216838d79e03a8019d0839786703129599e9619f4ab74c8c096eac", [:mix], [], "hexpm", "f5cbd651c5678bcaabdbb7857658ee106b12509cd976c2c2fca99688e1daf716"},
  "esbuild": {:hex, :esbuild, "0.3.4", "416203c642eb84b207f882cf7953a1fd7bb71e23f5f86554f983bb7bad18b897", [:mix], [{:castore, ">= 0.0.0", [hex: :castore, repo: "hexpm", optional: false]}], "hexpm", "c472e38b37e9547113776b1e4b64b44ec540bcc7056dd252c2c3ffba41aa9793"},
  "file_system": {:hex, :file_system, "0.2.10", "fb082005a9cd1711c05b5248710f8826b02d7d1784e7c3451f9c1231d4fc162d", [:mix], [], "hexpm", "41195edbfb562a593726eda3b3e8b103a309b733ad25f3d642ba49696bf715dc"},
  "gen_state_machine": {:hex, :gen_state_machine, "3.0.0", "1e57f86a494e5c6b14137ebef26a7eb342b3b0070c7135f2d6768ed3f6b6cdff", [:mix], [], "hexpm", "0a59652574bebceb7309f6b749d2a41b45fdeda8dbb4da0791e355dd19f0ed15"},
  "gettext": {:hex, :gettext, "0.18.2", "7df3ea191bb56c0309c00a783334b288d08a879f53a7014341284635850a6e55", [:mix], [], "hexpm", "f9f537b13d4fdd30f3039d33cb80144c3aa1f8d9698e47d7bcbcc8df93b1f5c5"},
  "jason": {:hex, :jason, "1.2.2", "ba43e3f2709fd1aa1dce90aaabfd039d000469c05c56f0b8e31978e03fa39052", [:mix], [{:decimal, "~> 1.0 or ~> 2.0", [hex: :decimal, repo: "hexpm", optional: true]}], "hexpm", "18a228f5f0058ee183f29f9eae0805c6e59d61c3b006760668d8d18ff0d12179"},
  "mdns_lite": {:hex, :mdns_lite, "0.8.3", "41ec5b6532a77737086f83b7ecd0a710bb2fe426221002d9b5ca9f279367a53c", [:mix], [{:vintage_net, "~> 0.7", [hex: :vintage_net, repo: "hexpm", optional: false]}], "hexpm", "d094a453e7c7c3167ab85257aeb69a7c534d905dfbe0df7b0f98ff2e509aac78"},
  "mime": {:hex, :mime, "2.0.2", "0b9e1a4c840eafb68d820b0e2158ef5c49385d17fb36855ac6e7e087d4b1dcc5", [:mix], [], "hexpm", "e6a3f76b4c277739e36c2e21a2c640778ba4c3846189d5ab19f97f126df5f9b7"},
  "muontrap": {:hex, :muontrap, "0.6.1", "fa11dc9152470c4d0ce5a5fcb6524d8c1edc9bf6d63b3f6a89096f1e751ae271", [:make, :mix], [{:elixir_make, "~> 0.6", [hex: :elixir_make, repo: "hexpm", optional: false]}], "hexpm", "86d1ef2fa0a30435a1d595e96f631ad4a24a931d8d855688e012fadd7147bd1d"},
  "nerves": {:hex, :nerves, "1.7.11", "67820b7055b541ce20f7bce40672a06268673ba8c47576a76e703d537a136a74", [:make, :mix], [{:elixir_make, "~> 0.6", [hex: :elixir_make, repo: "hexpm", optional: false]}, {:jason, "~> 1.2", [hex: :jason, repo: "hexpm", optional: true]}], "hexpm", "79535d00928c81a93ea5311497b00f0ca7bc0a8aa405134d16597a02b2616e89"},
  "nerves_motd": {:hex, :nerves_motd, "0.1.5", "b7bc3aafec74580a55ee7cb3f025fce30f37987a1e837fa5b25b9bd9fcd80faa", [:mix], [{:nerves_runtime, "~> 0.8", [hex: :nerves_runtime, repo: "hexpm", optional: false]}, {:nerves_time_zones, "~> 0.1", [hex: :nerves_time_zones, repo: "hexpm", optional: true]}], "hexpm", "99d88cfa43cc75ab57b78ff463fe31d02b56e805863377cc816619a364b9ecb7"},
  "nerves_pack": {:hex, :nerves_pack, "0.6.0", "c9b82b2005a7ff5b247670e02ac3b1c75d07b0dac8eb02cb11fd429990c65900", [:mix], [{:mdns_lite, "~> 0.8", [hex: :mdns_lite, repo: "hexpm", optional: false]}, {:nerves_motd, "~> 0.1", [hex: :nerves_motd, repo: "hexpm", optional: false]}, {:nerves_runtime, "~> 0.6", [hex: :nerves_runtime, repo: "hexpm", optional: false]}, {:nerves_ssh, "~> 0.2", [hex: :nerves_ssh, repo: "hexpm", optional: false]}, {:nerves_time, "~> 0.3", [hex: :nerves_time, repo: "hexpm", optional: false]}, {:ring_logger, "~> 0.8", [hex: :ring_logger, repo: "hexpm", optional: false]}, {:vintage_net, "~> 0.10", [hex: :vintage_net, repo: "hexpm", optional: false]}, {:vintage_net_direct, "~> 0.10", [hex: :vintage_net_direct, repo: "hexpm", optional: false]}, {:vintage_net_ethernet, "~> 0.10", [hex: :vintage_net_ethernet, repo: "hexpm", optional: false]}, {:vintage_net_wifi, "~> 0.10", [hex: :vintage_net_wifi, repo: "hexpm", optional: false]}], "hexpm", "9d240008ac04fdac9e73c088c05ead78d4f4b8d7cea0f93b009a386c859f2503"},
  "nerves_runtime": {:hex, :nerves_runtime, "0.11.8", "dbfb1fbe5507c25c359d95118f007723a6aaa546d98e3425a81b54a8ab2dc81f", [:make, :mix], [{:elixir_make, "~> 0.6", [hex: :elixir_make, repo: "hexpm", optional: false]}, {:system_registry, "~> 0.8.0", [hex: :system_registry, repo: "hexpm", optional: false]}, {:uboot_env, "~> 1.0 or ~> 0.3.0", [hex: :uboot_env, repo: "hexpm", optional: false]}], "hexpm", "575b3ff1e030bbc060ec851d3a3530e6ba174f5f40575a472b0ee9f57c281831"},
  "nerves_ssh": {:hex, :nerves_ssh, "0.2.3", "616527fc3adffcb32e12cf9392565f23bde43e0da292c91d1ed344b945fd203a", [:mix], [{:nerves_runtime, "~> 0.11", [hex: :nerves_runtime, repo: "hexpm", optional: false]}, {:ssh_subsystem_fwup, "~> 0.5", [hex: :ssh_subsystem_fwup, repo: "hexpm", optional: false]}], "hexpm", "accc4b53dce2054160ae4734a27945276016f45185af293cd4f0e3987f10d2af"},
  "nerves_system_bbb": {:hex, :nerves_system_bbb, "2.12.2", "0d664f830824fa739cc8136d1803b111343a122d62407da95e69b7a077e46e4f", [:mix], [{:nerves, "~> 1.5.4 or ~> 1.6.0 or ~> 1.7.4", [hex: :nerves, repo: "hexpm", optional: false]}, {:nerves_system_br, "1.17.3", [hex: :nerves_system_br, repo: "hexpm", optional: false]}, {:nerves_toolchain_armv7_nerves_linux_gnueabihf, "~> 1.4.3", [hex: :nerves_toolchain_armv7_nerves_linux_gnueabihf, repo: "hexpm", optional: false]}], "hexpm", "d7e270d3fd8ced1a7122b14ef960d464c79e11252e37302203750b0c09c56eb4"},
  "nerves_system_br": {:hex, :nerves_system_br, "1.17.3", "267cb8b3fe722cf67e18e98e977b78c2b4481ab649f40ccf617bacccbae79a70", [:mix], [], "hexpm", "410fd669c08b099c052350442bf8cc959f3658ab70eeff7392b52b3b409d6bf2"},
  "nerves_system_osd32mp1": {:hex, :nerves_system_osd32mp1, "0.8.2", "b84f0bfdb945f6896527308dac23cddbaf8467bdb5f81c8c8437eb2d15558fd9", [:mix], [{:nerves, "~> 1.5.4 or ~> 1.6.0 or ~> 1.7.4", [hex: :nerves, repo: "hexpm", optional: false]}, {:nerves_system_br, "1.17.3", [hex: :nerves_system_br, repo: "hexpm", optional: false]}, {:nerves_toolchain_armv7_nerves_linux_gnueabihf, "~> 1.4.3", [hex: :nerves_toolchain_armv7_nerves_linux_gnueabihf, repo: "hexpm", optional: false]}], "hexpm", "05b6b83751c4196e658032112e725c84f899ece4f02b3696587a452e5d656c2b"},
  "nerves_system_rpi": {:hex, :nerves_system_rpi, "1.17.2", "a78aac5cda84316f04f75e2562858329cdcedc93ac2b069bc605dea32b1c73c8", [:mix], [{:nerves, "~> 1.5.4 or ~> 1.6.0 or ~> 1.7.3", [hex: :nerves, repo: "hexpm", optional: false]}, {:nerves_system_br, "1.17.3", [hex: :nerves_system_br, repo: "hexpm", optional: false]}, {:nerves_toolchain_armv6_nerves_linux_gnueabihf, "~> 1.4.3", [hex: :nerves_toolchain_armv6_nerves_linux_gnueabihf, repo: "hexpm", optional: false]}], "hexpm", "e1e54c3111d4335b7b9f3a4befd9d72254dc3fe773a1871c27c16d79ae1a18b0"},
  "nerves_system_rpi0": {:hex, :nerves_system_rpi0, "1.17.2", "5f62fb6a2bd6e6354c8f564b5d473f3e70cce9161ec535d7b9dda09d311a3082", [:mix], [{:nerves, "~> 1.5.4 or ~> 1.6.0 or ~> 1.7.3", [hex: :nerves, repo: "hexpm", optional: false]}, {:nerves_system_br, "1.17.3", [hex: :nerves_system_br, repo: "hexpm", optional: false]}, {:nerves_toolchain_armv6_nerves_linux_gnueabihf, "~> 1.4.3", [hex: :nerves_toolchain_armv6_nerves_linux_gnueabihf, repo: "hexpm", optional: false]}], "hexpm", "7d7316a359980397745aa33569143d7ddd30b31337beb48d05ccd2a94d78c18b"},
  "nerves_system_rpi2": {:hex, :nerves_system_rpi2, "1.17.2", "53de41b0e3849764ba6f23f2bb55b46c22ad34d3186199aee6caee27f96860e4", [:mix], [{:nerves, "~> 1.5.4 or ~> 1.6.0 or ~> 1.7.4", [hex: :nerves, repo: "hexpm", optional: false]}, {:nerves_system_br, "1.17.3", [hex: :nerves_system_br, repo: "hexpm", optional: false]}, {:nerves_toolchain_armv7_nerves_linux_gnueabihf, "~> 1.4.3", [hex: :nerves_toolchain_armv7_nerves_linux_gnueabihf, repo: "hexpm", optional: false]}], "hexpm", "70c475a45ba0e1c71ccfc6899efc19e8e78f35a0e45ad4ed063514f0e1e3d052"},
  "nerves_system_rpi3": {:hex, :nerves_system_rpi3, "1.17.3", "6938f97dbcf915a66c17f35e45804e2185d710ec7aa20615b20609d069d094e2", [:mix], [{:nerves, "~> 1.5.4 or ~> 1.6.0 or ~> 1.7.4", [hex: :nerves, repo: "hexpm", optional: false]}, {:nerves_system_br, "1.17.3", [hex: :nerves_system_br, repo: "hexpm", optional: false]}, {:nerves_toolchain_armv7_nerves_linux_gnueabihf, "~> 1.4.3", [hex: :nerves_toolchain_armv7_nerves_linux_gnueabihf, repo: "hexpm", optional: false]}], "hexpm", "cfed359be4660156e3525d181bcd403443ec2bbbf23304476f5c018b9f9a664b"},
  "nerves_system_rpi3a": {:hex, :nerves_system_rpi3a, "1.17.2", "28ffb31510f42238b82f139a3490793c2c8ca5ca970c3ff677125b323392dc87", [:mix], [{:nerves, "~> 1.5.4 or ~> 1.6.0 or ~> 1.7.3", [hex: :nerves, repo: "hexpm", optional: false]}, {:nerves_system_br, "1.17.3", [hex: :nerves_system_br, repo: "hexpm", optional: false]}, {:nerves_toolchain_armv7_nerves_linux_gnueabihf, "~> 1.4.3", [hex: :nerves_toolchain_armv7_nerves_linux_gnueabihf, repo: "hexpm", optional: false]}], "hexpm", "5f07c5b8148294e30d1e12bdde003cd78eef73e1b8872f55b814b1bfa9d6b84c"},
  "nerves_system_rpi4": {:hex, :nerves_system_rpi4, "1.17.2", "7cebdbcbf03b413c3a4f31e2b67f7707ae1e577fafbe9f047501375d7847551b", [:mix], [{:nerves, "~> 1.5.4 or ~> 1.6.0 or ~> 1.7.3", [hex: :nerves, repo: "hexpm", optional: false]}, {:nerves_system_br, "1.17.3", [hex: :nerves_system_br, repo: "hexpm", optional: false]}, {:nerves_toolchain_aarch64_nerves_linux_gnu, "~> 1.4.3", [hex: :nerves_toolchain_aarch64_nerves_linux_gnu, repo: "hexpm", optional: false]}], "hexpm", "bfb75535597afe488022ac4e1159f9ccb763b228d0e68b575b2f521cfb36f963"},
  "nerves_system_x86_64": {:hex, :nerves_system_x86_64, "1.17.2", "cbb6767a44fd4c3ce869be4ba27df889c98c66672ae236e69c818dd473ecd5ff", [:mix], [{:nerves, "~> 1.5.4 or ~> 1.6.0 or ~> 1.7.4", [hex: :nerves, repo: "hexpm", optional: false]}, {:nerves_system_br, "1.17.3", [hex: :nerves_system_br, repo: "hexpm", optional: false]}, {:nerves_toolchain_x86_64_nerves_linux_musl, "~> 1.4.3", [hex: :nerves_toolchain_x86_64_nerves_linux_musl, repo: "hexpm", optional: false]}], "hexpm", "160cb0bac259e949251a6b1d914b97bf07833d9e80ba79e380be4134e7e2835c"},
  "nerves_time": {:hex, :nerves_time, "0.4.3", "c936ddf7f1f9eb890c8dfcf116f5ac665780351704066282bed15fe6d2cf9b1b", [:make, :mix], [{:elixir_make, "~> 0.6", [hex: :elixir_make, repo: "hexpm", optional: false]}, {:muontrap, "~> 0.5", [hex: :muontrap, repo: "hexpm", optional: false]}], "hexpm", "a8a7d6e129e90ce35296d0e3522580335da8a0413790ad27c33bcea0cb63c4e5"},
  "nerves_toolchain_aarch64_nerves_linux_gnu": {:hex, :nerves_toolchain_aarch64_nerves_linux_gnu, "1.4.3", "6aa784fd3779251a4438e9874ed646492c3a4289f10581d01c4d61acda7d0b2d", [:mix], [{:nerves, "~> 1.4", [hex: :nerves, repo: "hexpm", optional: false]}, {:nerves_toolchain_ctng, "~> 1.8.4", [hex: :nerves_toolchain_ctng, repo: "hexpm", optional: false]}], "hexpm", "75ab06af12118b423b4bba870a4f10d81f83678fd7fc57278927ce9d52516c5e"},
  "nerves_toolchain_armv6_nerves_linux_gnueabihf": {:hex, :nerves_toolchain_armv6_nerves_linux_gnueabihf, "1.4.3", "c75a3975388c3378deb72ed50178f34f8cc47b575b32546d22e522a577f6b8c0", [:mix], [{:nerves, "~> 1.0", [hex: :nerves, repo: "hexpm", optional: false]}, {:nerves_toolchain_ctng, "~> 1.8.4", [hex: :nerves_toolchain_ctng, repo: "hexpm", optional: false]}], "hexpm", "33e3a174ff51f81bca3181560d33c065694828e8c8c72aada0b92a46ba7cfbe5"},
  "nerves_toolchain_armv7_nerves_linux_gnueabihf": {:hex, :nerves_toolchain_armv7_nerves_linux_gnueabihf, "1.4.3", "ff5b8fed2a71daea7ac07a5a0a6ecec7a4985d2a617a89ab073591d441d9cda4", [:mix], [{:nerves, "~> 1.0", [hex: :nerves, repo: "hexpm", optional: false]}, {:nerves_toolchain_ctng, "~> 1.8.4", [hex: :nerves_toolchain_ctng, repo: "hexpm", optional: false]}], "hexpm", "ffefca61b7282a5a10032e61b6dab6758d24eee732c5d8c16fe6aada52dd099a"},
  "nerves_toolchain_ctng": {:hex, :nerves_toolchain_ctng, "1.8.4", "2f6b4153e3904502d117f9d957c12eaafd490e1d2bdf20a85328ada46a1350da", [:mix], [{:nerves, "~> 1.0", [hex: :nerves, repo: "hexpm", optional: false]}], "hexpm", "6194be9b1364fdc1db6b2a0e98fa8dcb94fe1af373dcf8149298d62ce9b1b369"},
  "nerves_toolchain_x86_64_nerves_linux_musl": {:hex, :nerves_toolchain_x86_64_nerves_linux_musl, "1.4.3", "2fb6fd7e618afb0bc2f3114bd316381229b288d7a2f392ea3538359717cd5263", [:mix], [{:nerves, "~> 1.0", [hex: :nerves, repo: "hexpm", optional: false]}, {:nerves_toolchain_ctng, "~> 1.8.4", [hex: :nerves_toolchain_ctng, repo: "hexpm", optional: false]}], "hexpm", "bdb044a2be8fe99d7b2606e478c64051b4a4cac6a4b69a617f0438a20e480a7c"},
  "one_dhcpd": {:hex, :one_dhcpd, "1.0.0", "fbadb9dd3aabdcdc7efd57c9fdb2b85217a615bc0b5bf1e4bef098f952d9b5e4", [:make, :mix], [{:elixir_make, "~> 0.6", [hex: :elixir_make, repo: "hexpm", optional: false]}], "hexpm", "c7b8e241954e2ec75be530c731805c6ff296ef764791ecc5da76e2477c91a4b9"},
  "phoenix": {:hex, :phoenix, "1.6.2", "6cbd5c8ed7a797f25a919a37fafbc2fb1634c9cdb12a4448d7a5d0b26926f005", [:mix], [{:jason, "~> 1.0", [hex: :jason, repo: "hexpm", optional: true]}, {:phoenix_pubsub, "~> 2.0", [hex: :phoenix_pubsub, repo: "hexpm", optional: false]}, {:phoenix_view, "~> 1.0", [hex: :phoenix_view, repo: "hexpm", optional: false]}, {:plug, "~> 1.10", [hex: :plug, repo: "hexpm", optional: false]}, {:plug_cowboy, "~> 2.2", [hex: :plug_cowboy, repo: "hexpm", optional: true]}, {:plug_crypto, "~> 1.2", [hex: :plug_crypto, repo: "hexpm", optional: false]}, {:telemetry, "~> 0.4 or ~> 1.0", [hex: :telemetry, repo: "hexpm", optional: false]}], "hexpm", "7bbee475acae0c3abc229b7f189e210ea788e63bd168e585f60c299a4b2f9133"},
  "phoenix_html": {:hex, :phoenix_html, "3.1.0", "0b499df05aad27160d697a9362f0e89fa0e24d3c7a9065c2bd9d38b4d1416c09", [:mix], [{:plug, "~> 1.5", [hex: :plug, repo: "hexpm", optional: true]}], "hexpm", "0c0a98a2cefa63433657983a2a594c7dee5927e4391e0f1bfd3a151d1def33fc"},
  "phoenix_live_dashboard": {:hex, :phoenix_live_dashboard, "0.5.3", "ff153c46aee237dd7244f07e9b98d557fe0d1de7a5916438e634c3be2d13c607", [:mix], [{:ecto, "~> 3.6.2 or ~> 3.7", [hex: :ecto, repo: "hexpm", optional: true]}, {:ecto_psql_extras, "~> 0.7", [hex: :ecto_psql_extras, repo: "hexpm", optional: true]}, {:phoenix_live_view, "~> 0.16.0", [hex: :phoenix_live_view, repo: "hexpm", optional: false]}, {:telemetry_metrics, "~> 0.6.0", [hex: :telemetry_metrics, repo: "hexpm", optional: false]}], "hexpm", "e36e62b1f61c19b645853af78290a5e7900f7cae1e676714ff69f9836e2f2e76"},
  "phoenix_live_reload": {:hex, :phoenix_live_reload, "1.3.3", "3a53772a6118d5679bf50fc1670505a290e32a1d195df9e069d8c53ab040c054", [:mix], [{:file_system, "~> 0.2.1 or ~> 0.3", [hex: :file_system, repo: "hexpm", optional: false]}, {:phoenix, "~> 1.4", [hex: :phoenix, repo: "hexpm", optional: false]}], "hexpm", "766796676e5f558dbae5d1bdb066849673e956005e3730dfd5affd7a6da4abac"},
  "phoenix_live_view": {:hex, :phoenix_live_view, "0.16.4", "5692edd0bac247a9a816eee7394e32e7a764959c7d0cf9190662fc8b0cd24c97", [:mix], [{:jason, "~> 1.0", [hex: :jason, repo: "hexpm", optional: true]}, {:phoenix, "~> 1.5.9 or ~> 1.6.0", [hex: :phoenix, repo: "hexpm", optional: false]}, {:phoenix_html, "~> 3.0", [hex: :phoenix_html, repo: "hexpm", optional: false]}, {:telemetry, "~> 0.4.2 or ~> 1.0", [hex: :telemetry, repo: "hexpm", optional: false]}], "hexpm", "754ba49aa2e8601afd4f151492c93eb72df69b0b9856bab17711b8397e43bba0"},
  "phoenix_pubsub": {:hex, :phoenix_pubsub, "2.0.0", "a1ae76717bb168cdeb10ec9d92d1480fec99e3080f011402c0a2d68d47395ffb", [:mix], [], "hexpm", "c52d948c4f261577b9c6fa804be91884b381a7f8f18450c5045975435350f771"},
  "phoenix_view": {:hex, :phoenix_view, "1.0.0", "fea71ecaaed71178b26dd65c401607de5ec22e2e9ef141389c721b3f3d4d8011", [:mix], [{:phoenix_html, "~> 2.14.2 or ~> 3.0", [hex: :phoenix_html, repo: "hexpm", optional: true]}], "hexpm", "82be3e2516f5633220246e2e58181282c71640dab7afc04f70ad94253025db0c"},
  "plug": {:hex, :plug, "1.12.1", "645678c800601d8d9f27ad1aebba1fdb9ce5b2623ddb961a074da0b96c35187d", [:mix], [{:mime, "~> 1.0 or ~> 2.0", [hex: :mime, repo: "hexpm", optional: false]}, {:plug_crypto, "~> 1.1.1 or ~> 1.2", [hex: :plug_crypto, repo: "hexpm", optional: false]}, {:telemetry, "~> 0.4.3 or ~> 1.0", [hex: :telemetry, repo: "hexpm", optional: false]}], "hexpm", "d57e799a777bc20494b784966dc5fbda91eb4a09f571f76545b72a634ce0d30b"},
  "plug_cowboy": {:hex, :plug_cowboy, "2.5.2", "62894ccd601cf9597e2c23911ff12798a8a18d237e9739f58a6b04e4988899fe", [:mix], [{:cowboy, "~> 2.7", [hex: :cowboy, repo: "hexpm", optional: false]}, {:cowboy_telemetry, "~> 0.3", [hex: :cowboy_telemetry, repo: "hexpm", optional: false]}, {:plug, "~> 1.7", [hex: :plug, repo: "hexpm", optional: false]}], "hexpm", "ea6e87f774c8608d60c8d34022a7d073bd7680a0a013f049fc62bf35efea1044"},
  "plug_crypto": {:hex, :plug_crypto, "1.2.2", "05654514ac717ff3a1843204b424477d9e60c143406aa94daf2274fdd280794d", [:mix], [], "hexpm", "87631c7ad914a5a445f0a3809f99b079113ae4ed4b867348dd9eec288cecb6db"},
  "ranch": {:hex, :ranch, "1.8.0", "8c7a100a139fd57f17327b6413e4167ac559fbc04ca7448e9be9057311597a1d", [:make, :rebar3], [], "hexpm", "49fbcfd3682fab1f5d109351b61257676da1a2fdbe295904176d5e521a2ddfe5"},
  "ring_logger": {:hex, :ring_logger, "0.8.2", "78e0ffbf89b3f5b3c58f8660cb6b6fe2ca7ed5f56dc64e993119189d629c278c", [:mix], [{:circular_buffer, "~> 0.4.0", [hex: :circular_buffer, repo: "hexpm", optional: false]}], "hexpm", "864c8982bfcdc17b7501d00cc2bcede6727ebf95cbeba30e70c795d03f9138c1"},
  "shoehorn": {:hex, :shoehorn, "0.7.0", "fc23870fb6b470f5c520fee692637b120a36e163842ab497bbec7e8a1aa6cfe3", [:mix], [], "hexpm", "eeb317ac677b228906039ccf532a582ad9f6d31d7958c98f5c853fe0459e0243"},
  "ssh_subsystem_fwup": {:hex, :ssh_subsystem_fwup, "0.6.0", "821b9cdf52b8dcc286183bce7641e62589373642a10180cd4cadd8e322bc4e8e", [:mix], [], "hexpm", "e5bcc923af4ae49368177437d20383730d096281beb18e9e9a36806aff1ca750"},
  "system_registry": {:hex, :system_registry, "0.8.2", "df791dc276652fcfb53be4dab823e05f8269b96ac57c26f86a67838dbc0eefe7", [:mix], [], "hexpm", "f7acdede22c73ab0b3735eead7f2095efb2a7a6198366564205274db2ca2a8f8"},
  "telemetry": {:hex, :telemetry, "1.0.0", "0f453a102cdf13d506b7c0ab158324c337c41f1cc7548f0bc0e130bbf0ae9452", [:rebar3], [], "hexpm", "73bc09fa59b4a0284efb4624335583c528e07ec9ae76aca96ea0673850aec57a"},
  "telemetry_metrics": {:hex, :telemetry_metrics, "0.6.1", "315d9163a1d4660aedc3fee73f33f1d355dcc76c5c3ab3d59e76e3edf80eef1f", [:mix], [{:telemetry, "~> 0.4 or ~> 1.0", [hex: :telemetry, repo: "hexpm", optional: false]}], "hexpm", "7be9e0871c41732c233be71e4be11b96e56177bf15dde64a8ac9ce72ac9834c6"},
  "telemetry_poller": {:hex, :telemetry_poller, "1.0.0", "db91bb424e07f2bb6e73926fcafbfcbcb295f0193e0a00e825e589a0a47e8453", [:rebar3], [{:telemetry, "~> 1.0", [hex: :telemetry, repo: "hexpm", optional: false]}], "hexpm", "b3a24eafd66c3f42da30fc3ca7dda1e9d546c12250a2d60d7b81d264fbec4f6e"},
  "toolshed": {:hex, :toolshed, "0.2.24", "9df521cd565fd921dbfcd9668f4a1378efeb33a834743a287f4a7f9c9f01baa0", [:mix], [{:nerves_runtime, "~> 0.8", [hex: :nerves_runtime, repo: "hexpm", optional: true]}], "hexpm", "c80de2c3a2ddeada0f709938607a1d3a136242168ea6638a12cf09445c8cf2f6"},
  "uboot_env": {:hex, :uboot_env, "1.0.0", "fdbe0afe65436f760cd372b16a58ccf7c76bbad1538f1766826e0ddbcaf80980", [:mix], [], "hexpm", "86754d5eae9643ca3094ee1d749b808f9d6f0d41b990e1191709b5a66c2b0757"},
  "vintage_net": {:hex, :vintage_net, "0.11.2", "2e7c8d16d0db9949b6069d159cd419b195032f434b5d56a739933504b5f6c204", [:make, :mix], [{:beam_notify, "~> 1.0 or ~> 0.2.0", [hex: :beam_notify, repo: "hexpm", optional: false]}, {:elixir_make, "~> 0.6", [hex: :elixir_make, repo: "hexpm", optional: false]}, {:gen_state_machine, "~> 2.0.0 or ~> 2.1.0 or ~> 3.0.0", [hex: :gen_state_machine, repo: "hexpm", optional: false]}, {:muontrap, "~> 1.0 or ~> 0.5.1 or ~> 0.6.0", [hex: :muontrap, repo: "hexpm", optional: false]}], "hexpm", "bdd65894fb3cdf34f29d0c09a478e272938ed983d54c4d5c5e8fc15723039052"},
  "vintage_net_direct": {:hex, :vintage_net_direct, "0.10.3", "23d215dc4dc9e3198f0f1f064721f80ebb649e6f2ff87b7adb2af641f62230f4", [:mix], [{:one_dhcpd, "~> 1.0 or ~> 0.2.3", [hex: :one_dhcpd, repo: "hexpm", optional: false]}, {:vintage_net, "~> 0.9.1 or ~> 0.10.0 or ~> 0.11.0", [hex: :vintage_net, repo: "hexpm", optional: false]}], "hexpm", "221dfb2d1d37fd70b3cda46c607b29dc62e5c23c355b6c47a90b8eb786070006"},
  "vintage_net_ethernet": {:hex, :vintage_net_ethernet, "0.10.3", "5325c590459544f871b0a807061fa37c3833ed8f83b94b0a15d497177503d5c2", [:mix], [{:vintage_net, "~> 0.10.0 or ~> 0.11.0", [hex: :vintage_net, repo: "hexpm", optional: false]}], "hexpm", "4ec1ae7b2188829e493f54e0ba9e36ea53e8c95aecdf5950011ce4f13fe4ed52"},
  "vintage_net_wifi": {:hex, :vintage_net_wifi, "0.10.6", "f5509f7c455ee5f4bc52174ada4d8eaf6e6e597f9d5ba51f17ffed613c0e0a8a", [:make, :mix], [{:elixir_make, "~> 0.6", [hex: :elixir_make, repo: "hexpm", optional: false]}, {:vintage_net, "~> 0.10.0 or ~> 0.11.0", [hex: :vintage_net, repo: "hexpm", optional: false]}], "hexpm", "2d94acb727ba5982e1c17b50cb08594d644f8da7bd8f9a56c68d2de972319080"},
}
