%{
  "beam_notify": {:hex, :beam_notify, "1.1.1", "da7dd04f16120bcab71f01ff81607ea38ad78af859cd87fad2012eac8feab034", [:make, :mix], [{:elixir_make, "~> 0.6", [hex: :elixir_make, repo: "hexpm", optional: false]}], "hexpm", "5a09fc8449171da423f781de16b95cdec52763e60308345de6f15358c2382a42"},
  "circular_buffer": {:hex, :circular_buffer, "1.1.0", "af9332c40d600cc27b160eebd9fad1bf0a8106cd62e9f57d6cc8f028d3cc46d1", [:mix], [], "hexpm", "0daa0a4fcb3a7ffabc8576bdbf64c99adc6d4b37eab1185179140769ba58f571"},
  "cowboy": {:hex, :cowboy, "2.17.0", "059d6ae769214cedf55d115ce5bf38649ff6b32ec693067cf6b185d0ab1b53c3", [:make, :rebar3], [{:cowlib, ">= 2.18.0 and < 3.0.0", [hex: :cowlib, repo: "hexpm", optional: false]}, {:ranch, ">= 1.8.0 and < 3.0.0", [hex: :ranch, repo: "hexpm", optional: false]}], "hexpm", "84f0e4c9d5820342cd506472052b79336d0d9d3624e46303f6d0af9dc94e8d5f"},
  "cowboy_telemetry": {:hex, :cowboy_telemetry, "0.4.0", "f239f68b588efa7707abce16a84d0d2acf3a0f50571f8bb7f56a15865aae820c", [:rebar3], [{:cowboy, "~> 2.7", [hex: :cowboy, repo: "hexpm", optional: false]}, {:telemetry, "~> 1.0", [hex: :telemetry, repo: "hexpm", optional: false]}], "hexpm", "7d98bac1ee4565d31b62d59f8823dfd8356a169e7fcbb83831b8a5397404c9de"},
  "cowlib": {:hex, :cowlib, "2.18.0", "4a3ef8cb012c21c7cbb7c925f75405e26d7fcd393fd78c46187539dbc9a48310", [:make, :rebar3], [], "hexpm", "c4f89d33a61162d4cfdcb5a1af7e562d80a700b2573cc71020ce6521b152dc1a"},
  "elixir_make": {:hex, :elixir_make, "0.10.0", "16577e2583a79bb79237bbff349619ef5d80afffc07eac6e4faf0d00e2ddaf7d", [:mix], [], "hexpm", "dc1f09fb7fa68866b886abd5f0f3c83553b1a19a52359a899e92af1bb3b31982"},
  "esbuild": {:hex, :esbuild, "0.10.0", "b0aa3388a1c23e727c5a3e7427c932d89ee791746b0081bbe56103e9ef3d291f", [:mix], [{:jason, "~> 1.4", [hex: :jason, repo: "hexpm", optional: false]}], "hexpm", "468489cda427b974a7cc9f03ace55368a83e1a7be12fba7e30969af78e5f8c70"},
  "expo": {:hex, :expo, "1.1.1", "4202e1d2ca6e2b3b63e02f69cfe0a404f77702b041d02b58597c00992b601db5", [:mix], [], "hexpm", "5fb308b9cb359ae200b7e23d37c76978673aa1b06e2b3075d814ce12c5811640"},
  "file_system": {:hex, :file_system, "1.1.1", "31864f4685b0148f25bd3fbef2b1228457c0c89024ad67f7a81a3ffbc0bbad3a", [:mix], [], "hexpm", "7a15ff97dfe526aeefb090a7a9d3d03aa907e100e262a0f8f7746b78f8f87a5d"},
  "floki": {:hex, :floki, "0.38.4", "10f98971e892aed2c2f1b3a0f928e488e3797e1c6dd3dfd98db40b14e9a78bcf", [:mix], [], "hexpm", "bdb34645eee8e79845c7edaca2d4099a52804ee4d4a3ecc683a69451f0244973"},
  "gettext": {:hex, :gettext, "1.0.2", "5457e1fd3f4abe47b0e13ff85086aabae760497a3497909b8473e0acee57673b", [:mix], [{:expo, "~> 0.5.1 or ~> 1.0", [hex: :expo, repo: "hexpm", optional: false]}], "hexpm", "eab805501886802071ad290714515c8c4a17196ea76e5afc9d06ca85fb1bfeb3"},
  "heroicons": {:git, "https://github.com/tailwindlabs/heroicons.git", "0435d4ca364a608cc75e2f8683d374e55abbae26", [tag: "v2.2.0", sparse: "optimized", depth: 1]},
  "interactive_cmd": {:hex, :interactive_cmd, "0.1.4", "398b517b88fc0e4a7dc4ece883bf952995b859a406331626f3c94a1f680657e4", [:mix], [], "hexpm", "d2089b3827f6b21e48ac85a59441211dacda5c0702ab6f590f2117990968a571"},
  "jason": {:hex, :jason, "1.4.5", "2e3a008590b0b8d7388c20293e9dcc9cf3e5d642fd2a114e4cbbb52e595d940a", [:mix], [{:decimal, "~> 1.0 or ~> 2.0 or ~> 3.0", [hex: :decimal, repo: "hexpm", optional: true]}], "hexpm", "b0c823996102bcd0239b3c2444eb00409b72f6a140c1950bc8b457d836b30684"},
  "mdns_lite": {:hex, :mdns_lite, "0.9.2", "c897ec41661f22e08a649f2d31565eb7a7e06b770f4f50074e97629bf6d524d6", [:mix], [{:igniter, "~> 0.5", [hex: :igniter, repo: "hexpm", optional: true]}, {:vintage_net, "~> 0.7", [hex: :vintage_net, repo: "hexpm", optional: true]}], "hexpm", "0798b8b9bd11a18aa4128d9beb0e093414ed89f735d592b87f362ae2a8ff6081"},
  "mime": {:hex, :mime, "2.0.7", "b8d739037be7cd402aee1ba0306edfdef982687ee7e9859bee6198c1e7e2f128", [:mix], [], "hexpm", "6171188e399ee16023ffc5b76ce445eb6d9672e2e241d2df6050f3c771e80ccd"},
  "muontrap": {:hex, :muontrap, "1.8.0", "3c5dab5bc91d5a16d14cd85b130ae7d35a9c469564a11ba4b2ebbcd7ccf5bc05", [:make, :mix], [{:elixir_make, "~> 0.6", [hex: :elixir_make, repo: "hexpm", optional: false]}], "hexpm", "45ff36451303cbdefe1c66da3681b5aff078ee5737348f554f0017daa66284af"},
  "nerves": {:hex, :nerves, "1.15.0", "5f7a224b9d5e797a742342dae0563dec41506a821ca09f7d0895955329d61a38", [:make, :mix], [{:elixir_make, "~> 0.6", [hex: :elixir_make, repo: "hexpm", optional: false]}, {:interactive_cmd, "~> 0.1.4", [hex: :interactive_cmd, repo: "hexpm", optional: false]}, {:jason, "~> 1.2", [hex: :jason, repo: "hexpm", optional: false]}, {:nerves_discovery, "~> 0.1.2", [hex: :nerves_discovery, repo: "hexpm", optional: false]}, {:tablet, "~> 0.3.1", [hex: :tablet, repo: "hexpm", optional: false]}], "hexpm", "1d874dbb30feffeb658317c28ddbf027eddb0e5e3d25a6e78a43170dab4e1734"},
  "nerves_discovery": {:hex, :nerves_discovery, "0.1.3", "3921610cf2a5eead21c70acb1496dc2e385f88c71e88783f5afdb2a1b5164fff", [:mix], [], "hexpm", "46722e9c9999c57dfe44a20e8eaf015a15b9a29636a1b05e52271b11e89d1ecd"},
  "nerves_logging": {:hex, :nerves_logging, "0.2.4", "7d60c345325c7165a1473be30a399847eaba425dce3258ef97a8aefd6d913160", [:make, :mix], [{:elixir_make, "~> 0.6", [hex: :elixir_make, repo: "hexpm", optional: false]}], "hexpm", "942f9757adea17d56f4f64fbf4e1aaffd4b2471dd2f1bc020ba80ba2ef5238bc"},
  "nerves_motd": {:hex, :nerves_motd, "0.1.17", "a0c4ebec82425185dd8cea1c12cd5d310b076cdefc82ba5f4bf516b5733ee4de", [:mix], [{:nerves_runtime, "~> 0.13.9", [hex: :nerves_runtime, repo: "hexpm", optional: false]}, {:nerves_time, "~> 0.4", [hex: :nerves_time, repo: "hexpm", optional: true]}, {:nerves_time_zones, "~> 0.1", [hex: :nerves_time_zones, repo: "hexpm", optional: true]}], "hexpm", "901a99bb22355e3f68b2f33182756cec1b0556531a6f93521a7baa2f0591969d"},
  "nerves_pack": {:hex, :nerves_pack, "0.7.2", "9dc6d9bcc0709a01bc19d08d1a039a203f0f146a75809504f4f76ceb827d0cf4", [:mix], [{:mdns_lite, "> 0.0.0", [hex: :mdns_lite, repo: "hexpm", optional: false]}, {:nerves_motd, "> 0.0.0", [hex: :nerves_motd, repo: "hexpm", optional: false]}, {:nerves_runtime, "> 0.0.0", [hex: :nerves_runtime, repo: "hexpm", optional: false]}, {:nerves_ssh, "> 0.0.0", [hex: :nerves_ssh, repo: "hexpm", optional: false]}, {:nerves_time, "> 0.0.0", [hex: :nerves_time, repo: "hexpm", optional: false]}, {:ring_logger, "> 0.0.0", [hex: :ring_logger, repo: "hexpm", optional: false]}, {:vintage_net, "> 0.0.0", [hex: :vintage_net, repo: "hexpm", optional: false]}, {:vintage_net_direct, "> 0.0.0", [hex: :vintage_net_direct, repo: "hexpm", optional: false]}, {:vintage_net_ethernet, "> 0.0.0", [hex: :vintage_net_ethernet, repo: "hexpm", optional: false]}, {:vintage_net_wifi, "> 0.0.0", [hex: :vintage_net_wifi, repo: "hexpm", optional: false]}], "hexpm", "986086f0636152f019499ae9591b6b82286e3ab4313460ba52c27daf178f57b7"},
  "nerves_runtime": {:hex, :nerves_runtime, "0.13.13", "998612c742fac60e8498aebb850e64f93d278e0be0f68a56b7ed30d32a05da6a", [:mix], [{:nerves_logging, "~> 0.2.0", [hex: :nerves_logging, repo: "hexpm", optional: false]}, {:nerves_uevent, "~> 0.1.0", [hex: :nerves_uevent, repo: "hexpm", optional: false]}, {:uboot_env, "~> 0.3.0 or ~> 1.0", [hex: :uboot_env, repo: "hexpm", optional: false]}], "hexpm", "6c3a6feaff23d8a4f73aaaaa8d00c9a4bc63cd1d477d82089ba5a4c6a78245c8"},
  "nerves_ssh": {:hex, :nerves_ssh, "1.3.1", "e04cdd879999257b32d3816c0f128559fc729bd7fa0654457655d724dfddf85e", [:mix], [{:nerves_runtime, "~> 0.11", [hex: :nerves_runtime, repo: "hexpm", optional: false]}, {:ssh_subsystem_fwup, "~> 0.5", [hex: :ssh_subsystem_fwup, repo: "hexpm", optional: false]}], "hexpm", "5c98dd7e24cd75d3140c9de620a043f98bef9011f9fdf85fd921764ad27c655e"},
  "nerves_system_bbb": {:hex, :nerves_system_bbb, "2.30.0", "dabdd3872525abbcd4db8f43d9b7811415b24aa490d62fac0a1ec5481eec9816", [:mix], [{:nerves, "~> 1.11.1 or ~> 1.12", [hex: :nerves, repo: "hexpm", optional: false]}, {:nerves_system_br, "1.34.0", [hex: :nerves_system_br, repo: "hexpm", optional: false]}, {:nerves_toolchain_armv7_nerves_linux_gnueabihf, "~> 15.3.0", [hex: :nerves_toolchain_armv7_nerves_linux_gnueabihf, repo: "hexpm", optional: false]}], "hexpm", "ee9ed27ad3bcb51a89d9faa2134d66d77cd797203e4788c77d398b1d90a079d1"},
  "nerves_system_br": {:hex, :nerves_system_br, "1.34.0", "0dcec9afaf0c2018822bd33ac533629ef032123c0f2d261605e3e9dc83bc5f73", [:mix], [], "hexpm", "6c8e44701fc5651087e258637cc09a705405729554bf1e0126046f67e0956329"},
  "nerves_system_mangopi_mq_pro": {:hex, :nerves_system_mangopi_mq_pro, "0.16.0", "d4544ecac4a8245d1a5156a8cccfb7d154c7742447268e3db3a51cfa4de024e3", [:mix], [{:nerves, "~> 1.11", [hex: :nerves, repo: "hexpm", optional: false]}, {:nerves_system_br, "1.34.0", [hex: :nerves_system_br, repo: "hexpm", optional: false]}, {:nerves_toolchain_riscv64_nerves_linux_gnu, "~> 15.3.0", [hex: :nerves_toolchain_riscv64_nerves_linux_gnu, repo: "hexpm", optional: false]}], "hexpm", "22a0e264824c49c516e85691974b2799d25dd62fc7950ca1f2d6a44cf41ac7d1"},
  "nerves_system_rpi": {:hex, :nerves_system_rpi, "2.1.0", "bcf84e26bc73385ea198ae5bcd30248df462f40d2ae9e313704194ee2599fc7c", [:mix], [{:nerves, "~> 1.11", [hex: :nerves, repo: "hexpm", optional: false]}, {:nerves_system_br, "1.34.0", [hex: :nerves_system_br, repo: "hexpm", optional: false]}, {:nerves_toolchain_armv6_nerves_linux_gnueabihf, "~> 15.3.0", [hex: :nerves_toolchain_armv6_nerves_linux_gnueabihf, repo: "hexpm", optional: false]}], "hexpm", "1279a31a3188b19674be8cdab0bcaebdd1eba6b409eaf1c3f8d0cf5974fad4a4"},
  "nerves_system_rpi0": {:hex, :nerves_system_rpi0, "2.1.0", "4ba082cd7a2b389620d9c40683a4c944beef0fad48a08f3fc2f8dee54ea42282", [:mix], [{:nerves, "~> 1.11", [hex: :nerves, repo: "hexpm", optional: false]}, {:nerves_system_br, "1.34.0", [hex: :nerves_system_br, repo: "hexpm", optional: false]}, {:nerves_toolchain_armv6_nerves_linux_gnueabihf, "~> 15.3.0", [hex: :nerves_toolchain_armv6_nerves_linux_gnueabihf, repo: "hexpm", optional: false]}], "hexpm", "e76022c5cd25f2abb2843d0207c33260d876216ff912d048bfb955167b06de88"},
  "nerves_system_rpi2": {:hex, :nerves_system_rpi2, "2.1.0", "6e74d14521875219f0242af3da0507907f6d20b5dfa1588303ba1d9cefc9bc49", [:mix], [{:nerves, "~> 1.11", [hex: :nerves, repo: "hexpm", optional: false]}, {:nerves_system_br, "1.34.0", [hex: :nerves_system_br, repo: "hexpm", optional: false]}, {:nerves_toolchain_armv7_nerves_linux_gnueabihf, "~> 15.3.0", [hex: :nerves_toolchain_armv7_nerves_linux_gnueabihf, repo: "hexpm", optional: false]}], "hexpm", "9cf6d20ae14e847140edaccd64f52ea79738539156d4af024d0a32d1d83ba161"},
  "nerves_system_rpi3": {:hex, :nerves_system_rpi3, "2.1.0", "f634cc0544f6d4c9143cae9778926899196aabe6e22bbb2611567f6a69277c1e", [:mix], [{:nerves, "~> 1.11", [hex: :nerves, repo: "hexpm", optional: false]}, {:nerves_system_br, "1.34.0", [hex: :nerves_system_br, repo: "hexpm", optional: false]}, {:nerves_toolchain_armv7_nerves_linux_gnueabihf, "~> 15.3.0", [hex: :nerves_toolchain_armv7_nerves_linux_gnueabihf, repo: "hexpm", optional: false]}], "hexpm", "70a720b7d426eaf01895954a705ec6a4a2833957d1108125a7d15345ec3b8e54"},
  "nerves_system_rpi3a": {:hex, :nerves_system_rpi3a, "2.1.0", "ea78fac9c11d7ae759a9de82da0cd50bb416832e31c8029b52afcbd539290011", [:mix], [{:nerves, "~> 1.11", [hex: :nerves, repo: "hexpm", optional: false]}, {:nerves_system_br, "1.34.0", [hex: :nerves_system_br, repo: "hexpm", optional: false]}, {:nerves_toolchain_armv7_nerves_linux_gnueabihf, "~> 15.3.0", [hex: :nerves_toolchain_armv7_nerves_linux_gnueabihf, repo: "hexpm", optional: false]}], "hexpm", "9bd6b3c7b56f4f7fbb1a9f5d0c84ed5e087a387e3a110eee7277a98a6e23ab6a"},
  "nerves_system_rpi4": {:hex, :nerves_system_rpi4, "2.1.0", "4bd21404ed456418a8482f6d90641b2bce1d3ff04b5f7da10edb8fe3d9204d74", [:mix], [{:nerves, "~> 1.11", [hex: :nerves, repo: "hexpm", optional: false]}, {:nerves_system_br, "1.34.0", [hex: :nerves_system_br, repo: "hexpm", optional: false]}, {:nerves_toolchain_aarch64_nerves_linux_gnu, "~> 15.3.0", [hex: :nerves_toolchain_aarch64_nerves_linux_gnu, repo: "hexpm", optional: false]}], "hexpm", "59bc21c24713bef357976d4831c19940e57e4ab32be5612f384531a144b41b51"},
  "nerves_system_rpi5": {:hex, :nerves_system_rpi5, "2.1.0", "f1dab5c396e7e0d98f09868052902db84e2232f3346e399ab231b68a032890b5", [:mix], [{:nerves, "~> 1.11", [hex: :nerves, repo: "hexpm", optional: false]}, {:nerves_system_br, "1.34.0", [hex: :nerves_system_br, repo: "hexpm", optional: false]}, {:nerves_toolchain_aarch64_nerves_linux_gnu, "~> 15.3.0", [hex: :nerves_toolchain_aarch64_nerves_linux_gnu, repo: "hexpm", optional: false]}], "hexpm", "778b3ecc77fa49e2f03ac60d3f91f2182bd99e13e988094455ceb10b71445e85"},
  "nerves_system_trellis": {:hex, :nerves_system_trellis, "0.4.0", "102869fd81b157fceca04c810b40abeacaa684409d6d59b30ec4df77a8f9cf18", [:mix], [{:nerves, "~> 1.11", [hex: :nerves, repo: "hexpm", optional: false]}, {:nerves_system_br, "1.34.0", [hex: :nerves_system_br, repo: "hexpm", optional: false]}, {:nerves_toolchain_armv7_nerves_linux_gnueabihf, "~> 15.3.0", [hex: :nerves_toolchain_armv7_nerves_linux_gnueabihf, repo: "hexpm", optional: false]}], "hexpm", "1865edc7f6c81d78a57774788132a6cc7069be596200b2406cdc62309f0dd496"},
  "nerves_system_x86_64": {:hex, :nerves_system_x86_64, "1.34.0", "75ee80e9e42e31661ec939f9301b07364d411ffe819e5c09c40e9cb76e2f6bfd", [:mix], [{:nerves, "~> 1.11", [hex: :nerves, repo: "hexpm", optional: false]}, {:nerves_system_br, "1.34.0", [hex: :nerves_system_br, repo: "hexpm", optional: false]}, {:nerves_toolchain_x86_64_nerves_linux_musl, "~> 15.3.0", [hex: :nerves_toolchain_x86_64_nerves_linux_musl, repo: "hexpm", optional: false]}], "hexpm", "36e4e3fd8ac85e2c5519586d183a4078ab3bb755339a43fe52341fb630dcd73d"},
  "nerves_time": {:hex, :nerves_time, "0.4.12", "71b9243b2646c05f18dc060a4e9004c58890195cfebfd7228122dc37e976f4ba", [:make, :mix], [{:elixir_make, "~> 0.6", [hex: :elixir_make, repo: "hexpm", optional: false]}, {:muontrap, "~> 0.5 or ~> 1.0", [hex: :muontrap, repo: "hexpm", optional: false]}], "hexpm", "527696d2cb5505faa50fa98f7babf1d5b9390a1125d4931b10374ce20e3fe1fc"},
  "nerves_toolchain_aarch64_nerves_linux_gnu": {:hex, :nerves_toolchain_aarch64_nerves_linux_gnu, "15.3.0", "2026f8140128d7d8b0a59a41f97e75800040d1156bc099e295c21acd8c1c98bb", [:mix], [{:nerves, "~> 1.13", [hex: :nerves, repo: "hexpm", optional: false]}], "hexpm", "2eb8ba86c67d40effddbbb23ac08bd34a7ab6f6499da70f12e489cbf422bb8c5"},
  "nerves_toolchain_armv6_nerves_linux_gnueabihf": {:hex, :nerves_toolchain_armv6_nerves_linux_gnueabihf, "15.3.0", "fbc7cf3d03298930383e72309a6454ab8ba618a5f1841a77f5ecac68d17ae20f", [:mix], [{:nerves, "~> 1.13", [hex: :nerves, repo: "hexpm", optional: false]}], "hexpm", "a511872381f68fba39e1fa07f0684f098e97f8496072dd2728548572b04bb18f"},
  "nerves_toolchain_armv7_nerves_linux_gnueabihf": {:hex, :nerves_toolchain_armv7_nerves_linux_gnueabihf, "15.3.0", "4ff8c79b46191b09bc961993694ea16cf690118687c5db07af7359db99158329", [:mix], [{:nerves, "~> 1.13", [hex: :nerves, repo: "hexpm", optional: false]}], "hexpm", "bfc9d0b8f403a65b96e6ea842193210cb450e7c0ceb37c1cf57377b6e7f781b3"},
  "nerves_toolchain_riscv64_nerves_linux_gnu": {:hex, :nerves_toolchain_riscv64_nerves_linux_gnu, "15.3.0", "d690103fa9c2e2815a51e76b86bd2ea2266eb661c5bfd440286711f40001a1c5", [:mix], [{:nerves, "~> 1.13", [hex: :nerves, repo: "hexpm", optional: false]}], "hexpm", "461f1782401671f572841276caed983f992a4cd6086e01527f5dcd5923b1fe2d"},
  "nerves_toolchain_x86_64_nerves_linux_musl": {:hex, :nerves_toolchain_x86_64_nerves_linux_musl, "15.3.0", "0b36540c6f7f2fcc2d8560b1f14b5840ac8f64db7c79dd3cc46033276b3d6ce2", [:mix], [{:nerves, "~> 1.13", [hex: :nerves, repo: "hexpm", optional: false]}], "hexpm", "2021bda0f51ff636b79fd6eb51552e15fbafb34c77dd5b950d1b848565e8b12c"},
  "nerves_uevent": {:hex, :nerves_uevent, "0.1.7", "e8163591bb0cf087de608a7d0a0523a4c2df9df437dade2e6e890525f9380848", [:make, :mix], [{:elixir_make, "~> 0.6", [hex: :elixir_make, repo: "hexpm", optional: false]}, {:property_table, "~> 0.2.0 or ~> 0.3.0", [hex: :property_table, repo: "hexpm", optional: false]}], "hexpm", "d442b1aec1c61cdaf0fdbb8bcb9be4cada7dab695707ade0e2e7b78ffa4bf3b0"},
  "one_dhcpd": {:hex, :one_dhcpd, "3.0.0", "262bd6bfea2001c85340d1384d7d992094f1dca3a761d0a1042d708bdc472c87", [:make, :mix], [{:elixir_make, "~> 0.6", [hex: :elixir_make, repo: "hexpm", optional: false]}], "hexpm", "959d7fde6ee3c1af526ae08b6273ef26fd25598dda6b59adb872889a5be08d1a"},
  "phoenix": {:hex, :phoenix, "1.8.9", "a63ed0962ed5b903b146dab0ae8eb8387fe478f8171a5e26d56a165f35996fe1", [:mix], [{:bandit, "~> 1.0", [hex: :bandit, repo: "hexpm", optional: true]}, {:jason, "~> 1.0", [hex: :jason, repo: "hexpm", optional: true]}, {:phoenix_pubsub, "~> 2.1", [hex: :phoenix_pubsub, repo: "hexpm", optional: false]}, {:phoenix_template, "~> 1.0", [hex: :phoenix_template, repo: "hexpm", optional: false]}, {:phoenix_view, "~> 2.0", [hex: :phoenix_view, repo: "hexpm", optional: true]}, {:plug, "~> 1.14", [hex: :plug, repo: "hexpm", optional: false]}, {:plug_cowboy, "~> 2.7", [hex: :plug_cowboy, repo: "hexpm", optional: true]}, {:plug_crypto, "~> 1.2 or ~> 2.0", [hex: :plug_crypto, repo: "hexpm", optional: false]}, {:telemetry, "~> 0.4 or ~> 1.0", [hex: :telemetry, repo: "hexpm", optional: false]}, {:websock_adapter, "~> 0.5", [hex: :websock_adapter, repo: "hexpm", optional: false]}], "hexpm", "3477e2dd5a4f61820341169031bdfe21275f659923bea9c5c0ea2aa1c3fcc046"},
  "phoenix_html": {:hex, :phoenix_html, "4.3.0", "d3577a5df4b6954cd7890c84d955c470b5310bb49647f0a114a6eeecc850f7ad", [:mix], [], "hexpm", "3eaa290a78bab0f075f791a46a981bbe769d94bc776869f4f3063a14f30497ad"},
  "phoenix_live_dashboard": {:hex, :phoenix_live_dashboard, "0.8.7", "405880012cb4b706f26dd1c6349125bfc903fb9e44d1ea668adaf4e04d4884b7", [:mix], [{:ecto, "~> 3.6.2 or ~> 3.7", [hex: :ecto, repo: "hexpm", optional: true]}, {:ecto_mysql_extras, "~> 0.5", [hex: :ecto_mysql_extras, repo: "hexpm", optional: true]}, {:ecto_psql_extras, "~> 0.7", [hex: :ecto_psql_extras, repo: "hexpm", optional: true]}, {:ecto_sqlite3_extras, "~> 1.1.7 or ~> 1.2.0", [hex: :ecto_sqlite3_extras, repo: "hexpm", optional: true]}, {:mime, "~> 1.6 or ~> 2.0", [hex: :mime, repo: "hexpm", optional: false]}, {:phoenix_live_view, "~> 0.19 or ~> 1.0", [hex: :phoenix_live_view, repo: "hexpm", optional: false]}, {:telemetry_metrics, "~> 0.6 or ~> 1.0", [hex: :telemetry_metrics, repo: "hexpm", optional: false]}], "hexpm", "3a8625cab39ec261d48a13b7468dc619c0ede099601b084e343968309bd4d7d7"},
  "phoenix_live_reload": {:hex, :phoenix_live_reload, "1.6.2", "b18b0773a1ba77f28c52decbb0f10fd1ac4d3ae5b8632399bbf6986e3b665f62", [:mix], [{:file_system, "~> 0.2.10 or ~> 1.0", [hex: :file_system, repo: "hexpm", optional: false]}, {:phoenix, "~> 1.4", [hex: :phoenix, repo: "hexpm", optional: false]}], "hexpm", "d1f89c18114c50d394721365ffb428cce24f1c13de0467ffa773e2ff4a30d5b9"},
  "phoenix_live_view": {:hex, :phoenix_live_view, "1.2.7", "d0f20871681216598e78baccd4f66d8686fdb8007821989bab508d293a3ed9ad", [:mix], [{:igniter, ">= 0.6.16 and < 1.0.0-0", [hex: :igniter, repo: "hexpm", optional: true]}, {:jason, "~> 1.0", [hex: :jason, repo: "hexpm", optional: true]}, {:lazy_html, "~> 0.1.0", [hex: :lazy_html, repo: "hexpm", optional: true]}, {:phoenix, "~> 1.6.15 or ~> 1.7.0 or ~> 1.8.0", [hex: :phoenix, repo: "hexpm", optional: false]}, {:phoenix_html, "~> 3.3 or ~> 4.0", [hex: :phoenix_html, repo: "hexpm", optional: false]}, {:phoenix_template, "~> 1.0", [hex: :phoenix_template, repo: "hexpm", optional: false]}, {:phoenix_view, "~> 2.0", [hex: :phoenix_view, repo: "hexpm", optional: true]}, {:plug, "~> 1.15", [hex: :plug, repo: "hexpm", optional: false]}, {:telemetry, "~> 0.4.2 or ~> 1.0", [hex: :telemetry, repo: "hexpm", optional: false]}], "hexpm", "61e97938a4fcca6d6f2c836925623abf2f52a572cc8c6085e4074f3f6337e0eb"},
  "phoenix_pubsub": {:hex, :phoenix_pubsub, "2.2.0", "ff3a5616e1bed6804de7773b92cbccfc0b0f473faf1f63d7daf1206c7aeaaa6f", [:mix], [], "hexpm", "adc313a5bf7136039f63cfd9668fde73bba0765e0614cba80c06ac9460ff3e96"},
  "phoenix_template": {:hex, :phoenix_template, "1.0.4", "e2092c132f3b5e5b2d49c96695342eb36d0ed514c5b252a77048d5969330d639", [:mix], [{:phoenix_html, "~> 2.14.2 or ~> 3.0 or ~> 4.0", [hex: :phoenix_html, repo: "hexpm", optional: true]}], "hexpm", "2c0c81f0e5c6753faf5cca2f229c9709919aba34fab866d3bc05060c9c444206"},
  "plug": {:hex, :plug, "1.20.3", "56c480c633ec2ce10140e236e15233bf576e1d323887d7c96711bd02ab5160db", [:mix], [{:mime, "~> 1.0 or ~> 2.0", [hex: :mime, repo: "hexpm", optional: false]}, {:plug_crypto, "~> 1.1.1 or ~> 1.2 or ~> 2.0", [hex: :plug_crypto, repo: "hexpm", optional: false]}, {:telemetry, "~> 0.4.3 or ~> 1.0", [hex: :telemetry, repo: "hexpm", optional: false]}], "hexpm", "be266aee1b8536ef6409d58cf39a3121319f0ec47cfa1b24024485aa0e76ad76"},
  "plug_cowboy": {:hex, :plug_cowboy, "2.9.0", "87e21e0d9054ced99c36d128f49e3ea2cd8b745fffb97de50bff99706087af4f", [:mix], [{:cowboy, "~> 2.7", [hex: :cowboy, repo: "hexpm", optional: false]}, {:cowboy_telemetry, "~> 0.3", [hex: :cowboy_telemetry, repo: "hexpm", optional: false]}, {:plug, "~> 1.18", [hex: :plug, repo: "hexpm", optional: false]}], "hexpm", "2002bafba4f3a45b55a58e68d70211b153a7ed18d37edb1ceb6e96e7a92c422e"},
  "plug_crypto": {:hex, :plug_crypto, "2.1.1", "19bda8184399cb24afa10be734f84a16ea0a2bc65054e23a62bb10f06bc89491", [:mix], [], "hexpm", "6470bce6ffe41c8bd497612ffde1a7e4af67f36a15eea5f921af71cf3e11247c"},
  "property_table": {:hex, :property_table, "0.3.4", "576b20f586ee7366d53919289c1b6dee4bbe1946f6761bfb20dabf7875cb4d40", [:mix], [], "hexpm", "1a45e5d4915ba017822e9692b447432f786cf63c89a6d71b7582eef666fd54b9"},
  "ranch": {:hex, :ranch, "2.2.0", "25528f82bc8d7c6152c57666ca99ec716510fe0925cb188172f41ce93117b1b0", [:make, :rebar3], [], "hexpm", "fa0b99a1780c80218a4197a59ea8d3bdae32fbff7e88527d7d8a4787eff4f8e7"},
  "ring_logger": {:hex, :ring_logger, "0.11.6", "159154bd43b700620aac3a85d71b5a6301761da73652c8a04cefed87df7ecdce", [:mix], [{:circular_buffer, "~> 0.4.0 or ~> 1.0", [hex: :circular_buffer, repo: "hexpm", optional: false]}], "hexpm", "9f7bb14db1462534cc58cb73cc0f540716f943e0646dd0ecc0949c61607d1788"},
  "shoehorn": {:hex, :shoehorn, "0.9.3", "88b79efa6c3cf42395d0635b2b6a41d1774275abb4a4889c0288874446d33d88", [:mix], [], "hexpm", "376ccf28e1d57a7f9d73ea93130e711886e88f4464a2cb9355787fd23897bbba"},
  "ssh_subsystem_fwup": {:hex, :ssh_subsystem_fwup, "0.6.7", "e5621a629a8c24befbdc1bf56a77d99c7c9075d45ddc19ad7b6c799c661d19de", [:mix], [{:interactive_cmd, "~> 0.1.2", [hex: :interactive_cmd, repo: "hexpm", optional: false]}], "hexpm", "93a72fcbeac9f33edf3cb3cb3d0df77f3a18305c24964bc9b42236bda3aac7eb"},
  "tablet": {:hex, :tablet, "0.3.3", "cf2975d34da2e26a42e0a09e3ac67e63171a3ad1a8da41be9c23ffda484eb84d", [:mix], [], "hexpm", "2701b7a6f8bca941ef036a982d7789a6aebd9e8802b2e26665391295935f4925"},
  "tailwind": {:hex, :tailwind, "0.5.1", "35435b13158c90d37da11e1cfc808755fca1d7b6c5ab87b1b19c5de87e2f0a10", [:mix], [], "hexpm", "c4e26302a59fec72abc5610ecb6ad2116d9aa31f31aab2d4b8eb6e95d25a689c"},
  "telemetry": {:hex, :telemetry, "1.4.2", "a0cb522801dffb1c49fe6e30561badffc7b6d0e180db1300df759faa22062855", [:rebar3], [], "hexpm", "928f6495066506077862c0d1646609eed891a4326bee3126ba54b60af61febb1"},
  "telemetry_metrics": {:hex, :telemetry_metrics, "1.1.0", "5bd5f3b5637e0abea0426b947e3ce5dd304f8b3bc6617039e2b5a008adc02f8f", [:mix], [{:telemetry, "~> 0.4 or ~> 1.0", [hex: :telemetry, repo: "hexpm", optional: false]}], "hexpm", "e7b79e8ddfde70adb6db8a6623d1778ec66401f366e9a8f5dd0955c56bc8ce67"},
  "telemetry_poller": {:hex, :telemetry_poller, "1.3.0", "d5c46420126b5ac2d72bc6580fb4f537d35e851cc0f8dbd571acf6d6e10f5ec7", [:rebar3], [{:telemetry, "~> 1.0", [hex: :telemetry, repo: "hexpm", optional: false]}], "hexpm", "51f18bed7128544a50f75897db9974436ea9bfba560420b646af27a9a9b35211"},
  "toolshed": {:hex, :toolshed, "0.5.0", "3dbc915bf30354d71b1e9b9cad0b0ad906360d7cfc1efb86acc1a6c58d9aa375", [:mix], [{:nerves_runtime, "~> 0.8", [hex: :nerves_runtime, repo: "hexpm", optional: true]}], "hexpm", "44a39f384d813d1991c4637eca23f62e9f91135e496c868c400b42ed01eb51d2"},
  "uboot_env": {:hex, :uboot_env, "1.0.2", "239809ab786a57f0f3d4eb318e0af30b7847c288cff96fc9306cd5283f967355", [:mix], [], "hexpm", "89c6419b3af35f90f7f027858e977c719c1a8b68e57be73757bc21a2ed0cc03d"},
  "vintage_net": {:hex, :vintage_net, "0.13.12", "b6d9e36cc857e25c646fcd3b4be6571947fd20cc7c415778f9144daef334aa91", [:make, :mix], [{:beam_notify, "~> 0.2.0 or ~> 1.0", [hex: :beam_notify, repo: "hexpm", optional: false]}, {:elixir_make, "~> 0.6", [hex: :elixir_make, repo: "hexpm", optional: false]}, {:muontrap, "~> 0.5.1 or ~> 0.6.0 or ~> 1.0", [hex: :muontrap, repo: "hexpm", optional: false]}, {:property_table, "~> 0.2.0 or ~> 0.3.0", [hex: :property_table, repo: "hexpm", optional: false]}], "hexpm", "ebc11f329327749f35d1cb745a6f500d592130f29067505845a7a1b6708a4552"},
  "vintage_net_direct": {:hex, :vintage_net_direct, "0.10.8", "30461d2ed3caf84c888effbbee0b15f7351529e900dcfde668ab3e08837f0373", [:mix], [{:one_dhcpd, "~> 0.2.3 or ~> 1.0 or ~> 2.0 or ~> 3.0", [hex: :one_dhcpd, repo: "hexpm", optional: false]}, {:vintage_net, "~> 0.9.1 or ~> 0.10.0 or ~> 0.11.0 or ~> 0.12.0 or ~> 0.13.0", [hex: :vintage_net, repo: "hexpm", optional: false]}], "hexpm", "07eb4e1144f437fbc93c80480f27e48a9d12f6962bed97471e03cda6c91ba88f"},
  "vintage_net_ethernet": {:hex, :vintage_net_ethernet, "0.11.2", "ef67db5ace9ad5ca5bf229a507247f9eb45b847dc0ff694a6e8a156ed9c5915d", [:mix], [{:vintage_net, "~> 0.12.0 or ~> 0.13.0", [hex: :vintage_net, repo: "hexpm", optional: false]}], "hexpm", "6915f9e15e1aa15e52d1948f318ce5109181d1ad7aaa50016bad5dd8e22df9ea"},
  "vintage_net_wifi": {:hex, :vintage_net_wifi, "0.12.9", "b0f0ba98f07efb3449f6237118b2486913261a09492a44a53e80d1e2b67f0f2a", [:make, :mix], [{:elixir_make, "~> 0.6", [hex: :elixir_make, repo: "hexpm", optional: false]}, {:vintage_net, "~> 0.12.0 or ~> 0.13.0", [hex: :vintage_net, repo: "hexpm", optional: false]}], "hexpm", "e61591c8406a2551c361a3cf34db2f21865b00a596c15275e2cd89d900072328"},
  "websock": {:hex, :websock, "0.5.3", "2f69a6ebe810328555b6fe5c831a851f485e303a7c8ce6c5f675abeb20ebdadc", [:mix], [], "hexpm", "6105453d7fac22c712ad66fab1d45abdf049868f253cf719b625151460b8b453"},
  "websock_adapter": {:hex, :websock_adapter, "0.6.0", "73db5ab8aaefd1a876a97ce3e6afc96562625de69ef17a4e04426e034849d0b8", [:mix], [{:bandit, ">= 0.6.0", [hex: :bandit, repo: "hexpm", optional: true]}, {:plug, "~> 1.14", [hex: :plug, repo: "hexpm", optional: false]}, {:plug_cowboy, "~> 2.6", [hex: :plug_cowboy, repo: "hexpm", optional: true]}, {:websock, "~> 0.5", [hex: :websock, repo: "hexpm", optional: false]}], "hexpm", "50021a85bce8f203b086705d9e0c5415e2c7eb05d319111b0428fe71f9934617"},
}
