%{
  "beam_notify": {:hex, :beam_notify, "1.1.0", "4ce38e27460a3c03b6f77c10c6f31458b035ebb1035cd52d4b3e771311837dba", [:make, :mix], [{:elixir_make, "~> 0.6", [hex: :elixir_make, repo: "hexpm", optional: false]}], "hexpm", "8547a310702bfcea0e401534398617b940808ff6ad10c43dddc85c169de7b9cc"},
  "castore": {:hex, :castore, "1.0.3", "7130ba6d24c8424014194676d608cb989f62ef8039efd50ff4b3f33286d06db8", [:mix], [], "hexpm", "680ab01ef5d15b161ed6a95449fac5c6b8f60055677a8e79acf01b27baa4390b"},
  "circuits_gpio": {:hex, :circuits_gpio, "1.1.0", "cda895fd0a12fdf50e27f6d61cc349587dff29755fca640b93233a661925d97a", [:make, :mix], [{:elixir_make, "~> 0.6", [hex: :elixir_make, repo: "hexpm", optional: false]}], "hexpm", "11dab3c7b39cbe08588e9527c9fd98117be485f70b61641874abdda50340e991"},
  "circular_buffer": {:hex, :circular_buffer, "0.4.1", "477f370fd8cfe1787b0a1bade6208bbd274b34f1610e41f1180ba756a7679839", [:mix], [], "hexpm", "633ef2e059dde0d7b89bbab13b1da9d04c6685e80e68fbdf41282d4fae746b72"},
  "decimal": {:hex, :decimal, "2.1.1", "5611dca5d4b2c3dd497dec8f68751f1f1a54755e8ed2a966c2633cf885973ad6", [:mix], [], "hexpm", "53cfe5f497ed0e7771ae1a475575603d77425099ba5faef9394932b35020ffcc"},
  "ecto": {:hex, :ecto, "3.10.3", "eb2ae2eecd210b4eb8bece1217b297ad4ff824b4384c0e3fdd28aaf96edd6135", [:mix], [{:decimal, "~> 1.6 or ~> 2.0", [hex: :decimal, repo: "hexpm", optional: false]}, {:jason, "~> 1.0", [hex: :jason, repo: "hexpm", optional: true]}, {:telemetry, "~> 0.4 or ~> 1.0", [hex: :telemetry, repo: "hexpm", optional: false]}], "hexpm", "44bec74e2364d491d70f7e42cd0d690922659d329f6465e89feb8a34e8cd3433"},
  "elixir_make": {:hex, :elixir_make, "0.7.7", "7128c60c2476019ed978210c245badf08b03dbec4f24d05790ef791da11aa17c", [:mix], [{:castore, "~> 0.1 or ~> 1.0", [hex: :castore, repo: "hexpm", optional: true]}], "hexpm", "5bc19fff950fad52bbe5f211b12db9ec82c6b34a9647da0c2224b8b8464c7e6c"},
  "elixir_snmp": {:hex, :elixir_snmp, "0.2.1", "cd0c7f211c758c22758b9ef292c3f5cb01a955ec93a4a6b68304a3fe91d4db06", [:mix], [{:ecto, "~> 3.6", [hex: :ecto, repo: "hexpm", optional: false]}, {:jason, ">= 0.0.0", [hex: :jason, repo: "hexpm", optional: false]}, {:plug, "~> 1.11", [hex: :plug, repo: "hexpm", optional: false]}], "hexpm", "c53b69e302a30dd92c19b411d1cca115cdaff8fc6d3f50b27cb3d921e6b66752"},
  "gen_state_machine": {:hex, :gen_state_machine, "3.0.0", "1e57f86a494e5c6b14137ebef26a7eb342b3b0070c7135f2d6768ed3f6b6cdff", [:mix], [], "hexpm", "0a59652574bebceb7309f6b749d2a41b45fdeda8dbb4da0791e355dd19f0ed15"},
  "jason": {:hex, :jason, "1.4.1", "af1504e35f629ddcdd6addb3513c3853991f694921b1b9368b0bd32beb9f1b63", [:mix], [{:decimal, "~> 1.0 or ~> 2.0", [hex: :decimal, repo: "hexpm", optional: true]}], "hexpm", "fbb01ecdfd565b56261302f7e1fcc27c4fb8f32d56eab74db621fc154604a7a1"},
  "mdns_lite": {:hex, :mdns_lite, "0.8.8", "e455f4d99dc708a9996ae8559f2893429ef39f0ca7d84ee63ce0e4b2f6a00a3f", [:mix], [{:vintage_net, "~> 0.7", [hex: :vintage_net, repo: "hexpm", optional: true]}], "hexpm", "221badb8e7b2a725ef642dc6121a61d8bfb7bad2a70afcc97bce6c9c7ce3c47c"},
  "mime": {:hex, :mime, "2.0.5", "dc34c8efd439abe6ae0343edbb8556f4d63f178594894720607772a041b04b02", [:mix], [], "hexpm", "da0d64a365c45bc9935cc5c8a7fc5e49a0e0f9932a761c55d6c52b142780a05c"},
  "muontrap": {:hex, :muontrap, "1.3.2", "8942689f0727160d97d61ff25156fb35b7a10e4e925c88378a69a4041cc04257", [:make, :mix], [{:elixir_make, "~> 0.6", [hex: :elixir_make, repo: "hexpm", optional: false]}], "hexpm", "e29715dafdd8184c68516bad103ba1d58c7b3a7e1f5311fbf75c1d617caefa56"},
  "nerves": {:hex, :nerves, "1.10.3", "31e29aaee9d9a4e7aa396a926d646c251cacf7c9e5f96b312dc23486dcd2231e", [:make, :mix], [{:castore, "~> 0.1 or ~> 1.0", [hex: :castore, repo: "hexpm", optional: false]}, {:elixir_make, "~> 0.6", [hex: :elixir_make, repo: "hexpm", optional: false]}, {:jason, "~> 1.2", [hex: :jason, repo: "hexpm", optional: false]}], "hexpm", "84ff7f82bd9fb313af90bf5c6230825fa90f2e159d0355584a9d0ff1d29f4e56"},
  "nerves_logging": {:hex, :nerves_logging, "0.2.1", "e58d9ec782dc905dcaf65f60deb725c5fa3ad6a6e830f77b956406086e91e3a0", [:make, :mix], [{:elixir_make, "~> 0.6", [hex: :elixir_make, repo: "hexpm", optional: false]}], "hexpm", "6224ba920db021215378d1f428ff55209ea7815410d5f8113a595b8ba33c1495"},
  "nerves_motd": {:hex, :nerves_motd, "0.1.13", "5ab28a458e8ba8cf7f165573dd413f3ed0f9720dc08eda51c2bcb0d7edffa9ee", [:mix], [{:nerves_runtime, "~> 0.8", [hex: :nerves_runtime, repo: "hexpm", optional: false]}, {:nerves_time, "~> 0.4", [hex: :nerves_time, repo: "hexpm", optional: true]}, {:nerves_time_zones, "~> 0.1", [hex: :nerves_time_zones, repo: "hexpm", optional: true]}], "hexpm", "f3fee43ab52181b0de015eec4a9835b99526170ac83a0f621a155f458e1c9eeb"},
  "nerves_pack": {:hex, :nerves_pack, "0.7.0", "bc93834edbb9321b180dc104440070279eb02159359715f68f770e74ed86a582", [:mix], [{:mdns_lite, "~> 0.8", [hex: :mdns_lite, repo: "hexpm", optional: false]}, {:nerves_motd, "~> 0.1", [hex: :nerves_motd, repo: "hexpm", optional: false]}, {:nerves_runtime, "~> 0.6", [hex: :nerves_runtime, repo: "hexpm", optional: false]}, {:nerves_ssh, "~> 0.3", [hex: :nerves_ssh, repo: "hexpm", optional: false]}, {:nerves_time, "~> 0.3", [hex: :nerves_time, repo: "hexpm", optional: false]}, {:ring_logger, "~> 0.8", [hex: :ring_logger, repo: "hexpm", optional: false]}, {:vintage_net, "~> 0.10", [hex: :vintage_net, repo: "hexpm", optional: false]}, {:vintage_net_direct, "~> 0.10", [hex: :vintage_net_direct, repo: "hexpm", optional: false]}, {:vintage_net_ethernet, "~> 0.10", [hex: :vintage_net_ethernet, repo: "hexpm", optional: false]}, {:vintage_net_wifi, "~> 0.10", [hex: :vintage_net_wifi, repo: "hexpm", optional: false]}], "hexpm", "65a43ea78c10938c87c72d6d42a82c05e831e9a95a0ea26fe8f9d848c009cc57"},
  "nerves_runtime": {:hex, :nerves_runtime, "0.13.4", "cc0b600483bdca0534671fbf0d0e31f00f54616e1049b8e64c5b931573bde6ea", [:mix], [{:nerves_logging, "~> 0.2.0", [hex: :nerves_logging, repo: "hexpm", optional: false]}, {:nerves_uevent, "~> 0.1.0", [hex: :nerves_uevent, repo: "hexpm", optional: false]}, {:uboot_env, "~> 0.3.0 or ~> 1.0", [hex: :uboot_env, repo: "hexpm", optional: false]}], "hexpm", "8bf5374cfdbf9aee848f4b319af083216d0c6ac0540fd21291e12c6d8838cbba"},
  "nerves_ssh": {:hex, :nerves_ssh, "0.4.3", "32540ad52a9781b7b1a1427ea1d282a9129f16b40f0a06de2074019ed455e760", [:mix], [{:nerves_runtime, "~> 0.11", [hex: :nerves_runtime, repo: "hexpm", optional: false]}, {:ssh_subsystem_fwup, "~> 0.5", [hex: :ssh_subsystem_fwup, repo: "hexpm", optional: false]}], "hexpm", "dfd079e4609d1d231dd29a9588534957a24c0baed1f434233dbfc2a679ea14d8"},
  "nerves_system_bbb": {:hex, :nerves_system_bbb, "2.18.1", "216e2079437ebe20f89bb6308220f1956574f61c3ac9b77091cab5315ccc25d0", [:mix], [{:nerves, "~> 1.6.0 or ~> 1.7.15 or ~> 1.8", [hex: :nerves, repo: "hexpm", optional: false]}, {:nerves_system_br, "1.23.2", [hex: :nerves_system_br, repo: "hexpm", optional: false]}, {:nerves_toolchain_armv7_nerves_linux_gnueabihf, "~> 1.8.0", [hex: :nerves_toolchain_armv7_nerves_linux_gnueabihf, repo: "hexpm", optional: false]}], "hexpm", "f044feb4e9faa7d3d722c517f2e6ced873d1dcc4b11ad3d5cc70cff8a47a1b4d"},
  "nerves_system_br": {:hex, :nerves_system_br, "1.23.2", "1e9ef3b384e3b325ab5cc4a0767c6cbfdc8dcac1040b7a8c9b762e73db0cbfde", [:mix], [], "hexpm", "da32bde1c0746055ce12618798967dc2449c3af2e1f10d04d288b511a0ce12dd"},
  "nerves_system_grisp2": {:hex, :nerves_system_grisp2, "0.7.2", "a29a2bb61257e04a2d3ab559566306c5108c9646de70e5543d4fd491a956c12e", [:mix], [{:nerves, "~> 1.6.0 or ~> 1.7.15 or ~> 1.8", [hex: :nerves, repo: "hexpm", optional: false]}, {:nerves_system_br, "1.23.2", [hex: :nerves_system_br, repo: "hexpm", optional: false]}, {:nerves_toolchain_armv7_nerves_linux_gnueabihf, "~> 1.8.0", [hex: :nerves_toolchain_armv7_nerves_linux_gnueabihf, repo: "hexpm", optional: false]}], "hexpm", "29c3c7a804a72db6da9761e5a6af7785f5c773eba3c02297570f391fca10b3b7"},
  "nerves_system_osd32mp1": {:hex, :nerves_system_osd32mp1, "0.14.1", "f1c35bf6380171157f0335c5aaae0b0605e1d8d876c8a32bb7c25a41026b7421", [:mix], [{:nerves, "~> 1.6.0 or ~> 1.7.15 or ~> 1.8", [hex: :nerves, repo: "hexpm", optional: false]}, {:nerves_system_br, "1.23.2", [hex: :nerves_system_br, repo: "hexpm", optional: false]}, {:nerves_toolchain_armv7_nerves_linux_gnueabihf, "~> 1.8.0", [hex: :nerves_toolchain_armv7_nerves_linux_gnueabihf, repo: "hexpm", optional: false]}], "hexpm", "3fdd548492dc1430d6fa12811e029c33097e0b71d73d57d43e055662c0998492"},
  "nerves_system_rpi": {:hex, :nerves_system_rpi, "1.23.1", "66abfeda8a0f07f975d47c070d0074ba225aa837657fab79dd60913d4236e748", [:mix], [{:nerves, "~> 1.6.0 or ~> 1.7.15 or ~> 1.8", [hex: :nerves, repo: "hexpm", optional: false]}, {:nerves_system_br, "1.23.2", [hex: :nerves_system_br, repo: "hexpm", optional: false]}, {:nerves_toolchain_armv6_nerves_linux_gnueabihf, "~> 1.8.0", [hex: :nerves_toolchain_armv6_nerves_linux_gnueabihf, repo: "hexpm", optional: false]}], "hexpm", "80d4d3bebbeab885fbf46127d41ec63ded78f548326905cbe314ad93024b212e"},
  "nerves_system_rpi0": {:hex, :nerves_system_rpi0, "1.23.1", "d562d65ccfcc31189b0a01679431b91c8e86758b7abb71b27632a2c25ca9f39f", [:mix], [{:nerves, "~> 1.6.0 or ~> 1.7.15 or ~> 1.8", [hex: :nerves, repo: "hexpm", optional: false]}, {:nerves_system_br, "1.23.2", [hex: :nerves_system_br, repo: "hexpm", optional: false]}, {:nerves_toolchain_armv6_nerves_linux_gnueabihf, "~> 1.8.0", [hex: :nerves_toolchain_armv6_nerves_linux_gnueabihf, repo: "hexpm", optional: false]}], "hexpm", "798f9ed225be79a2058a06e7b5296b8d6912f2083ef0e566fb504d9710543ca3"},
  "nerves_system_rpi2": {:hex, :nerves_system_rpi2, "1.23.1", "d0260bffc0c3ce6f1e29f6dbe6296805d10d5ff97c53c0aebe7047814d7e969d", [:mix], [{:nerves, "~> 1.5.4 or ~> 1.6.0 or ~> 1.7.15 or ~> 1.8", [hex: :nerves, repo: "hexpm", optional: false]}, {:nerves_system_br, "1.23.2", [hex: :nerves_system_br, repo: "hexpm", optional: false]}, {:nerves_toolchain_armv7_nerves_linux_gnueabihf, "~> 1.8.0", [hex: :nerves_toolchain_armv7_nerves_linux_gnueabihf, repo: "hexpm", optional: false]}], "hexpm", "99d019d1212ee2042bcca39f09fbe814a1450cb75496b75924bfc6220469efa4"},
  "nerves_system_rpi3": {:hex, :nerves_system_rpi3, "1.23.1", "45852b416ff3d28c8b1cc6706c4c94f95f38d95b5542881b58719df04da9781e", [:mix], [{:nerves, "~> 1.5.4 or ~> 1.6.0 or ~> 1.7.15 or ~> 1.8", [hex: :nerves, repo: "hexpm", optional: false]}, {:nerves_system_br, "1.23.2", [hex: :nerves_system_br, repo: "hexpm", optional: false]}, {:nerves_toolchain_armv7_nerves_linux_gnueabihf, "~> 1.8.0", [hex: :nerves_toolchain_armv7_nerves_linux_gnueabihf, repo: "hexpm", optional: false]}], "hexpm", "c0f34904b36693145b866b489e1f9a5db419a44f6ac089d5dcc1381643e8bd64"},
  "nerves_system_rpi3a": {:hex, :nerves_system_rpi3a, "1.23.1", "eebfd32923435d5b4bb357219f3b4a116f4d5059657dc5914cf1a3dbf3a234c9", [:mix], [{:nerves, "~> 1.5.4 or ~> 1.6.0 or ~> 1.7.15 or ~> 1.8", [hex: :nerves, repo: "hexpm", optional: false]}, {:nerves_system_br, "1.23.2", [hex: :nerves_system_br, repo: "hexpm", optional: false]}, {:nerves_toolchain_armv7_nerves_linux_gnueabihf, "~> 1.8.0", [hex: :nerves_toolchain_armv7_nerves_linux_gnueabihf, repo: "hexpm", optional: false]}], "hexpm", "950df267c3dbc2d1d39692a8320bd17e93b4f18df55acac7e6043f92b80bcc04"},
  "nerves_system_rpi4": {:hex, :nerves_system_rpi4, "1.23.1", "00c6b98353d8ae66f90afe46ba5226c464a9d6e3c0ab5597fbf631930f64f25b", [:mix], [{:nerves, "~> 1.5.4 or ~> 1.6.0 or ~> 1.7.15 or ~> 1.8", [hex: :nerves, repo: "hexpm", optional: false]}, {:nerves_system_br, "1.23.2", [hex: :nerves_system_br, repo: "hexpm", optional: false]}, {:nerves_toolchain_aarch64_nerves_linux_gnu, "~> 1.8.0", [hex: :nerves_toolchain_aarch64_nerves_linux_gnu, repo: "hexpm", optional: false]}], "hexpm", "03c7c33580ad6f5d6340429bea42b47fff6388936840e6a6fd9b033bada01f74"},
  "nerves_system_x86_64": {:hex, :nerves_system_x86_64, "1.23.1", "d4d03e239f0109d8ceb6dc287f68f19bc55189bcf60bdccad7b73f3cc13df1d7", [:mix], [{:nerves, "~> 1.5.4 or ~> 1.6.0 or ~> 1.7.15 or ~> 1.8", [hex: :nerves, repo: "hexpm", optional: false]}, {:nerves_system_br, "1.23.2", [hex: :nerves_system_br, repo: "hexpm", optional: false]}, {:nerves_toolchain_x86_64_nerves_linux_musl, "~> 1.8.0", [hex: :nerves_toolchain_x86_64_nerves_linux_musl, repo: "hexpm", optional: false]}], "hexpm", "0107fb790fe5ff3db7c25a82e605534aed9b4b246b7a11fe2e033afe6ba6feb2"},
  "nerves_time": {:hex, :nerves_time, "0.4.6", "f02e5e866149f3884a4b125104a5b677f7e61d271c1f7d87bc989197dc02dae5", [:make, :mix], [{:elixir_make, "~> 0.6", [hex: :elixir_make, repo: "hexpm", optional: false]}, {:muontrap, "~> 0.5 or ~> 1.0", [hex: :muontrap, repo: "hexpm", optional: false]}], "hexpm", "1fecb9e9dd098c0e93d35205a79e604831779f2d2313cfe7c31d181678e26ce6"},
  "nerves_toolchain_aarch64_nerves_linux_gnu": {:hex, :nerves_toolchain_aarch64_nerves_linux_gnu, "1.8.0", "40f7fe58737aaa9c6beee0e3599cca2265d1b4e40d7ab2713d7ad872349f21c2", [:mix], [{:nerves, "~> 1.4", [hex: :nerves, repo: "hexpm", optional: false]}, {:nerves_toolchain_ctng, "~> 1.9.3", [hex: :nerves_toolchain_ctng, repo: "hexpm", optional: false]}], "hexpm", "c06a16b54634bbab7348ee7686e3b02574e0af742144c406b0f196b5b374349c"},
  "nerves_toolchain_armv6_nerves_linux_gnueabihf": {:hex, :nerves_toolchain_armv6_nerves_linux_gnueabihf, "1.8.0", "ac380cc3c20d0fe20256c4366548f5e099813602cc00f3433c3d426d7978f721", [:mix], [{:nerves, "~> 1.0", [hex: :nerves, repo: "hexpm", optional: false]}, {:nerves_toolchain_ctng, "~> 1.9.3", [hex: :nerves_toolchain_ctng, repo: "hexpm", optional: false]}], "hexpm", "d9d5182ba20fb14463f4d4be578dd04d79616bc2896c09eeb9f26d60990b750d"},
  "nerves_toolchain_armv7_nerves_linux_gnueabihf": {:hex, :nerves_toolchain_armv7_nerves_linux_gnueabihf, "1.8.0", "2286e6272c340c3f49a29632321ad1ff6d8d09ddf130669d42530430bf13b3a7", [:mix], [{:nerves, "~> 1.0", [hex: :nerves, repo: "hexpm", optional: false]}, {:nerves_toolchain_ctng, "~> 1.9.3", [hex: :nerves_toolchain_ctng, repo: "hexpm", optional: false]}], "hexpm", "099e109947165275d6050f561757827f2d10dd63fa6fd7cbbae5ed57b9f748ee"},
  "nerves_toolchain_ctng": {:hex, :nerves_toolchain_ctng, "1.9.3", "60e87fde05988c4264babc8d68a9221c7b8fe5dc195b7d1526f29b8e626c735c", [:mix], [{:nerves, "~> 1.0", [hex: :nerves, repo: "hexpm", optional: false]}], "hexpm", "2b6edb0687b7f78d3fa49958d759f647e351b23c1f59f637c617a6dc179994ae"},
  "nerves_toolchain_x86_64_nerves_linux_musl": {:hex, :nerves_toolchain_x86_64_nerves_linux_musl, "1.8.0", "0d766d676436820017ae7f22e9eec35d42071387d1a1d420a8ef513c46e3990a", [:mix], [{:nerves, "~> 1.0", [hex: :nerves, repo: "hexpm", optional: false]}, {:nerves_toolchain_ctng, "~> 1.9.3", [hex: :nerves_toolchain_ctng, repo: "hexpm", optional: false]}], "hexpm", "8fa0c79f42858e4295f874e207c5be8bfb17a974de2be156fb8d8338e897f92a"},
  "nerves_uevent": {:hex, :nerves_uevent, "0.1.0", "651111a46be9a238560cbf7946989fc500e5f33d7035fd9ea7194d07a281bc19", [:make, :mix], [{:elixir_make, "~> 0.6", [hex: :elixir_make, repo: "hexpm", optional: false]}, {:property_table, "~> 0.2.0", [hex: :property_table, repo: "hexpm", optional: false]}], "hexpm", "cb0b1993c3ed3cefadbcdb534e910af0661f95c3445796ce8a7c8be3519a4e5f"},
  "one_dhcpd": {:hex, :one_dhcpd, "2.0.2", "49ae0bc4ecc4bf958a2e3eb9c25149dbb37102b77163ed3f9ebadfe49090b44a", [:make, :mix], [{:elixir_make, "~> 0.6", [hex: :elixir_make, repo: "hexpm", optional: false]}], "hexpm", "f95de030d199c834dacacc8420881e21c27cec60371711bdffd2fc183234cbf8"},
  "plug": {:hex, :plug, "1.14.2", "cff7d4ec45b4ae176a227acd94a7ab536d9b37b942c8e8fa6dfc0fff98ff4d80", [:mix], [{:mime, "~> 1.0 or ~> 2.0", [hex: :mime, repo: "hexpm", optional: false]}, {:plug_crypto, "~> 1.1.1 or ~> 1.2", [hex: :plug_crypto, repo: "hexpm", optional: false]}, {:telemetry, "~> 0.4.3 or ~> 1.0", [hex: :telemetry, repo: "hexpm", optional: false]}], "hexpm", "842fc50187e13cf4ac3b253d47d9474ed6c296a8732752835ce4a86acdf68d13"},
  "plug_crypto": {:hex, :plug_crypto, "1.2.5", "918772575e48e81e455818229bf719d4ab4181fcbf7f85b68a35620f78d89ced", [:mix], [], "hexpm", "26549a1d6345e2172eb1c233866756ae44a9609bd33ee6f99147ab3fd87fd842"},
  "property_table": {:hex, :property_table, "0.2.3", "675950a37dd8293e68c70e042371382bada56833fc12897b80b2745cb523f6de", [:mix], [], "hexpm", "9c3b143929ff5a98529fe44eae352e49b6f78c27701a3e7d2182c657ac433b7e"},
  "ring_logger": {:hex, :ring_logger, "0.10.2", "f6bd562759d793ffcbe90c45713afd672ad7dc82204ac1ae190d1e35beb313a4", [:mix], [{:circular_buffer, "~> 0.4.0", [hex: :circular_buffer, repo: "hexpm", optional: false]}], "hexpm", "9cadb7960973a3f930ca67aa22d4dd89b8ab67f07d6b8970eeb18580669b0ffd"},
  "shoehorn": {:hex, :shoehorn, "0.9.1", "8e12670024c2942e3c2fdd27cd5a034ee0337ee7c25c37b3ebc2ad482de67199", [:mix], [], "hexpm", "fccd040ac22de9b3cc111bbf78a363832c7210010a3fff4a550fbb2f10de0692"},
  "ssh_subsystem_fwup": {:hex, :ssh_subsystem_fwup, "0.6.1", "628f8e3795de5f1d0e7b3b55de4248ab0a77ab4c47e3cd282f1dda89d6354a9f", [:mix], [], "hexpm", "babdae337f2dc011ab5478662b4ec850650d7acfb165662ae47f6f0ce8892499"},
  "telemetry": {:hex, :telemetry, "1.2.1", "68fdfe8d8f05a8428483a97d7aab2f268aaff24b49e0f599faa091f1d4e7f61c", [:rebar3], [], "hexpm", "dad9ce9d8effc621708f99eac538ef1cbe05d6a874dd741de2e689c47feafed5"},
  "toolshed": {:hex, :toolshed, "0.3.1", "9c7f90c015e8f6034eb43c4f5203ac6226d0db5f1a575ccf69af94b5d77cba64", [:mix], [{:nerves_runtime, "~> 0.8", [hex: :nerves_runtime, repo: "hexpm", optional: true]}], "hexpm", "92fc4a792cd1dbc4fd6963431b5c3511e88454c68e32a30cf17366905b43612e"},
  "uboot_env": {:hex, :uboot_env, "1.0.1", "b0e136cf1a561412ff7db23ed2b6df18d7c7ce2fc59941afd851006788a67f3d", [:mix], [], "hexpm", "b6d4fe7c24123be57ed946c48116d23173e37944bc945b8b76fccc437909c60b"},
  "vintage_net": {:hex, :vintage_net, "0.13.3", "086be4251c949012c8fac42d08eba8e3fb9e37f24708115eda6158786dcfb96f", [:make, :mix], [{:beam_notify, "~> 0.2.0 or ~> 1.0", [hex: :beam_notify, repo: "hexpm", optional: false]}, {:elixir_make, "~> 0.6", [hex: :elixir_make, repo: "hexpm", optional: false]}, {:gen_state_machine, "~> 2.0.0 or ~> 2.1.0 or ~> 3.0.0", [hex: :gen_state_machine, repo: "hexpm", optional: false]}, {:muontrap, "~> 0.5.1 or ~> 0.6.0 or ~> 1.0", [hex: :muontrap, repo: "hexpm", optional: false]}, {:property_table, "~> 0.2.0", [hex: :property_table, repo: "hexpm", optional: false]}], "hexpm", "229b4771767f76b871c3dd932ddc5d79fbee9bb549385e571ed685bebaf30720"},
  "vintage_net_direct": {:hex, :vintage_net_direct, "0.10.7", "940561c375f04d6734ac78100ae1d8ef790ffd7e966f70efb525230fa1bc5774", [:mix], [{:one_dhcpd, "~> 0.2.3 or ~> 1.0 or ~> 2.0", [hex: :one_dhcpd, repo: "hexpm", optional: false]}, {:vintage_net, "~> 0.9.1 or ~> 0.10.0 or ~> 0.11.0 or ~> 0.12.0 or ~> 0.13.0", [hex: :vintage_net, repo: "hexpm", optional: false]}], "hexpm", "c040e9c33220495c28ba4464c5924da00bd4949627c4cb9c99ba1ed96f7b9429"},
  "vintage_net_ethernet": {:hex, :vintage_net_ethernet, "0.11.2", "ef67db5ace9ad5ca5bf229a507247f9eb45b847dc0ff694a6e8a156ed9c5915d", [:mix], [{:vintage_net, "~> 0.12.0 or ~> 0.13.0", [hex: :vintage_net, repo: "hexpm", optional: false]}], "hexpm", "6915f9e15e1aa15e52d1948f318ce5109181d1ad7aaa50016bad5dd8e22df9ea"},
  "vintage_net_wifi": {:hex, :vintage_net_wifi, "0.11.5", "b7d4ac8617576075891ba8853917bb51a54730ddc81ae5348463c713fe2fd914", [:make, :mix], [{:elixir_make, "~> 0.6", [hex: :elixir_make, repo: "hexpm", optional: false]}, {:vintage_net, "~> 0.12.0 or ~> 0.13.0", [hex: :vintage_net, repo: "hexpm", optional: false]}], "hexpm", "689e2296a177c1fac383a5c34beddc47f3d52f21a55d975a90b481d4f87ef40b"},
}
