%{
  "beam_notify": {:hex, :beam_notify, "1.1.1", "da7dd04f16120bcab71f01ff81607ea38ad78af859cd87fad2012eac8feab034", [:make, :mix], [{:elixir_make, "~> 0.6", [hex: :elixir_make, repo: "hexpm", optional: false]}], "hexpm", "5a09fc8449171da423f781de16b95cdec52763e60308345de6f15358c2382a42"},
  "castore": {:hex, :castore, "1.0.14", "4582dd7d630b48cf5e1ca8d3d42494db51e406b7ba704e81fbd401866366896a", [:mix], [], "hexpm", "7bc1b65249d31701393edaaac18ec8398d8974d52c647b7904d01b964137b9f4"},
  "circular_buffer": {:hex, :circular_buffer, "0.4.2", "b088989532af3d1733d35a08933ec9a232a56d0f06a078739f05fe24965d91d2", [:mix], [], "hexpm", "bc5f4ba112bce88aa4692427a8b23aa5baddf7c810d5dc3e7696f398194f104e"},
  "elixir_make": {:hex, :elixir_make, "0.9.0", "6484b3cd8c0cee58f09f05ecaf1a140a8c97670671a6a0e7ab4dc326c3109726", [:mix], [], "hexpm", "db23d4fd8b757462ad02f8aa73431a426fe6671c80b200d9710caf3d1dd0ffdb"},
  "jason": {:hex, :jason, "1.4.4", "b9226785a9aa77b6857ca22832cffa5d5011a667207eb2a0ad56adb5db443b8a", [:mix], [{:decimal, "~> 1.0 or ~> 2.0", [hex: :decimal, repo: "hexpm", optional: true]}], "hexpm", "c5eb0cab91f094599f94d55bc63409236a8ec69a21a67814529e8d5f6cc90b3b"},
  "mdns_lite": {:hex, :mdns_lite, "0.9.0", "422b6f7445483a04367f2640567122046b1a4e75920703b5ea15dfd9ea793e66", [:mix], [{:igniter, "~> 0.5", [hex: :igniter, repo: "hexpm", optional: true]}, {:vintage_net, "~> 0.7", [hex: :vintage_net, repo: "hexpm", optional: true]}], "hexpm", "dd19a0cefd7a10dccd653b8cdd4987a59bf9a0187afb1581a6f8f8d8ab9a6b0e"},
  "muontrap": {:hex, :muontrap, "1.6.1", "4a81a159f64e4c7bf01162a7863559d634bc48929218690ada309a9a98a9ac22", [:make, :mix], [{:elixir_make, "~> 0.6", [hex: :elixir_make, repo: "hexpm", optional: false]}], "hexpm", "8ad31072402bebed3f554c9a463aa272c6dd964168c9cb81385f8711f068ed47"},
  "nerves": {:hex, :nerves, "1.11.3", "437aa0a961ff8583e7f377342662495cdb90af42a473ae4d76449917bd12c386", [:make, :mix], [{:castore, "~> 0.1 or ~> 1.0", [hex: :castore, repo: "hexpm", optional: false]}, {:elixir_make, "~> 0.6", [hex: :elixir_make, repo: "hexpm", optional: false]}, {:jason, "~> 1.2", [hex: :jason, repo: "hexpm", optional: false]}], "hexpm", "ef2076e0c0cb2c95421d12fd9069942c0ad73f3c77c0d6bb2cfb18972dacf675"},
  "nerves_logging": {:hex, :nerves_logging, "0.2.3", "ea228c3e9b8f1655a21cdf7b547445364ce7c1559f009d73d1f9ee09d3002e48", [:make, :mix], [{:elixir_make, "~> 0.6", [hex: :elixir_make, repo: "hexpm", optional: false]}], "hexpm", "cb61e661b3dd27effdf383c73a8d8e13e19c757da5b9433f13248ad0c1c1b7eb"},
  "nerves_motd": {:hex, :nerves_motd, "0.1.15", "12a5ec9fdc19c2289f0df4afa1e0934a9408ac3f3b738ee94cf9b29cabacefe8", [:mix], [{:nerves_runtime, "~> 0.8", [hex: :nerves_runtime, repo: "hexpm", optional: false]}, {:nerves_time, "~> 0.4", [hex: :nerves_time, repo: "hexpm", optional: true]}, {:nerves_time_zones, "~> 0.1", [hex: :nerves_time_zones, repo: "hexpm", optional: true]}], "hexpm", "280a5fc439889e61ac6b9b2c2f60503dc741e993ca6d4330585b55aab62c2e4a"},
  "nerves_pack": {:hex, :nerves_pack, "0.7.1", "f069a9c3cfcde445498aad618af95c846f2ee032a69c2d715a9e5d4f632fb1b5", [:mix], [{:mdns_lite, "> 0.0.0", [hex: :mdns_lite, repo: "hexpm", optional: false]}, {:nerves_motd, "> 0.0.0", [hex: :nerves_motd, repo: "hexpm", optional: false]}, {:nerves_runtime, "> 0.0.0", [hex: :nerves_runtime, repo: "hexpm", optional: false]}, {:nerves_ssh, "> 0.0.0", [hex: :nerves_ssh, repo: "hexpm", optional: false]}, {:nerves_time, "> 0.0.0", [hex: :nerves_time, repo: "hexpm", optional: false]}, {:ring_logger, "> 0.0.0", [hex: :ring_logger, repo: "hexpm", optional: false]}, {:vintage_net, "> 0.0.0", [hex: :vintage_net, repo: "hexpm", optional: false]}, {:vintage_net_direct, "> 0.0.0", [hex: :vintage_net_direct, repo: "hexpm", optional: false]}, {:vintage_net_ethernet, "> 0.0.0", [hex: :vintage_net_ethernet, repo: "hexpm", optional: false]}, {:vintage_net_wifi, "> 0.0.0", [hex: :vintage_net_wifi, repo: "hexpm", optional: false]}], "hexpm", "6b94d38771e3a97c3ed63e62fb5f78b47461208ee162e20bfbcf6e36fd900616"},
  "nerves_runtime": {:hex, :nerves_runtime, "0.13.8", "047fbef87f132dad33c65e06aaa558674535d253a469da695c7ce064b4a8d743", [:mix], [{:nerves_logging, "~> 0.2.0", [hex: :nerves_logging, repo: "hexpm", optional: false]}, {:nerves_uevent, "~> 0.1.0", [hex: :nerves_uevent, repo: "hexpm", optional: false]}, {:uboot_env, "~> 0.3.0 or ~> 1.0", [hex: :uboot_env, repo: "hexpm", optional: false]}], "hexpm", "10fa4921f99a921c6f5c15228d4de5fd593bf888532ead34aa2517f0d51ce4e3"},
  "nerves_ssh": {:hex, :nerves_ssh, "1.1.0", "ed86f3468b16731dec89b461099efd792d88e1e827df84228215e9648969445c", [:mix], [{:nerves_runtime, "~> 0.11", [hex: :nerves_runtime, repo: "hexpm", optional: false]}, {:ssh_subsystem_fwup, "~> 0.5", [hex: :ssh_subsystem_fwup, repo: "hexpm", optional: false]}], "hexpm", "70478c0883775494118c0e3e0563f3d6326b49d12b14abf7667ff6009036ce63"},
  "nerves_system_bbb": {:hex, :nerves_system_bbb, "2.27.1", "3b5c22af9613eccad1ef0e26736600846248f58365c6503a8cd43e4f8ad3e715", [:mix], [{:nerves, "~> 1.11.1 or ~> 1.12", [hex: :nerves, repo: "hexpm", optional: false]}, {:nerves_system_br, "1.31.3", [hex: :nerves_system_br, repo: "hexpm", optional: false]}, {:nerves_toolchain_armv7_nerves_linux_gnueabihf, "~> 13.2.0", [hex: :nerves_toolchain_armv7_nerves_linux_gnueabihf, repo: "hexpm", optional: false]}], "hexpm", "cc4a92634b426362f342715515bcfd1e674a74bcf2252271b30e05bc1ec6af93"},
  "nerves_system_br": {:hex, :nerves_system_br, "1.31.3", "2df60db8d0bccc680c0cb5b01a25a241cc77ac767c73309c9df01041269c944e", [:mix], [], "hexpm", "85f5334933c364e7b94cc5e4878362e7c0a2fd6b387da0954803fdc17e50c31c"},
  "nerves_system_grisp2": {:hex, :nerves_system_grisp2, "0.15.1", "bdd25c5239213318788672c5d04bc8af5e63f3d195121809feecff03b9931538", [:mix], [{:nerves, "~> 1.11", [hex: :nerves, repo: "hexpm", optional: false]}, {:nerves_system_br, "1.31.3", [hex: :nerves_system_br, repo: "hexpm", optional: false]}, {:nerves_toolchain_armv7_nerves_linux_gnueabihf, "~> 13.2.0", [hex: :nerves_toolchain_armv7_nerves_linux_gnueabihf, repo: "hexpm", optional: false]}], "hexpm", "dff79bd4ee8b320b769ca59ae8e5b1b994e82d3258d755a30f6588109691b206"},
  "nerves_system_mangopi_mq_pro": {:hex, :nerves_system_mangopi_mq_pro, "0.13.1", "8eff4993fd2228eafcc0f5ec9de41f58d78fa01d910efdfccde762619db2073a", [:mix], [{:nerves, "~> 1.11", [hex: :nerves, repo: "hexpm", optional: false]}, {:nerves_system_br, "1.31.3", [hex: :nerves_system_br, repo: "hexpm", optional: false]}, {:nerves_toolchain_riscv64_nerves_linux_gnu, "~> 13.2.0", [hex: :nerves_toolchain_riscv64_nerves_linux_gnu, repo: "hexpm", optional: false]}], "hexpm", "2f54d23f0145bcb17c9a40d1d8ac08d63f6912f918c79cf93c06f2934f1eba2b"},
  "nerves_system_osd32mp1": {:hex, :nerves_system_osd32mp1, "0.22.1", "e777644dfaf514837dfbe959af45fd3c1bfe9ac09cc8b25e6f4f86a33d85af9a", [:mix], [{:nerves, "~> 1.11", [hex: :nerves, repo: "hexpm", optional: false]}, {:nerves_system_br, "1.31.3", [hex: :nerves_system_br, repo: "hexpm", optional: false]}, {:nerves_toolchain_armv7_nerves_linux_gnueabihf, "~> 13.2.0", [hex: :nerves_toolchain_armv7_nerves_linux_gnueabihf, repo: "hexpm", optional: false]}], "hexpm", "1338e57cadb69ec599a5eea3e14e953ad76b8dce063d8bcff6c1c5eb3cc689b9"},
  "nerves_system_rpi": {:hex, :nerves_system_rpi, "1.31.1", "7b10ed452a179a810f92abf40aa29249321bd5228183856e2ec91b8ccb609d57", [:mix], [{:nerves, "~> 1.11", [hex: :nerves, repo: "hexpm", optional: false]}, {:nerves_system_br, "1.31.3", [hex: :nerves_system_br, repo: "hexpm", optional: false]}, {:nerves_toolchain_armv6_nerves_linux_gnueabihf, "~> 13.2.0", [hex: :nerves_toolchain_armv6_nerves_linux_gnueabihf, repo: "hexpm", optional: false]}], "hexpm", "d251f03a6e238e617875d91db1c43bcdcb4b72cefbd88fee1b9c5174c50035f9"},
  "nerves_system_rpi0": {:hex, :nerves_system_rpi0, "1.31.1", "792023badead91e8072342ee8bfe1b842dbe7ed4f65a0e7f4eb0ab8b932fa795", [:mix], [{:nerves, "~> 1.11", [hex: :nerves, repo: "hexpm", optional: false]}, {:nerves_system_br, "1.31.3", [hex: :nerves_system_br, repo: "hexpm", optional: false]}, {:nerves_toolchain_armv6_nerves_linux_gnueabihf, "~> 13.2.0", [hex: :nerves_toolchain_armv6_nerves_linux_gnueabihf, repo: "hexpm", optional: false]}], "hexpm", "f3871e3c037442eccdb0e7cb51fb9c54a454fe9a2be07cb8e1da24d92992e659"},
  "nerves_system_rpi2": {:hex, :nerves_system_rpi2, "1.31.1", "31ffccd9533aaab7499fc11ba0cc75ec6e1542621a021f9526584c6411c1e852", [:mix], [{:nerves, "~> 1.11", [hex: :nerves, repo: "hexpm", optional: false]}, {:nerves_system_br, "1.31.3", [hex: :nerves_system_br, repo: "hexpm", optional: false]}, {:nerves_toolchain_armv7_nerves_linux_gnueabihf, "~> 13.2.0", [hex: :nerves_toolchain_armv7_nerves_linux_gnueabihf, repo: "hexpm", optional: false]}], "hexpm", "7c27e58eeb91acb2aabd3033d98055672dd8d3adc72c15188b8e7b4b3f2e94e2"},
  "nerves_system_rpi3": {:hex, :nerves_system_rpi3, "1.31.1", "eb21828ec8072f66965397d19a325adbffdf20db3ef71038f73e183f69de26cd", [:mix], [{:nerves, "~> 1.11", [hex: :nerves, repo: "hexpm", optional: false]}, {:nerves_system_br, "1.31.3", [hex: :nerves_system_br, repo: "hexpm", optional: false]}, {:nerves_toolchain_armv7_nerves_linux_gnueabihf, "~> 13.2.0", [hex: :nerves_toolchain_armv7_nerves_linux_gnueabihf, repo: "hexpm", optional: false]}], "hexpm", "608b4a2805f3b1e703a90aa1353cfd7a4098238012ff20699ffcd3c5b3fd26af"},
  "nerves_system_rpi3a": {:hex, :nerves_system_rpi3a, "1.31.1", "bd8a1e3b157ad68b4b951884c50f3dff810555085c05c186a1e42c58585001a8", [:mix], [{:nerves, "~> 1.11", [hex: :nerves, repo: "hexpm", optional: false]}, {:nerves_system_br, "1.31.3", [hex: :nerves_system_br, repo: "hexpm", optional: false]}, {:nerves_toolchain_armv7_nerves_linux_gnueabihf, "~> 13.2.0", [hex: :nerves_toolchain_armv7_nerves_linux_gnueabihf, repo: "hexpm", optional: false]}], "hexpm", "5e5d08df7644ab86b64f12e0281b76e8a4ce9cd4c66e162d9885ff8042f5157f"},
  "nerves_system_rpi4": {:hex, :nerves_system_rpi4, "1.31.1", "bccdfd9afb22469991768d49c68db6da98828d0491860669de83c487eeef0a07", [:mix], [{:nerves, "~> 1.11", [hex: :nerves, repo: "hexpm", optional: false]}, {:nerves_system_br, "1.31.3", [hex: :nerves_system_br, repo: "hexpm", optional: false]}, {:nerves_toolchain_aarch64_nerves_linux_gnu, "~> 13.2.0", [hex: :nerves_toolchain_aarch64_nerves_linux_gnu, repo: "hexpm", optional: false]}], "hexpm", "a585114be5812e6eb4325694b4648633254e6b2c63bbabaa49bfa134270d743a"},
  "nerves_system_rpi5": {:hex, :nerves_system_rpi5, "0.6.1", "0c4728df19d21be7670bc716f0d2e63334579a9d58788e8a24851d41d511a162", [:mix], [{:nerves, "~> 1.11", [hex: :nerves, repo: "hexpm", optional: false]}, {:nerves_system_br, "1.31.3", [hex: :nerves_system_br, repo: "hexpm", optional: false]}, {:nerves_toolchain_aarch64_nerves_linux_gnu, "~> 13.2.0", [hex: :nerves_toolchain_aarch64_nerves_linux_gnu, repo: "hexpm", optional: false]}], "hexpm", "a5007b246b72a4a71138031cf4eccb5d95dc0a205a573dbebf09f2b16df231e0"},
  "nerves_system_x86_64": {:hex, :nerves_system_x86_64, "1.31.1", "9c7d6734da4680e6b544f03d588d3b7d31627883d3304e4c075addf2e5554007", [:mix], [{:nerves, "~> 1.11", [hex: :nerves, repo: "hexpm", optional: false]}, {:nerves_system_br, "1.31.3", [hex: :nerves_system_br, repo: "hexpm", optional: false]}, {:nerves_toolchain_x86_64_nerves_linux_musl, "~> 13.2.0", [hex: :nerves_toolchain_x86_64_nerves_linux_musl, repo: "hexpm", optional: false]}], "hexpm", "af07920ac8740e2f558e52a7fc2aa429660f25ed3a8186ca02e105b7bd867bb1"},
  "nerves_time": {:hex, :nerves_time, "0.4.9", "9b123cf8b5f43ea1b5b897cc5fd9a0bd3b03c6e2a805bf790337731c681bb211", [:make, :mix], [{:elixir_make, "~> 0.6", [hex: :elixir_make, repo: "hexpm", optional: false]}, {:muontrap, "~> 0.5 or ~> 1.0", [hex: :muontrap, repo: "hexpm", optional: false]}], "hexpm", "a46a4f8c97a7137c8b4b7314a5541ea8f5a266c8cec78ff2d35b53d29dbab6b4"},
  "nerves_toolchain_aarch64_nerves_linux_gnu": {:hex, :nerves_toolchain_aarch64_nerves_linux_gnu, "13.2.0", "68fcd2c21c86cceb9545948fae052d72f88b7c7c10205b252dac88559e2a3369", [:mix], [{:nerves, "~> 1.4", [hex: :nerves, repo: "hexpm", optional: false]}, {:nerves_toolchain_ctng, "~> 1.10.0", [hex: :nerves_toolchain_ctng, repo: "hexpm", optional: false]}], "hexpm", "f92212606919a062f975e7bd82ed8a1b95bd4864abb3444cd0d5d0e610e94cc5"},
  "nerves_toolchain_armv6_nerves_linux_gnueabihf": {:hex, :nerves_toolchain_armv6_nerves_linux_gnueabihf, "13.2.0", "d7a9a53cc53a99f6bbe13e872b793c84344b5cb2ec5220dc12217cba9a59ddae", [:mix], [{:nerves, "~> 1.0", [hex: :nerves, repo: "hexpm", optional: false]}, {:nerves_toolchain_ctng, "~> 1.10.0", [hex: :nerves_toolchain_ctng, repo: "hexpm", optional: false]}], "hexpm", "97791d351485d4114e992db7814766563892a55c9d22a2ebcc43b3c1247f2b62"},
  "nerves_toolchain_armv7_nerves_linux_gnueabihf": {:hex, :nerves_toolchain_armv7_nerves_linux_gnueabihf, "13.2.0", "48305b5ba2ec41d2f9bfd0997d6bb6e8a9f5358146baa58fc64887bfe2d38ccd", [:mix], [{:nerves, "~> 1.0", [hex: :nerves, repo: "hexpm", optional: false]}, {:nerves_toolchain_ctng, "~> 1.10.0", [hex: :nerves_toolchain_ctng, repo: "hexpm", optional: false]}], "hexpm", "7a43b14eb4ec90f36acf36a42ce42c1d69c280b90eea7ab9965e00db3ee6cbf7"},
  "nerves_toolchain_ctng": {:hex, :nerves_toolchain_ctng, "1.10.0", "c6b35377a0b7a93633a8673a788f1580fe1fa06083374b0e4df36da65828d2ef", [:mix], [{:nerves, "~> 1.0", [hex: :nerves, repo: "hexpm", optional: false]}], "hexpm", "e4ae1a2b84de3502ecac195765819be0ce2834eb276553163a7c03133f1760f1"},
  "nerves_toolchain_riscv64_nerves_linux_gnu": {:hex, :nerves_toolchain_riscv64_nerves_linux_gnu, "13.2.0", "a0b14d8afe512e79d3774e49fcc0fed06e43346ddfa6966bc51106b35ade2ce0", [:mix], [{:nerves, "~> 1.4", [hex: :nerves, repo: "hexpm", optional: false]}, {:nerves_toolchain_ctng, "~> 1.10.0", [hex: :nerves_toolchain_ctng, repo: "hexpm", optional: false]}], "hexpm", "a77396ee4560cd20d71d7e9c17a7056186a9e0fbd62a541ef4a78fddf8cb9171"},
  "nerves_toolchain_x86_64_nerves_linux_musl": {:hex, :nerves_toolchain_x86_64_nerves_linux_musl, "13.2.0", "1896dc1576363e16276164cf350e98493a9b9b9391eafa94315a82adf97d94ea", [:mix], [{:nerves, "~> 1.0", [hex: :nerves, repo: "hexpm", optional: false]}, {:nerves_toolchain_ctng, "~> 1.10.0", [hex: :nerves_toolchain_ctng, repo: "hexpm", optional: false]}], "hexpm", "be6214995b7ee181f9e8ebb4148312775c0a626b857f0bb4688d8efda8844cba"},
  "nerves_uevent": {:hex, :nerves_uevent, "0.1.2", "0da22ed32d5203162e9d175a83a43d541406177384a810388508c2002285bfce", [:make, :mix], [{:elixir_make, "~> 0.6", [hex: :elixir_make, repo: "hexpm", optional: false]}, {:property_table, "~> 0.2.0 or ~> 0.3.0", [hex: :property_table, repo: "hexpm", optional: false]}], "hexpm", "1603eada674d77f9e4e7d517899a589316d7537dd6feee7f319b2b0dd7d350a7"},
  "one_dhcpd": {:hex, :one_dhcpd, "2.0.3", "224f8a4cd06d73c9e481dd92766d3e831f8dc4d29d2cd50b9459135b32845da0", [:make, :mix], [{:elixir_make, "~> 0.6", [hex: :elixir_make, repo: "hexpm", optional: false]}], "hexpm", "a5902e4ed956bcfaa975bcda7adb2fc35303695a496eafecea69392a26cbf9ff"},
  "property_table": {:hex, :property_table, "0.3.1", "f71381dea834f9c62eff043c626e7af0ef5697258cb961040927e086c7ecb9b6", [:mix], [], "hexpm", "3ebc06667d3a95101a7dba5e9db800395bd5de6b8debbc5a064f78bb1ec5668b"},
  "ring_logger": {:hex, :ring_logger, "0.11.3", "08a423e5d088d5bf41bf1bdf23b804f96279624ef09ca6b5b5012c32014b38a8", [:mix], [{:circular_buffer, "~> 0.4.0", [hex: :circular_buffer, repo: "hexpm", optional: false]}], "hexpm", "b870a23b8f8329aeadcbee3429e5e43942e4134d810a71e9a5a2f0567b9ce78d"},
  "shoehorn": {:hex, :shoehorn, "0.9.3", "88b79efa6c3cf42395d0635b2b6a41d1774275abb4a4889c0288874446d33d88", [:mix], [], "hexpm", "376ccf28e1d57a7f9d73ea93130e711886e88f4464a2cb9355787fd23897bbba"},
  "ssh_subsystem_fwup": {:hex, :ssh_subsystem_fwup, "0.6.3", "40d1c365222e77f05e829c25e610c49359640c3bd301af9218339142b3d91560", [:mix], [], "hexpm", "34183ebc17d638d4ad819485897d2478b3d9399111f1ace36598c1eebd12b12b"},
  "toolshed": {:hex, :toolshed, "0.4.2", "b760b2dc24bc45f74d88ebf7251e5a235583fc5f51b4c6fea43e0b334b22fff3", [:mix], [{:nerves_runtime, "~> 0.8", [hex: :nerves_runtime, repo: "hexpm", optional: true]}], "hexpm", "e75aee836fc391d4ae0a422b7e6ef3380b86f8ffa3b181d5d36c390dc1167e0d"},
  "uboot_env": {:hex, :uboot_env, "1.0.2", "239809ab786a57f0f3d4eb318e0af30b7847c288cff96fc9306cd5283f967355", [:mix], [], "hexpm", "89c6419b3af35f90f7f027858e977c719c1a8b68e57be73757bc21a2ed0cc03d"},
  "vintage_net": {:hex, :vintage_net, "0.13.7", "83ee4ada0489634e88a68028ae21473c81bd7c952434e4caba4b602f6230ae9e", [:make, :mix], [{:beam_notify, "~> 0.2.0 or ~> 1.0", [hex: :beam_notify, repo: "hexpm", optional: false]}, {:elixir_make, "~> 0.6", [hex: :elixir_make, repo: "hexpm", optional: false]}, {:muontrap, "~> 0.5.1 or ~> 0.6.0 or ~> 1.0", [hex: :muontrap, repo: "hexpm", optional: false]}, {:property_table, "~> 0.2.0 or ~> 0.3.0", [hex: :property_table, repo: "hexpm", optional: false]}], "hexpm", "4872ddb497141aff62328dd4547824cabb0992d2437ad27f5c196af3b9d8d1f2"},
  "vintage_net_direct": {:hex, :vintage_net_direct, "0.10.7", "940561c375f04d6734ac78100ae1d8ef790ffd7e966f70efb525230fa1bc5774", [:mix], [{:one_dhcpd, "~> 0.2.3 or ~> 1.0 or ~> 2.0", [hex: :one_dhcpd, repo: "hexpm", optional: false]}, {:vintage_net, "~> 0.9.1 or ~> 0.10.0 or ~> 0.11.0 or ~> 0.12.0 or ~> 0.13.0", [hex: :vintage_net, repo: "hexpm", optional: false]}], "hexpm", "c040e9c33220495c28ba4464c5924da00bd4949627c4cb9c99ba1ed96f7b9429"},
  "vintage_net_ethernet": {:hex, :vintage_net_ethernet, "0.11.2", "ef67db5ace9ad5ca5bf229a507247f9eb45b847dc0ff694a6e8a156ed9c5915d", [:mix], [{:vintage_net, "~> 0.12.0 or ~> 0.13.0", [hex: :vintage_net, repo: "hexpm", optional: false]}], "hexpm", "6915f9e15e1aa15e52d1948f318ce5109181d1ad7aaa50016bad5dd8e22df9ea"},
  "vintage_net_wifi": {:hex, :vintage_net_wifi, "0.12.7", "c30adc8f6eecbe52ba7183c8847b48bf683860403cfecf5d51324d5b2c2d4ab1", [:make, :mix], [{:elixir_make, "~> 0.6", [hex: :elixir_make, repo: "hexpm", optional: false]}, {:vintage_net, "~> 0.12.0 or ~> 0.13.0", [hex: :vintage_net, repo: "hexpm", optional: false]}], "hexpm", "a28d9fe4d639fb28b8ebe206ede5171f5c08b6f063185958742e07bf41bf50c2"},
}
