%{"distillery": {:hex, :distillery, "1.1.2", "4cf32ecc70ca7eecca9e52e111edf320bd78011050825863cd8bc7ffee686c5d", [:mix], []},
  "nerves": {:hex, :nerves, "0.4.7", "c8d08348e6f717cf140da26dc374bcf2f6f7c2bec646073aeab049e08b588173", [:mix], [{:distillery, "~> 1.0", [hex: :distillery, optional: false]}]},
  "nerves_lib": {:git, "https://github.com/nerves-project/nerves_lib.git", "149aab038a60d3c5c83873fb46cc36717c53074d", []},
  "nerves_networking": {:hex, :nerves_networking, "0.6.0", "6de5fc53951d087c8c61ce4ba74b998313e628ff084cd02c9813eb63a79c647f", [:mix], []},
  "nerves_ssdp_server": {:hex, :nerves_ssdp_server, "0.2.1", "2d010552023fc1a724e8cb5c92479a58552976e6f805b6dbf09babd31f923b8f", [:mix], []},
  "nerves_system_br": {:hex, :nerves_system_br, "0.9.4", "5096a9dfec49d4663ccb94c4a4fe45885303fbf31108f7e9400369bdec94b5e7", [:mix], []},
  "nerves_system_rpi3": {:hex, :nerves_system_rpi3, "0.10.0", "dc5c05e1caf13027aaa57b4142d128513d9c29acc3284cc984a6770592ed4b34", [:mix], [{:nerves, "~> 0.4.0", [hex: :nerves, optional: false]}, {:nerves_system_br, "~> 0.9.2", [hex: :nerves_system_br, optional: false]}, {:nerves_toolchain_arm_unknown_linux_gnueabihf, "~> 0.9.0", [hex: :nerves_toolchain_arm_unknown_linux_gnueabihf, optional: false]}]},
  "nerves_toolchain_arm_unknown_linux_gnueabihf": {:hex, :nerves_toolchain_arm_unknown_linux_gnueabihf, "0.9.0", "5a1bca8c46776ad24c358ab58800ed470f91a3e294ac6eb8ffda0041954781e1", [:mix], [{:nerves, "~> 0.4.0", [hex: :nerves, optional: false]}, {:nerves_toolchain_ctng, "~> 0.8.0", [hex: :nerves_toolchain_ctng, optional: false]}]},
  "nerves_toolchain_ctng": {:hex, :nerves_toolchain_ctng, "0.8.0", "6dff7ed51e1711c5f4da3d559bc528a8265e3dd950dda95f4d6832aed9dbe320", [:mix], []}}
